
Microsoft Visual Studio Solution File, Format Version 12.00
# Visual Studio Version 16
VisualStudioVersion = 16.0.29306.81
MinimumVisualStudioVersion = 10.0.40219.1
Project("{8BC9CEB8-8B4A-11D0-8D11-00A0C91BC942}") = "테스트", "테스트\테스트.vcxproj", "{4E03285B-F9DF-44D6-B683-B6199FB0F75D}"
EndProject
Project("{8BC9CEB8-8B4A-11D0-8D11-00A0C91BC942}") = "ㅌㅌㄹㅅ", "ㅌㅌㄹㅅ\ㅌㅌㄹㅅ.vcxproj", "{6CA1E096-A3C4-4C95-9AE9-9B91ED28B97F}"
EndProject
Global
	GlobalSection(SolutionConfigurationPlatforms) = preSolution
		Debug|x64 = Debug|x64
		Debug|x86 = Debug|x86
		Release|x64 = Release|x64
		Release|x86 = Release|x86
	EndGlobalSection
	GlobalSection(ProjectConfigurationPlatforms) = postSolution
		{4E03285B-F9DF-44D6-B683-B6199FB0F75D}.Debug|x64.ActiveCfg = Debug|x64
		{4E03285B-F9DF-44D6-B683-B6199FB0F75D}.Debug|x64.Build.0 = Debug|x64
		{4E03285B-F9DF-44D6-B683-B6199FB0F75D}.Debug|x86.ActiveCfg = Debug|Win32
		{4E03285B-F9DF-44D6-B683-B6199FB0F75D}.Debug|x86.Build.0 = Debug|Win32
		{4E03285B-F9DF-44D6-B683-B6199FB0F75D}.Release|x64.ActiveCfg = Release|x64
		{4E03285B-F9DF-44D6-B683-B6199FB0F75D}.Release|x64.Build.0 = Release|x64
		{4E03285B-F9DF-44D6-B683-B6199FB0F75D}.Release|x86.ActiveCfg = Release|Win32
		{4E03285B-F9DF-44D6-B683-B6199FB0F75D}.Release|x86.Build.0 = Release|Win32
		{6CA1E096-A3C4-4C95-9AE9-9B91ED28B97F}.Debug|x64.ActiveCfg = Debug|x64
		{6CA1E096-A3C4-4C95-9AE9-9B91ED28B97F}.Debug|x64.Build.0 = Debug|x64
		{6CA1E096-A3C4-4C95-9AE9-9B91ED28B97F}.Debug|x86.ActiveCfg = Debug|Win32
		{6CA1E096-A3C4-4C95-9AE9-9B91ED28B97F}.Debug|x86.Build.0 = Debug|Win32
		{6CA1E096-A3C4-4C95-9AE9-9B91ED28B97F}.Release|x64.ActiveCfg = Release|x64
		{6CA1E096-A3C4-4C95-9AE9-9B91ED28B97F}.Release|x64.Build.0 = Release|x64
		{6CA1E096-A3C4-4C95-9AE9-9B91ED28B97F}.Release|x86.ActiveCfg = Release|Win32
		{6CA1E096-A3C4-4C95-9AE9-9B91ED28B97F}.Release|x86.Build.0 = Release|Win32
	EndGlobalSection
	GlobalSection(SolutionProperties) = preSolution
		HideSolutionNode = FALSE
	EndGlobalSection
	GlobalSection(ExtensibilityGlobals) = postSolution
		SolutionGuid = {E4D70968-D04F-48EF-8C9C-96A6E119F689}
	EndGlobalSection
EndGlobal
