
Microsoft Visual Studio Solution File, Format Version 12.00
# Visual Studio 15
VisualStudioVersion = 15.0.28307.489
MinimumVisualStudioVersion = 10.0.40219.1
Project("{8BC9CEB8-8B4A-11D0-8D11-00A0C91BC942}") = "예제2", "예제2\예제2.vcxproj", "{33754C5B-8868-4DC6-A27D-08A2CC1AC23D}"
EndProject
Project("{8BC9CEB8-8B4A-11D0-8D11-00A0C91BC942}") = "예제3", "예제3\예제3.vcxproj", "{1764047C-82E4-461C-AC53-578AAB546B1C}"
EndProject
Project("{8BC9CEB8-8B4A-11D0-8D11-00A0C91BC942}") = "예제4", "예제4\예제4.vcxproj", "{FC3EDE94-382B-4CCC-8C96-BE75B66C0A07}"
EndProject
Project("{8BC9CEB8-8B4A-11D0-8D11-00A0C91BC942}") = "예제5", "예제5\예제5.vcxproj", "{FC92005D-FC2A-4EFE-9A9E-B9B273417522}"
EndProject
Project("{8BC9CEB8-8B4A-11D0-8D11-00A0C91BC942}") = "예제6 [극장예약]", "예제6 [극장예약]\예제6 [극장예약].vcxproj", "{016A9F18-8AE8-49B9-B6E5-3F127E075DD6}"
EndProject
Project("{8BC9CEB8-8B4A-11D0-8D11-00A0C91BC942}") = "예제7 [극장예약]2", "예제7 [극장예약]2\예제7 [극장예약]2.vcxproj", "{9C68D5FC-3918-49ED-AAB4-4D7BD21DA3C9}"
EndProject
Project("{8BC9CEB8-8B4A-11D0-8D11-00A0C91BC942}") = "예제1", "예제1\예제1.vcxproj", "{4173B568-823D-4AFE-8B28-E65221217334}"
EndProject
Project("{8BC9CEB8-8B4A-11D0-8D11-00A0C91BC942}") = "예제8 [최소값]", "예제8 [최소값]\예제8 [최소값].vcxproj", "{CD2EE14C-89D5-41F4-BB0F-08EFD60C5E39}"
EndProject
Project("{8BC9CEB8-8B4A-11D0-8D11-00A0C91BC942}") = "예제9 [최대값]2", "예제9 [최소값]2\예제9 [최소값]2.vcxproj", "{A1C1B123-4745-45B6-B5A5-C1EBAEB9D12B}"
EndProject
Project("{8BC9CEB8-8B4A-11D0-8D11-00A0C91BC942}") = "예제10 [투표집계]", "예제10 [투표집계]\예제10 [투표집계].vcxproj", "{4DBC369C-5F1C-4BC8-B3DA-4C91EAECA1DA}"
EndProject
Project("{8BC9CEB8-8B4A-11D0-8D11-00A0C91BC942}") = "예제11 [주사위의 빈도]", "예제11 [주사위의 빈도]\예제11 [주사위의 빈도].vcxproj", "{04F0CA1B-D472-4D0E-9BFE-7D07A60604CC}"
EndProject
Project("{8BC9CEB8-8B4A-11D0-8D11-00A0C91BC942}") = "예제12", "예제12\예제12.vcxproj", "{808FF8E9-C0FE-43D4-9DB0-2E718816C473}"
EndProject
Project("{8BC9CEB8-8B4A-11D0-8D11-00A0C91BC942}") = "예제13", "예제 13\예제 13.vcxproj", "{914F88B4-B6B4-4386-BBB2-E77A1ADCDD28}"
EndProject
Project("{8BC9CEB8-8B4A-11D0-8D11-00A0C91BC942}") = "예제14 [순차탐색]", "예제14 [순차탐색]\예제14 [순차탐색].vcxproj", "{498B714F-F04D-4A07-A329-5D00E70A51CC}"
EndProject
Project("{8BC9CEB8-8B4A-11D0-8D11-00A0C91BC942}") = "예제15 [이진탐색]", "예제15 [이진탐색]\예제15 [이진탐색].vcxproj", "{5F173609-43CF-45D5-866C-8376E35A2B47}"
EndProject
Project("{8BC9CEB8-8B4A-11D0-8D11-00A0C91BC942}") = "예제16 [이진탐색2]", "예제16 [이진탐색2]\예제16 [이진탐색2].vcxproj", "{28810CEC-4C53-4964-84E9-67199599C8E1}"
EndProject
Project("{8BC9CEB8-8B4A-11D0-8D11-00A0C91BC942}") = "예제17 [2차원배열]", "예제17 [2차원배열]\예제17 [2차원배열].vcxproj", "{E21570A7-0BA5-40D9-96A5-A3B32C4C27AC}"
EndProject
Project("{8BC9CEB8-8B4A-11D0-8D11-00A0C91BC942}") = "예제18 [2차원배열2]", "예제18 [2차원배열2]\예제18 [2차원배열2].vcxproj", "{EF95E1D6-669B-4A48-9BF6-9238A62CD4F1}"
EndProject
Project("{8BC9CEB8-8B4A-11D0-8D11-00A0C91BC942}") = "예제19 [3차원배열]", "예제19 [3차원배열]\예제19 [3차원배열].vcxproj", "{699B8175-2390-4C4D-A077-44FBA477060B}"
EndProject
Project("{8BC9CEB8-8B4A-11D0-8D11-00A0C91BC942}") = "예제20 [tic-tac-toe]", "예제20 [tic-tac-toe]\예제20 [tic-tac-toe].vcxproj", "{3B930AD5-D8CA-4D13-8F73-E8521F2479D9}"
EndProject
Project("{8BC9CEB8-8B4A-11D0-8D11-00A0C91BC942}") = "예제21 [tic-tacc-toe2]", "예제21 [tic-tacc-toe2]\예제21 [tic-tacc-toe2].vcxproj", "{CDC07728-EAC7-4B41-BA59-52734AD9A531}"
EndProject
Global
	GlobalSection(SolutionConfigurationPlatforms) = preSolution
		Debug|x64 = Debug|x64
		Debug|x86 = Debug|x86
		Release|x64 = Release|x64
		Release|x86 = Release|x86
	EndGlobalSection
	GlobalSection(ProjectConfigurationPlatforms) = postSolution
		{33754C5B-8868-4DC6-A27D-08A2CC1AC23D}.Debug|x64.ActiveCfg = Debug|x64
		{33754C5B-8868-4DC6-A27D-08A2CC1AC23D}.Debug|x64.Build.0 = Debug|x64
		{33754C5B-8868-4DC6-A27D-08A2CC1AC23D}.Debug|x86.ActiveCfg = Debug|Win32
		{33754C5B-8868-4DC6-A27D-08A2CC1AC23D}.Debug|x86.Build.0 = Debug|Win32
		{33754C5B-8868-4DC6-A27D-08A2CC1AC23D}.Release|x64.ActiveCfg = Release|x64
		{33754C5B-8868-4DC6-A27D-08A2CC1AC23D}.Release|x64.Build.0 = Release|x64
		{33754C5B-8868-4DC6-A27D-08A2CC1AC23D}.Release|x86.ActiveCfg = Release|Win32
		{33754C5B-8868-4DC6-A27D-08A2CC1AC23D}.Release|x86.Build.0 = Release|Win32
		{1764047C-82E4-461C-AC53-578AAB546B1C}.Debug|x64.ActiveCfg = Debug|x64
		{1764047C-82E4-461C-AC53-578AAB546B1C}.Debug|x64.Build.0 = Debug|x64
		{1764047C-82E4-461C-AC53-578AAB546B1C}.Debug|x86.ActiveCfg = Debug|Win32
		{1764047C-82E4-461C-AC53-578AAB546B1C}.Debug|x86.Build.0 = Debug|Win32
		{1764047C-82E4-461C-AC53-578AAB546B1C}.Release|x64.ActiveCfg = Release|x64
		{1764047C-82E4-461C-AC53-578AAB546B1C}.Release|x64.Build.0 = Release|x64
		{1764047C-82E4-461C-AC53-578AAB546B1C}.Release|x86.ActiveCfg = Release|Win32
		{1764047C-82E4-461C-AC53-578AAB546B1C}.Release|x86.Build.0 = Release|Win32
		{FC3EDE94-382B-4CCC-8C96-BE75B66C0A07}.Debug|x64.ActiveCfg = Debug|x64
		{FC3EDE94-382B-4CCC-8C96-BE75B66C0A07}.Debug|x64.Build.0 = Debug|x64
		{FC3EDE94-382B-4CCC-8C96-BE75B66C0A07}.Debug|x86.ActiveCfg = Debug|Win32
		{FC3EDE94-382B-4CCC-8C96-BE75B66C0A07}.Debug|x86.Build.0 = Debug|Win32
		{FC3EDE94-382B-4CCC-8C96-BE75B66C0A07}.Release|x64.ActiveCfg = Release|x64
		{FC3EDE94-382B-4CCC-8C96-BE75B66C0A07}.Release|x64.Build.0 = Release|x64
		{FC3EDE94-382B-4CCC-8C96-BE75B66C0A07}.Release|x86.ActiveCfg = Release|Win32
		{FC3EDE94-382B-4CCC-8C96-BE75B66C0A07}.Release|x86.Build.0 = Release|Win32
		{FC92005D-FC2A-4EFE-9A9E-B9B273417522}.Debug|x64.ActiveCfg = Debug|x64
		{FC92005D-FC2A-4EFE-9A9E-B9B273417522}.Debug|x64.Build.0 = Debug|x64
		{FC92005D-FC2A-4EFE-9A9E-B9B273417522}.Debug|x86.ActiveCfg = Debug|Win32
		{FC92005D-FC2A-4EFE-9A9E-B9B273417522}.Debug|x86.Build.0 = Debug|Win32
		{FC92005D-FC2A-4EFE-9A9E-B9B273417522}.Release|x64.ActiveCfg = Release|x64
		{FC92005D-FC2A-4EFE-9A9E-B9B273417522}.Release|x64.Build.0 = Release|x64
		{FC92005D-FC2A-4EFE-9A9E-B9B273417522}.Release|x86.ActiveCfg = Release|Win32
		{FC92005D-FC2A-4EFE-9A9E-B9B273417522}.Release|x86.Build.0 = Release|Win32
		{016A9F18-8AE8-49B9-B6E5-3F127E075DD6}.Debug|x64.ActiveCfg = Debug|x64
		{016A9F18-8AE8-49B9-B6E5-3F127E075DD6}.Debug|x64.Build.0 = Debug|x64
		{016A9F18-8AE8-49B9-B6E5-3F127E075DD6}.Debug|x86.ActiveCfg = Debug|Win32
		{016A9F18-8AE8-49B9-B6E5-3F127E075DD6}.Debug|x86.Build.0 = Debug|Win32
		{016A9F18-8AE8-49B9-B6E5-3F127E075DD6}.Release|x64.ActiveCfg = Release|x64
		{016A9F18-8AE8-49B9-B6E5-3F127E075DD6}.Release|x64.Build.0 = Release|x64
		{016A9F18-8AE8-49B9-B6E5-3F127E075DD6}.Release|x86.ActiveCfg = Release|Win32
		{016A9F18-8AE8-49B9-B6E5-3F127E075DD6}.Release|x86.Build.0 = Release|Win32
		{9C68D5FC-3918-49ED-AAB4-4D7BD21DA3C9}.Debug|x64.ActiveCfg = Debug|x64
		{9C68D5FC-3918-49ED-AAB4-4D7BD21DA3C9}.Debug|x64.Build.0 = Debug|x64
		{9C68D5FC-3918-49ED-AAB4-4D7BD21DA3C9}.Debug|x86.ActiveCfg = Debug|Win32
		{9C68D5FC-3918-49ED-AAB4-4D7BD21DA3C9}.Debug|x86.Build.0 = Debug|Win32
		{9C68D5FC-3918-49ED-AAB4-4D7BD21DA3C9}.Release|x64.ActiveCfg = Release|x64
		{9C68D5FC-3918-49ED-AAB4-4D7BD21DA3C9}.Release|x64.Build.0 = Release|x64
		{9C68D5FC-3918-49ED-AAB4-4D7BD21DA3C9}.Release|x86.ActiveCfg = Release|Win32
		{9C68D5FC-3918-49ED-AAB4-4D7BD21DA3C9}.Release|x86.Build.0 = Release|Win32
		{4173B568-823D-4AFE-8B28-E65221217334}.Debug|x64.ActiveCfg = Debug|x64
		{4173B568-823D-4AFE-8B28-E65221217334}.Debug|x64.Build.0 = Debug|x64
		{4173B568-823D-4AFE-8B28-E65221217334}.Debug|x86.ActiveCfg = Debug|Win32
		{4173B568-823D-4AFE-8B28-E65221217334}.Debug|x86.Build.0 = Debug|Win32
		{4173B568-823D-4AFE-8B28-E65221217334}.Release|x64.ActiveCfg = Release|x64
		{4173B568-823D-4AFE-8B28-E65221217334}.Release|x64.Build.0 = Release|x64
		{4173B568-823D-4AFE-8B28-E65221217334}.Release|x86.ActiveCfg = Release|Win32
		{4173B568-823D-4AFE-8B28-E65221217334}.Release|x86.Build.0 = Release|Win32
		{CD2EE14C-89D5-41F4-BB0F-08EFD60C5E39}.Debug|x64.ActiveCfg = Debug|x64
		{CD2EE14C-89D5-41F4-BB0F-08EFD60C5E39}.Debug|x64.Build.0 = Debug|x64
		{CD2EE14C-89D5-41F4-BB0F-08EFD60C5E39}.Debug|x86.ActiveCfg = Debug|Win32
		{CD2EE14C-89D5-41F4-BB0F-08EFD60C5E39}.Debug|x86.Build.0 = Debug|Win32
		{CD2EE14C-89D5-41F4-BB0F-08EFD60C5E39}.Release|x64.ActiveCfg = Release|x64
		{CD2EE14C-89D5-41F4-BB0F-08EFD60C5E39}.Release|x64.Build.0 = Release|x64
		{CD2EE14C-89D5-41F4-BB0F-08EFD60C5E39}.Release|x86.ActiveCfg = Release|Win32
		{CD2EE14C-89D5-41F4-BB0F-08EFD60C5E39}.Release|x86.Build.0 = Release|Win32
		{A1C1B123-4745-45B6-B5A5-C1EBAEB9D12B}.Debug|x64.ActiveCfg = Debug|x64
		{A1C1B123-4745-45B6-B5A5-C1EBAEB9D12B}.Debug|x64.Build.0 = Debug|x64
		{A1C1B123-4745-45B6-B5A5-C1EBAEB9D12B}.Debug|x86.ActiveCfg = Debug|Win32
		{A1C1B123-4745-45B6-B5A5-C1EBAEB9D12B}.Debug|x86.Build.0 = Debug|Win32
		{A1C1B123-4745-45B6-B5A5-C1EBAEB9D12B}.Release|x64.ActiveCfg = Release|x64
		{A1C1B123-4745-45B6-B5A5-C1EBAEB9D12B}.Release|x64.Build.0 = Release|x64
		{A1C1B123-4745-45B6-B5A5-C1EBAEB9D12B}.Release|x86.ActiveCfg = Release|Win32
		{A1C1B123-4745-45B6-B5A5-C1EBAEB9D12B}.Release|x86.Build.0 = Release|Win32
		{4DBC369C-5F1C-4BC8-B3DA-4C91EAECA1DA}.Debug|x64.ActiveCfg = Debug|x64
		{4DBC369C-5F1C-4BC8-B3DA-4C91EAECA1DA}.Debug|x64.Build.0 = Debug|x64
		{4DBC369C-5F1C-4BC8-B3DA-4C91EAECA1DA}.Debug|x86.ActiveCfg = Debug|Win32
		{4DBC369C-5F1C-4BC8-B3DA-4C91EAECA1DA}.Debug|x86.Build.0 = Debug|Win32
		{4DBC369C-5F1C-4BC8-B3DA-4C91EAECA1DA}.Release|x64.ActiveCfg = Release|x64
		{4DBC369C-5F1C-4BC8-B3DA-4C91EAECA1DA}.Release|x64.Build.0 = Release|x64
		{4DBC369C-5F1C-4BC8-B3DA-4C91EAECA1DA}.Release|x86.ActiveCfg = Release|Win32
		{4DBC369C-5F1C-4BC8-B3DA-4C91EAECA1DA}.Release|x86.Build.0 = Release|Win32
		{04F0CA1B-D472-4D0E-9BFE-7D07A60604CC}.Debug|x64.ActiveCfg = Debug|x64
		{04F0CA1B-D472-4D0E-9BFE-7D07A60604CC}.Debug|x64.Build.0 = Debug|x64
		{04F0CA1B-D472-4D0E-9BFE-7D07A60604CC}.Debug|x86.ActiveCfg = Debug|Win32
		{04F0CA1B-D472-4D0E-9BFE-7D07A60604CC}.Debug|x86.Build.0 = Debug|Win32
		{04F0CA1B-D472-4D0E-9BFE-7D07A60604CC}.Release|x64.ActiveCfg = Release|x64
		{04F0CA1B-D472-4D0E-9BFE-7D07A60604CC}.Release|x64.Build.0 = Release|x64
		{04F0CA1B-D472-4D0E-9BFE-7D07A60604CC}.Release|x86.ActiveCfg = Release|Win32
		{04F0CA1B-D472-4D0E-9BFE-7D07A60604CC}.Release|x86.Build.0 = Release|Win32
		{808FF8E9-C0FE-43D4-9DB0-2E718816C473}.Debug|x64.ActiveCfg = Debug|x64
		{808FF8E9-C0FE-43D4-9DB0-2E718816C473}.Debug|x64.Build.0 = Debug|x64
		{808FF8E9-C0FE-43D4-9DB0-2E718816C473}.Debug|x86.ActiveCfg = Debug|Win32
		{808FF8E9-C0FE-43D4-9DB0-2E718816C473}.Debug|x86.Build.0 = Debug|Win32
		{808FF8E9-C0FE-43D4-9DB0-2E718816C473}.Release|x64.ActiveCfg = Release|x64
		{808FF8E9-C0FE-43D4-9DB0-2E718816C473}.Release|x64.Build.0 = Release|x64
		{808FF8E9-C0FE-43D4-9DB0-2E718816C473}.Release|x86.ActiveCfg = Release|Win32
		{808FF8E9-C0FE-43D4-9DB0-2E718816C473}.Release|x86.Build.0 = Release|Win32
		{914F88B4-B6B4-4386-BBB2-E77A1ADCDD28}.Debug|x64.ActiveCfg = Debug|x64
		{914F88B4-B6B4-4386-BBB2-E77A1ADCDD28}.Debug|x64.Build.0 = Debug|x64
		{914F88B4-B6B4-4386-BBB2-E77A1ADCDD28}.Debug|x86.ActiveCfg = Debug|Win32
		{914F88B4-B6B4-4386-BBB2-E77A1ADCDD28}.Debug|x86.Build.0 = Debug|Win32
		{914F88B4-B6B4-4386-BBB2-E77A1ADCDD28}.Release|x64.ActiveCfg = Release|x64
		{914F88B4-B6B4-4386-BBB2-E77A1ADCDD28}.Release|x64.Build.0 = Release|x64
		{914F88B4-B6B4-4386-BBB2-E77A1ADCDD28}.Release|x86.ActiveCfg = Release|Win32
		{914F88B4-B6B4-4386-BBB2-E77A1ADCDD28}.Release|x86.Build.0 = Release|Win32
		{498B714F-F04D-4A07-A329-5D00E70A51CC}.Debug|x64.ActiveCfg = Debug|x64
		{498B714F-F04D-4A07-A329-5D00E70A51CC}.Debug|x64.Build.0 = Debug|x64
		{498B714F-F04D-4A07-A329-5D00E70A51CC}.Debug|x86.ActiveCfg = Debug|Win32
		{498B714F-F04D-4A07-A329-5D00E70A51CC}.Debug|x86.Build.0 = Debug|Win32
		{498B714F-F04D-4A07-A329-5D00E70A51CC}.Release|x64.ActiveCfg = Release|x64
		{498B714F-F04D-4A07-A329-5D00E70A51CC}.Release|x64.Build.0 = Release|x64
		{498B714F-F04D-4A07-A329-5D00E70A51CC}.Release|x86.ActiveCfg = Release|Win32
		{498B714F-F04D-4A07-A329-5D00E70A51CC}.Release|x86.Build.0 = Release|Win32
		{5F173609-43CF-45D5-866C-8376E35A2B47}.Debug|x64.ActiveCfg = Debug|x64
		{5F173609-43CF-45D5-866C-8376E35A2B47}.Debug|x64.Build.0 = Debug|x64
		{5F173609-43CF-45D5-866C-8376E35A2B47}.Debug|x86.ActiveCfg = Debug|Win32
		{5F173609-43CF-45D5-866C-8376E35A2B47}.Debug|x86.Build.0 = Debug|Win32
		{5F173609-43CF-45D5-866C-8376E35A2B47}.Release|x64.ActiveCfg = Release|x64
		{5F173609-43CF-45D5-866C-8376E35A2B47}.Release|x64.Build.0 = Release|x64
		{5F173609-43CF-45D5-866C-8376E35A2B47}.Release|x86.ActiveCfg = Release|Win32
		{5F173609-43CF-45D5-866C-8376E35A2B47}.Release|x86.Build.0 = Release|Win32
		{28810CEC-4C53-4964-84E9-67199599C8E1}.Debug|x64.ActiveCfg = Debug|x64
		{28810CEC-4C53-4964-84E9-67199599C8E1}.Debug|x64.Build.0 = Debug|x64
		{28810CEC-4C53-4964-84E9-67199599C8E1}.Debug|x86.ActiveCfg = Debug|Win32
		{28810CEC-4C53-4964-84E9-67199599C8E1}.Debug|x86.Build.0 = Debug|Win32
		{28810CEC-4C53-4964-84E9-67199599C8E1}.Release|x64.ActiveCfg = Release|x64
		{28810CEC-4C53-4964-84E9-67199599C8E1}.Release|x64.Build.0 = Release|x64
		{28810CEC-4C53-4964-84E9-67199599C8E1}.Release|x86.ActiveCfg = Release|Win32
		{28810CEC-4C53-4964-84E9-67199599C8E1}.Release|x86.Build.0 = Release|Win32
		{E21570A7-0BA5-40D9-96A5-A3B32C4C27AC}.Debug|x64.ActiveCfg = Debug|x64
		{E21570A7-0BA5-40D9-96A5-A3B32C4C27AC}.Debug|x64.Build.0 = Debug|x64
		{E21570A7-0BA5-40D9-96A5-A3B32C4C27AC}.Debug|x86.ActiveCfg = Debug|Win32
		{E21570A7-0BA5-40D9-96A5-A3B32C4C27AC}.Debug|x86.Build.0 = Debug|Win32
		{E21570A7-0BA5-40D9-96A5-A3B32C4C27AC}.Release|x64.ActiveCfg = Release|x64
		{E21570A7-0BA5-40D9-96A5-A3B32C4C27AC}.Release|x64.Build.0 = Release|x64
		{E21570A7-0BA5-40D9-96A5-A3B32C4C27AC}.Release|x86.ActiveCfg = Release|Win32
		{E21570A7-0BA5-40D9-96A5-A3B32C4C27AC}.Release|x86.Build.0 = Release|Win32
		{EF95E1D6-669B-4A48-9BF6-9238A62CD4F1}.Debug|x64.ActiveCfg = Debug|x64
		{EF95E1D6-669B-4A48-9BF6-9238A62CD4F1}.Debug|x64.Build.0 = Debug|x64
		{EF95E1D6-669B-4A48-9BF6-9238A62CD4F1}.Debug|x86.ActiveCfg = Debug|Win32
		{EF95E1D6-669B-4A48-9BF6-9238A62CD4F1}.Debug|x86.Build.0 = Debug|Win32
		{EF95E1D6-669B-4A48-9BF6-9238A62CD4F1}.Release|x64.ActiveCfg = Release|x64
		{EF95E1D6-669B-4A48-9BF6-9238A62CD4F1}.Release|x64.Build.0 = Release|x64
		{EF95E1D6-669B-4A48-9BF6-9238A62CD4F1}.Release|x86.ActiveCfg = Release|Win32
		{EF95E1D6-669B-4A48-9BF6-9238A62CD4F1}.Release|x86.Build.0 = Release|Win32
		{699B8175-2390-4C4D-A077-44FBA477060B}.Debug|x64.ActiveCfg = Debug|x64
		{699B8175-2390-4C4D-A077-44FBA477060B}.Debug|x64.Build.0 = Debug|x64
		{699B8175-2390-4C4D-A077-44FBA477060B}.Debug|x86.ActiveCfg = Debug|Win32
		{699B8175-2390-4C4D-A077-44FBA477060B}.Debug|x86.Build.0 = Debug|Win32
		{699B8175-2390-4C4D-A077-44FBA477060B}.Release|x64.ActiveCfg = Release|x64
		{699B8175-2390-4C4D-A077-44FBA477060B}.Release|x64.Build.0 = Release|x64
		{699B8175-2390-4C4D-A077-44FBA477060B}.Release|x86.ActiveCfg = Release|Win32
		{699B8175-2390-4C4D-A077-44FBA477060B}.Release|x86.Build.0 = Release|Win32
		{3B930AD5-D8CA-4D13-8F73-E8521F2479D9}.Debug|x64.ActiveCfg = Debug|x64
		{3B930AD5-D8CA-4D13-8F73-E8521F2479D9}.Debug|x64.Build.0 = Debug|x64
		{3B930AD5-D8CA-4D13-8F73-E8521F2479D9}.Debug|x86.ActiveCfg = Debug|Win32
		{3B930AD5-D8CA-4D13-8F73-E8521F2479D9}.Debug|x86.Build.0 = Debug|Win32
		{3B930AD5-D8CA-4D13-8F73-E8521F2479D9}.Release|x64.ActiveCfg = Release|x64
		{3B930AD5-D8CA-4D13-8F73-E8521F2479D9}.Release|x64.Build.0 = Release|x64
		{3B930AD5-D8CA-4D13-8F73-E8521F2479D9}.Release|x86.ActiveCfg = Release|Win32
		{3B930AD5-D8CA-4D13-8F73-E8521F2479D9}.Release|x86.Build.0 = Release|Win32
		{CDC07728-EAC7-4B41-BA59-52734AD9A531}.Debug|x64.ActiveCfg = Debug|x64
		{CDC07728-EAC7-4B41-BA59-52734AD9A531}.Debug|x64.Build.0 = Debug|x64
		{CDC07728-EAC7-4B41-BA59-52734AD9A531}.Debug|x86.ActiveCfg = Debug|Win32
		{CDC07728-EAC7-4B41-BA59-52734AD9A531}.Debug|x86.Build.0 = Debug|Win32
		{CDC07728-EAC7-4B41-BA59-52734AD9A531}.Release|x64.ActiveCfg = Release|x64
		{CDC07728-EAC7-4B41-BA59-52734AD9A531}.Release|x64.Build.0 = Release|x64
		{CDC07728-EAC7-4B41-BA59-52734AD9A531}.Release|x86.ActiveCfg = Release|Win32
		{CDC07728-EAC7-4B41-BA59-52734AD9A531}.Release|x86.Build.0 = Release|Win32
	EndGlobalSection
	GlobalSection(SolutionProperties) = preSolution
		HideSolutionNode = FALSE
	EndGlobalSection
	GlobalSection(ExtensibilityGlobals) = postSolution
		SolutionGuid = {684FB36E-EB51-41CE-99C9-17C160E94F2E}
	EndGlobalSection
EndGlobal
