
Microsoft Visual Studio Solution File, Format Version 12.00
# Visual Studio 15
VisualStudioVersion = 15.0.28307.489
MinimumVisualStudioVersion = 10.0.40219.1
Project("{8BC9CEB8-8B4A-11D0-8D11-00A0C91BC942}") = "01번", "01번\01번.vcxproj", "{2EB5080A-293F-404E-880E-2CAE0E11F4F5}"
EndProject
Project("{8BC9CEB8-8B4A-11D0-8D11-00A0C91BC942}") = "02번", "02번\02번.vcxproj", "{DEABF4AB-BB71-47EA-9E23-4F967FD3B605}"
EndProject
Project("{8BC9CEB8-8B4A-11D0-8D11-00A0C91BC942}") = "03번", "03번\03번.vcxproj", "{C5280811-3EF5-4784-B232-D05E6C231EE1}"
EndProject
Project("{8BC9CEB8-8B4A-11D0-8D11-00A0C91BC942}") = "04번", "04번\04번.vcxproj", "{4FE591DE-B513-4437-B3AF-F0B97D10FEBF}"
EndProject
Project("{8BC9CEB8-8B4A-11D0-8D11-00A0C91BC942}") = "05번", "05번\05번.vcxproj", "{B2CEC94E-07D9-41A8-940A-05B38AC1FC25}"
EndProject
Project("{8BC9CEB8-8B4A-11D0-8D11-00A0C91BC942}") = "06번", "06번.c\06번.c.vcxproj", "{9AA7C6C9-3EB7-4E79-A6E6-DB9B5D194697}"
EndProject
Project("{8BC9CEB8-8B4A-11D0-8D11-00A0C91BC942}") = "로그인", "로그인\로그인.vcxproj", "{92493CB1-049E-427B-8D34-F316E3256DEB}"
EndProject
Project("{8BC9CEB8-8B4A-11D0-8D11-00A0C91BC942}") = "07번", "07번\07번.vcxproj", "{3DDEDF6F-62EA-4EB7-A48F-C6B5F7D56FC4}"
EndProject
Project("{8BC9CEB8-8B4A-11D0-8D11-00A0C91BC942}") = "08번", "08번\08번.vcxproj", "{46C54DF0-4ACC-45F6-9976-796B6B209001}"
EndProject
Project("{8BC9CEB8-8B4A-11D0-8D11-00A0C91BC942}") = "09번", "09번\09번.vcxproj", "{D36D92C7-F59D-485A-B46F-76B21449EB6A}"
EndProject
Project("{8BC9CEB8-8B4A-11D0-8D11-00A0C91BC942}") = "10번", "10번\10번.vcxproj", "{2838BC5D-8D6A-42DA-B7A4-4EC4051C0EC7}"
EndProject
Project("{8BC9CEB8-8B4A-11D0-8D11-00A0C91BC942}") = "강화효율", "강화효율\강화효율.vcxproj", "{16BF97F8-F13C-41B8-A3F3-BF3B9639872D}"
EndProject
Project("{8BC9CEB8-8B4A-11D0-8D11-00A0C91BC942}") = "11번", "11번\11번.vcxproj", "{EDF42D23-D97A-4285-A731-C0676246E5E1}"
EndProject
Project("{8BC9CEB8-8B4A-11D0-8D11-00A0C91BC942}") = "12번", "12번\12번.vcxproj", "{5D3C67F5-8460-4F08-BB9E-458D1CA866A6}"
EndProject
Project("{8BC9CEB8-8B4A-11D0-8D11-00A0C91BC942}") = "13번", "13번\13번.vcxproj", "{31DC8E86-198B-46EC-AA62-13C7D711224E}"
EndProject
Project("{8BC9CEB8-8B4A-11D0-8D11-00A0C91BC942}") = "14번", "14번\14번.vcxproj", "{FA86832D-90DE-45D4-A7F9-35A322E09500}"
EndProject
Project("{8BC9CEB8-8B4A-11D0-8D11-00A0C91BC942}") = "15번", "15번\15번.vcxproj", "{46F2C2DA-A38C-44CC-8518-B046D2BA6527}"
EndProject
Project("{8BC9CEB8-8B4A-11D0-8D11-00A0C91BC942}") = "16번.c", "16번.c\16번.c.vcxproj", "{F650C8B8-74D2-43D3-846E-01F48B3FE750}"
EndProject
Project("{8BC9CEB8-8B4A-11D0-8D11-00A0C91BC942}") = "17번", "17번\17번.vcxproj", "{ED133917-02DE-4D5D-8B5F-389220432FD4}"
EndProject
Project("{8BC9CEB8-8B4A-11D0-8D11-00A0C91BC942}") = "18번", "18번\18번.vcxproj", "{6483F41A-AB09-4264-8E7A-4B728FC735E8}"
EndProject
Global
	GlobalSection(SolutionConfigurationPlatforms) = preSolution
		Debug|x64 = Debug|x64
		Debug|x86 = Debug|x86
		Release|x64 = Release|x64
		Release|x86 = Release|x86
	EndGlobalSection
	GlobalSection(ProjectConfigurationPlatforms) = postSolution
		{2EB5080A-293F-404E-880E-2CAE0E11F4F5}.Debug|x64.ActiveCfg = Debug|x64
		{2EB5080A-293F-404E-880E-2CAE0E11F4F5}.Debug|x64.Build.0 = Debug|x64
		{2EB5080A-293F-404E-880E-2CAE0E11F4F5}.Debug|x86.ActiveCfg = Debug|Win32
		{2EB5080A-293F-404E-880E-2CAE0E11F4F5}.Debug|x86.Build.0 = Debug|Win32
		{2EB5080A-293F-404E-880E-2CAE0E11F4F5}.Release|x64.ActiveCfg = Release|x64
		{2EB5080A-293F-404E-880E-2CAE0E11F4F5}.Release|x64.Build.0 = Release|x64
		{2EB5080A-293F-404E-880E-2CAE0E11F4F5}.Release|x86.ActiveCfg = Release|Win32
		{2EB5080A-293F-404E-880E-2CAE0E11F4F5}.Release|x86.Build.0 = Release|Win32
		{DEABF4AB-BB71-47EA-9E23-4F967FD3B605}.Debug|x64.ActiveCfg = Debug|x64
		{DEABF4AB-BB71-47EA-9E23-4F967FD3B605}.Debug|x64.Build.0 = Debug|x64
		{DEABF4AB-BB71-47EA-9E23-4F967FD3B605}.Debug|x86.ActiveCfg = Debug|Win32
		{DEABF4AB-BB71-47EA-9E23-4F967FD3B605}.Debug|x86.Build.0 = Debug|Win32
		{DEABF4AB-BB71-47EA-9E23-4F967FD3B605}.Release|x64.ActiveCfg = Release|x64
		{DEABF4AB-BB71-47EA-9E23-4F967FD3B605}.Release|x64.Build.0 = Release|x64
		{DEABF4AB-BB71-47EA-9E23-4F967FD3B605}.Release|x86.ActiveCfg = Release|Win32
		{DEABF4AB-BB71-47EA-9E23-4F967FD3B605}.Release|x86.Build.0 = Release|Win32
		{C5280811-3EF5-4784-B232-D05E6C231EE1}.Debug|x64.ActiveCfg = Debug|x64
		{C5280811-3EF5-4784-B232-D05E6C231EE1}.Debug|x64.Build.0 = Debug|x64
		{C5280811-3EF5-4784-B232-D05E6C231EE1}.Debug|x86.ActiveCfg = Debug|Win32
		{C5280811-3EF5-4784-B232-D05E6C231EE1}.Debug|x86.Build.0 = Debug|Win32
		{C5280811-3EF5-4784-B232-D05E6C231EE1}.Release|x64.ActiveCfg = Release|x64
		{C5280811-3EF5-4784-B232-D05E6C231EE1}.Release|x64.Build.0 = Release|x64
		{C5280811-3EF5-4784-B232-D05E6C231EE1}.Release|x86.ActiveCfg = Release|Win32
		{C5280811-3EF5-4784-B232-D05E6C231EE1}.Release|x86.Build.0 = Release|Win32
		{4FE591DE-B513-4437-B3AF-F0B97D10FEBF}.Debug|x64.ActiveCfg = Debug|x64
		{4FE591DE-B513-4437-B3AF-F0B97D10FEBF}.Debug|x64.Build.0 = Debug|x64
		{4FE591DE-B513-4437-B3AF-F0B97D10FEBF}.Debug|x86.ActiveCfg = Debug|Win32
		{4FE591DE-B513-4437-B3AF-F0B97D10FEBF}.Debug|x86.Build.0 = Debug|Win32
		{4FE591DE-B513-4437-B3AF-F0B97D10FEBF}.Release|x64.ActiveCfg = Release|x64
		{4FE591DE-B513-4437-B3AF-F0B97D10FEBF}.Release|x64.Build.0 = Release|x64
		{4FE591DE-B513-4437-B3AF-F0B97D10FEBF}.Release|x86.ActiveCfg = Release|Win32
		{4FE591DE-B513-4437-B3AF-F0B97D10FEBF}.Release|x86.Build.0 = Release|Win32
		{B2CEC94E-07D9-41A8-940A-05B38AC1FC25}.Debug|x64.ActiveCfg = Debug|x64
		{B2CEC94E-07D9-41A8-940A-05B38AC1FC25}.Debug|x64.Build.0 = Debug|x64
		{B2CEC94E-07D9-41A8-940A-05B38AC1FC25}.Debug|x86.ActiveCfg = Debug|Win32
		{B2CEC94E-07D9-41A8-940A-05B38AC1FC25}.Debug|x86.Build.0 = Debug|Win32
		{B2CEC94E-07D9-41A8-940A-05B38AC1FC25}.Release|x64.ActiveCfg = Release|x64
		{B2CEC94E-07D9-41A8-940A-05B38AC1FC25}.Release|x64.Build.0 = Release|x64
		{B2CEC94E-07D9-41A8-940A-05B38AC1FC25}.Release|x86.ActiveCfg = Release|Win32
		{B2CEC94E-07D9-41A8-940A-05B38AC1FC25}.Release|x86.Build.0 = Release|Win32
		{9AA7C6C9-3EB7-4E79-A6E6-DB9B5D194697}.Debug|x64.ActiveCfg = Debug|x64
		{9AA7C6C9-3EB7-4E79-A6E6-DB9B5D194697}.Debug|x64.Build.0 = Debug|x64
		{9AA7C6C9-3EB7-4E79-A6E6-DB9B5D194697}.Debug|x86.ActiveCfg = Debug|Win32
		{9AA7C6C9-3EB7-4E79-A6E6-DB9B5D194697}.Debug|x86.Build.0 = Debug|Win32
		{9AA7C6C9-3EB7-4E79-A6E6-DB9B5D194697}.Release|x64.ActiveCfg = Release|x64
		{9AA7C6C9-3EB7-4E79-A6E6-DB9B5D194697}.Release|x64.Build.0 = Release|x64
		{9AA7C6C9-3EB7-4E79-A6E6-DB9B5D194697}.Release|x86.ActiveCfg = Release|Win32
		{9AA7C6C9-3EB7-4E79-A6E6-DB9B5D194697}.Release|x86.Build.0 = Release|Win32
		{92493CB1-049E-427B-8D34-F316E3256DEB}.Debug|x64.ActiveCfg = Debug|x64
		{92493CB1-049E-427B-8D34-F316E3256DEB}.Debug|x64.Build.0 = Debug|x64
		{92493CB1-049E-427B-8D34-F316E3256DEB}.Debug|x86.ActiveCfg = Debug|Win32
		{92493CB1-049E-427B-8D34-F316E3256DEB}.Debug|x86.Build.0 = Debug|Win32
		{92493CB1-049E-427B-8D34-F316E3256DEB}.Release|x64.ActiveCfg = Release|x64
		{92493CB1-049E-427B-8D34-F316E3256DEB}.Release|x64.Build.0 = Release|x64
		{92493CB1-049E-427B-8D34-F316E3256DEB}.Release|x86.ActiveCfg = Release|Win32
		{92493CB1-049E-427B-8D34-F316E3256DEB}.Release|x86.Build.0 = Release|Win32
		{3DDEDF6F-62EA-4EB7-A48F-C6B5F7D56FC4}.Debug|x64.ActiveCfg = Debug|x64
		{3DDEDF6F-62EA-4EB7-A48F-C6B5F7D56FC4}.Debug|x64.Build.0 = Debug|x64
		{3DDEDF6F-62EA-4EB7-A48F-C6B5F7D56FC4}.Debug|x86.ActiveCfg = Debug|Win32
		{3DDEDF6F-62EA-4EB7-A48F-C6B5F7D56FC4}.Debug|x86.Build.0 = Debug|Win32
		{3DDEDF6F-62EA-4EB7-A48F-C6B5F7D56FC4}.Release|x64.ActiveCfg = Release|x64
		{3DDEDF6F-62EA-4EB7-A48F-C6B5F7D56FC4}.Release|x64.Build.0 = Release|x64
		{3DDEDF6F-62EA-4EB7-A48F-C6B5F7D56FC4}.Release|x86.ActiveCfg = Release|Win32
		{3DDEDF6F-62EA-4EB7-A48F-C6B5F7D56FC4}.Release|x86.Build.0 = Release|Win32
		{46C54DF0-4ACC-45F6-9976-796B6B209001}.Debug|x64.ActiveCfg = Debug|x64
		{46C54DF0-4ACC-45F6-9976-796B6B209001}.Debug|x64.Build.0 = Debug|x64
		{46C54DF0-4ACC-45F6-9976-796B6B209001}.Debug|x86.ActiveCfg = Debug|Win32
		{46C54DF0-4ACC-45F6-9976-796B6B209001}.Debug|x86.Build.0 = Debug|Win32
		{46C54DF0-4ACC-45F6-9976-796B6B209001}.Release|x64.ActiveCfg = Release|x64
		{46C54DF0-4ACC-45F6-9976-796B6B209001}.Release|x64.Build.0 = Release|x64
		{46C54DF0-4ACC-45F6-9976-796B6B209001}.Release|x86.ActiveCfg = Release|Win32
		{46C54DF0-4ACC-45F6-9976-796B6B209001}.Release|x86.Build.0 = Release|Win32
		{D36D92C7-F59D-485A-B46F-76B21449EB6A}.Debug|x64.ActiveCfg = Debug|x64
		{D36D92C7-F59D-485A-B46F-76B21449EB6A}.Debug|x64.Build.0 = Debug|x64
		{D36D92C7-F59D-485A-B46F-76B21449EB6A}.Debug|x86.ActiveCfg = Debug|Win32
		{D36D92C7-F59D-485A-B46F-76B21449EB6A}.Debug|x86.Build.0 = Debug|Win32
		{D36D92C7-F59D-485A-B46F-76B21449EB6A}.Release|x64.ActiveCfg = Release|x64
		{D36D92C7-F59D-485A-B46F-76B21449EB6A}.Release|x64.Build.0 = Release|x64
		{D36D92C7-F59D-485A-B46F-76B21449EB6A}.Release|x86.ActiveCfg = Release|Win32
		{D36D92C7-F59D-485A-B46F-76B21449EB6A}.Release|x86.Build.0 = Release|Win32
		{2838BC5D-8D6A-42DA-B7A4-4EC4051C0EC7}.Debug|x64.ActiveCfg = Debug|x64
		{2838BC5D-8D6A-42DA-B7A4-4EC4051C0EC7}.Debug|x64.Build.0 = Debug|x64
		{2838BC5D-8D6A-42DA-B7A4-4EC4051C0EC7}.Debug|x86.ActiveCfg = Debug|Win32
		{2838BC5D-8D6A-42DA-B7A4-4EC4051C0EC7}.Debug|x86.Build.0 = Debug|Win32
		{2838BC5D-8D6A-42DA-B7A4-4EC4051C0EC7}.Release|x64.ActiveCfg = Release|x64
		{2838BC5D-8D6A-42DA-B7A4-4EC4051C0EC7}.Release|x64.Build.0 = Release|x64
		{2838BC5D-8D6A-42DA-B7A4-4EC4051C0EC7}.Release|x86.ActiveCfg = Release|Win32
		{2838BC5D-8D6A-42DA-B7A4-4EC4051C0EC7}.Release|x86.Build.0 = Release|Win32
		{16BF97F8-F13C-41B8-A3F3-BF3B9639872D}.Debug|x64.ActiveCfg = Debug|x64
		{16BF97F8-F13C-41B8-A3F3-BF3B9639872D}.Debug|x64.Build.0 = Debug|x64
		{16BF97F8-F13C-41B8-A3F3-BF3B9639872D}.Debug|x86.ActiveCfg = Debug|Win32
		{16BF97F8-F13C-41B8-A3F3-BF3B9639872D}.Debug|x86.Build.0 = Debug|Win32
		{16BF97F8-F13C-41B8-A3F3-BF3B9639872D}.Release|x64.ActiveCfg = Release|x64
		{16BF97F8-F13C-41B8-A3F3-BF3B9639872D}.Release|x64.Build.0 = Release|x64
		{16BF97F8-F13C-41B8-A3F3-BF3B9639872D}.Release|x86.ActiveCfg = Release|Win32
		{16BF97F8-F13C-41B8-A3F3-BF3B9639872D}.Release|x86.Build.0 = Release|Win32
		{EDF42D23-D97A-4285-A731-C0676246E5E1}.Debug|x64.ActiveCfg = Debug|x64
		{EDF42D23-D97A-4285-A731-C0676246E5E1}.Debug|x64.Build.0 = Debug|x64
		{EDF42D23-D97A-4285-A731-C0676246E5E1}.Debug|x86.ActiveCfg = Debug|Win32
		{EDF42D23-D97A-4285-A731-C0676246E5E1}.Debug|x86.Build.0 = Debug|Win32
		{EDF42D23-D97A-4285-A731-C0676246E5E1}.Release|x64.ActiveCfg = Release|x64
		{EDF42D23-D97A-4285-A731-C0676246E5E1}.Release|x64.Build.0 = Release|x64
		{EDF42D23-D97A-4285-A731-C0676246E5E1}.Release|x86.ActiveCfg = Release|Win32
		{EDF42D23-D97A-4285-A731-C0676246E5E1}.Release|x86.Build.0 = Release|Win32
		{5D3C67F5-8460-4F08-BB9E-458D1CA866A6}.Debug|x64.ActiveCfg = Debug|x64
		{5D3C67F5-8460-4F08-BB9E-458D1CA866A6}.Debug|x64.Build.0 = Debug|x64
		{5D3C67F5-8460-4F08-BB9E-458D1CA866A6}.Debug|x86.ActiveCfg = Debug|Win32
		{5D3C67F5-8460-4F08-BB9E-458D1CA866A6}.Debug|x86.Build.0 = Debug|Win32
		{5D3C67F5-8460-4F08-BB9E-458D1CA866A6}.Release|x64.ActiveCfg = Release|x64
		{5D3C67F5-8460-4F08-BB9E-458D1CA866A6}.Release|x64.Build.0 = Release|x64
		{5D3C67F5-8460-4F08-BB9E-458D1CA866A6}.Release|x86.ActiveCfg = Release|Win32
		{5D3C67F5-8460-4F08-BB9E-458D1CA866A6}.Release|x86.Build.0 = Release|Win32
		{31DC8E86-198B-46EC-AA62-13C7D711224E}.Debug|x64.ActiveCfg = Debug|x64
		{31DC8E86-198B-46EC-AA62-13C7D711224E}.Debug|x64.Build.0 = Debug|x64
		{31DC8E86-198B-46EC-AA62-13C7D711224E}.Debug|x86.ActiveCfg = Debug|Win32
		{31DC8E86-198B-46EC-AA62-13C7D711224E}.Debug|x86.Build.0 = Debug|Win32
		{31DC8E86-198B-46EC-AA62-13C7D711224E}.Release|x64.ActiveCfg = Release|x64
		{31DC8E86-198B-46EC-AA62-13C7D711224E}.Release|x64.Build.0 = Release|x64
		{31DC8E86-198B-46EC-AA62-13C7D711224E}.Release|x86.ActiveCfg = Release|Win32
		{31DC8E86-198B-46EC-AA62-13C7D711224E}.Release|x86.Build.0 = Release|Win32
		{FA86832D-90DE-45D4-A7F9-35A322E09500}.Debug|x64.ActiveCfg = Debug|x64
		{FA86832D-90DE-45D4-A7F9-35A322E09500}.Debug|x64.Build.0 = Debug|x64
		{FA86832D-90DE-45D4-A7F9-35A322E09500}.Debug|x86.ActiveCfg = Debug|Win32
		{FA86832D-90DE-45D4-A7F9-35A322E09500}.Debug|x86.Build.0 = Debug|Win32
		{FA86832D-90DE-45D4-A7F9-35A322E09500}.Release|x64.ActiveCfg = Release|x64
		{FA86832D-90DE-45D4-A7F9-35A322E09500}.Release|x64.Build.0 = Release|x64
		{FA86832D-90DE-45D4-A7F9-35A322E09500}.Release|x86.ActiveCfg = Release|Win32
		{FA86832D-90DE-45D4-A7F9-35A322E09500}.Release|x86.Build.0 = Release|Win32
		{46F2C2DA-A38C-44CC-8518-B046D2BA6527}.Debug|x64.ActiveCfg = Debug|x64
		{46F2C2DA-A38C-44CC-8518-B046D2BA6527}.Debug|x64.Build.0 = Debug|x64
		{46F2C2DA-A38C-44CC-8518-B046D2BA6527}.Debug|x86.ActiveCfg = Debug|Win32
		{46F2C2DA-A38C-44CC-8518-B046D2BA6527}.Debug|x86.Build.0 = Debug|Win32
		{46F2C2DA-A38C-44CC-8518-B046D2BA6527}.Release|x64.ActiveCfg = Release|x64
		{46F2C2DA-A38C-44CC-8518-B046D2BA6527}.Release|x64.Build.0 = Release|x64
		{46F2C2DA-A38C-44CC-8518-B046D2BA6527}.Release|x86.ActiveCfg = Release|Win32
		{46F2C2DA-A38C-44CC-8518-B046D2BA6527}.Release|x86.Build.0 = Release|Win32
		{F650C8B8-74D2-43D3-846E-01F48B3FE750}.Debug|x64.ActiveCfg = Debug|x64
		{F650C8B8-74D2-43D3-846E-01F48B3FE750}.Debug|x64.Build.0 = Debug|x64
		{F650C8B8-74D2-43D3-846E-01F48B3FE750}.Debug|x86.ActiveCfg = Debug|Win32
		{F650C8B8-74D2-43D3-846E-01F48B3FE750}.Debug|x86.Build.0 = Debug|Win32
		{F650C8B8-74D2-43D3-846E-01F48B3FE750}.Release|x64.ActiveCfg = Release|x64
		{F650C8B8-74D2-43D3-846E-01F48B3FE750}.Release|x64.Build.0 = Release|x64
		{F650C8B8-74D2-43D3-846E-01F48B3FE750}.Release|x86.ActiveCfg = Release|Win32
		{F650C8B8-74D2-43D3-846E-01F48B3FE750}.Release|x86.Build.0 = Release|Win32
		{ED133917-02DE-4D5D-8B5F-389220432FD4}.Debug|x64.ActiveCfg = Debug|x64
		{ED133917-02DE-4D5D-8B5F-389220432FD4}.Debug|x64.Build.0 = Debug|x64
		{ED133917-02DE-4D5D-8B5F-389220432FD4}.Debug|x86.ActiveCfg = Debug|Win32
		{ED133917-02DE-4D5D-8B5F-389220432FD4}.Debug|x86.Build.0 = Debug|Win32
		{ED133917-02DE-4D5D-8B5F-389220432FD4}.Release|x64.ActiveCfg = Release|x64
		{ED133917-02DE-4D5D-8B5F-389220432FD4}.Release|x64.Build.0 = Release|x64
		{ED133917-02DE-4D5D-8B5F-389220432FD4}.Release|x86.ActiveCfg = Release|Win32
		{ED133917-02DE-4D5D-8B5F-389220432FD4}.Release|x86.Build.0 = Release|Win32
		{6483F41A-AB09-4264-8E7A-4B728FC735E8}.Debug|x64.ActiveCfg = Debug|x64
		{6483F41A-AB09-4264-8E7A-4B728FC735E8}.Debug|x64.Build.0 = Debug|x64
		{6483F41A-AB09-4264-8E7A-4B728FC735E8}.Debug|x86.ActiveCfg = Debug|Win32
		{6483F41A-AB09-4264-8E7A-4B728FC735E8}.Debug|x86.Build.0 = Debug|Win32
		{6483F41A-AB09-4264-8E7A-4B728FC735E8}.Release|x64.ActiveCfg = Release|x64
		{6483F41A-AB09-4264-8E7A-4B728FC735E8}.Release|x64.Build.0 = Release|x64
		{6483F41A-AB09-4264-8E7A-4B728FC735E8}.Release|x86.ActiveCfg = Release|Win32
		{6483F41A-AB09-4264-8E7A-4B728FC735E8}.Release|x86.Build.0 = Release|Win32
	EndGlobalSection
	GlobalSection(SolutionProperties) = preSolution
		HideSolutionNode = FALSE
	EndGlobalSection
	GlobalSection(ExtensibilityGlobals) = postSolution
		SolutionGuid = {E5397C3E-5927-4D09-995C-0AC12390C5F1}
	EndGlobalSection
EndGlobal
