
Microsoft Visual Studio Solution File, Format Version 12.00
# Visual Studio 15
VisualStudioVersion = 15.0.28307.489
MinimumVisualStudioVersion = 10.0.40219.1
Project("{8BC9CEB8-8B4A-11D0-8D11-00A0C91BC942}") = "01번", "01번\01번.vcxproj", "{E30A396C-CA05-43B4-A0B6-AEA092855438}"
EndProject
Project("{8BC9CEB8-8B4A-11D0-8D11-00A0C91BC942}") = "02번", "02번\02번.vcxproj", "{060A5634-5339-4257-9423-731118284885}"
EndProject
Project("{8BC9CEB8-8B4A-11D0-8D11-00A0C91BC942}") = "03번", "03번\03번.vcxproj", "{2C8019E3-FA61-4AE4-AB2B-0035F3E05D34}"
EndProject
Project("{8BC9CEB8-8B4A-11D0-8D11-00A0C91BC942}") = "04번", "04번\04번.vcxproj", "{607F776F-9980-402B-8D84-A021FE21EC4D}"
EndProject
Project("{8BC9CEB8-8B4A-11D0-8D11-00A0C91BC942}") = "05번", "05번\05번.vcxproj", "{E242A019-9A15-4D50-8F44-F278BAF8EEFC}"
EndProject
Project("{8BC9CEB8-8B4A-11D0-8D11-00A0C91BC942}") = "06번", "06번\06번.vcxproj", "{B1E52F6D-10D3-4F58-A527-FCBB117E481B}"
EndProject
Project("{8BC9CEB8-8B4A-11D0-8D11-00A0C91BC942}") = "07번", "07번\07번.vcxproj", "{2C4641C2-F1B9-420D-9101-43DC4CE1BFC6}"
EndProject
Project("{8BC9CEB8-8B4A-11D0-8D11-00A0C91BC942}") = "08번", "08번\08번.vcxproj", "{B93417DE-0A34-43C7-A594-1574514B7CE4}"
EndProject
Project("{8BC9CEB8-8B4A-11D0-8D11-00A0C91BC942}") = "09번.c", "09번.c\09번.c.vcxproj", "{42DD014F-1CA8-408B-8D92-D31997C8E5E4}"
EndProject
Project("{8BC9CEB8-8B4A-11D0-8D11-00A0C91BC942}") = "10번", "10번\10번.vcxproj", "{A0F8EADD-BA14-43B4-944E-8CB60CFD0255}"
EndProject
Project("{8BC9CEB8-8B4A-11D0-8D11-00A0C91BC942}") = "11번", "11번\11번.vcxproj", "{1284E85E-C4B1-4BA1-9B40-23F45704B70E}"
EndProject
Global
	GlobalSection(SolutionConfigurationPlatforms) = preSolution
		Debug|x64 = Debug|x64
		Debug|x86 = Debug|x86
		Release|x64 = Release|x64
		Release|x86 = Release|x86
	EndGlobalSection
	GlobalSection(ProjectConfigurationPlatforms) = postSolution
		{E30A396C-CA05-43B4-A0B6-AEA092855438}.Debug|x64.ActiveCfg = Debug|x64
		{E30A396C-CA05-43B4-A0B6-AEA092855438}.Debug|x64.Build.0 = Debug|x64
		{E30A396C-CA05-43B4-A0B6-AEA092855438}.Debug|x86.ActiveCfg = Debug|Win32
		{E30A396C-CA05-43B4-A0B6-AEA092855438}.Debug|x86.Build.0 = Debug|Win32
		{E30A396C-CA05-43B4-A0B6-AEA092855438}.Release|x64.ActiveCfg = Release|x64
		{E30A396C-CA05-43B4-A0B6-AEA092855438}.Release|x64.Build.0 = Release|x64
		{E30A396C-CA05-43B4-A0B6-AEA092855438}.Release|x86.ActiveCfg = Release|Win32
		{E30A396C-CA05-43B4-A0B6-AEA092855438}.Release|x86.Build.0 = Release|Win32
		{060A5634-5339-4257-9423-731118284885}.Debug|x64.ActiveCfg = Debug|x64
		{060A5634-5339-4257-9423-731118284885}.Debug|x64.Build.0 = Debug|x64
		{060A5634-5339-4257-9423-731118284885}.Debug|x86.ActiveCfg = Debug|Win32
		{060A5634-5339-4257-9423-731118284885}.Debug|x86.Build.0 = Debug|Win32
		{060A5634-5339-4257-9423-731118284885}.Release|x64.ActiveCfg = Release|x64
		{060A5634-5339-4257-9423-731118284885}.Release|x64.Build.0 = Release|x64
		{060A5634-5339-4257-9423-731118284885}.Release|x86.ActiveCfg = Release|Win32
		{060A5634-5339-4257-9423-731118284885}.Release|x86.Build.0 = Release|Win32
		{2C8019E3-FA61-4AE4-AB2B-0035F3E05D34}.Debug|x64.ActiveCfg = Debug|x64
		{2C8019E3-FA61-4AE4-AB2B-0035F3E05D34}.Debug|x64.Build.0 = Debug|x64
		{2C8019E3-FA61-4AE4-AB2B-0035F3E05D34}.Debug|x86.ActiveCfg = Debug|Win32
		{2C8019E3-FA61-4AE4-AB2B-0035F3E05D34}.Debug|x86.Build.0 = Debug|Win32
		{2C8019E3-FA61-4AE4-AB2B-0035F3E05D34}.Release|x64.ActiveCfg = Release|x64
		{2C8019E3-FA61-4AE4-AB2B-0035F3E05D34}.Release|x64.Build.0 = Release|x64
		{2C8019E3-FA61-4AE4-AB2B-0035F3E05D34}.Release|x86.ActiveCfg = Release|Win32
		{2C8019E3-FA61-4AE4-AB2B-0035F3E05D34}.Release|x86.Build.0 = Release|Win32
		{607F776F-9980-402B-8D84-A021FE21EC4D}.Debug|x64.ActiveCfg = Debug|x64
		{607F776F-9980-402B-8D84-A021FE21EC4D}.Debug|x64.Build.0 = Debug|x64
		{607F776F-9980-402B-8D84-A021FE21EC4D}.Debug|x86.ActiveCfg = Debug|Win32
		{607F776F-9980-402B-8D84-A021FE21EC4D}.Debug|x86.Build.0 = Debug|Win32
		{607F776F-9980-402B-8D84-A021FE21EC4D}.Release|x64.ActiveCfg = Release|x64
		{607F776F-9980-402B-8D84-A021FE21EC4D}.Release|x64.Build.0 = Release|x64
		{607F776F-9980-402B-8D84-A021FE21EC4D}.Release|x86.ActiveCfg = Release|Win32
		{607F776F-9980-402B-8D84-A021FE21EC4D}.Release|x86.Build.0 = Release|Win32
		{E242A019-9A15-4D50-8F44-F278BAF8EEFC}.Debug|x64.ActiveCfg = Debug|x64
		{E242A019-9A15-4D50-8F44-F278BAF8EEFC}.Debug|x64.Build.0 = Debug|x64
		{E242A019-9A15-4D50-8F44-F278BAF8EEFC}.Debug|x86.ActiveCfg = Debug|Win32
		{E242A019-9A15-4D50-8F44-F278BAF8EEFC}.Debug|x86.Build.0 = Debug|Win32
		{E242A019-9A15-4D50-8F44-F278BAF8EEFC}.Release|x64.ActiveCfg = Release|x64
		{E242A019-9A15-4D50-8F44-F278BAF8EEFC}.Release|x64.Build.0 = Release|x64
		{E242A019-9A15-4D50-8F44-F278BAF8EEFC}.Release|x86.ActiveCfg = Release|Win32
		{E242A019-9A15-4D50-8F44-F278BAF8EEFC}.Release|x86.Build.0 = Release|Win32
		{B1E52F6D-10D3-4F58-A527-FCBB117E481B}.Debug|x64.ActiveCfg = Debug|x64
		{B1E52F6D-10D3-4F58-A527-FCBB117E481B}.Debug|x64.Build.0 = Debug|x64
		{B1E52F6D-10D3-4F58-A527-FCBB117E481B}.Debug|x86.ActiveCfg = Debug|Win32
		{B1E52F6D-10D3-4F58-A527-FCBB117E481B}.Debug|x86.Build.0 = Debug|Win32
		{B1E52F6D-10D3-4F58-A527-FCBB117E481B}.Release|x64.ActiveCfg = Release|x64
		{B1E52F6D-10D3-4F58-A527-FCBB117E481B}.Release|x64.Build.0 = Release|x64
		{B1E52F6D-10D3-4F58-A527-FCBB117E481B}.Release|x86.ActiveCfg = Release|Win32
		{B1E52F6D-10D3-4F58-A527-FCBB117E481B}.Release|x86.Build.0 = Release|Win32
		{2C4641C2-F1B9-420D-9101-43DC4CE1BFC6}.Debug|x64.ActiveCfg = Debug|x64
		{2C4641C2-F1B9-420D-9101-43DC4CE1BFC6}.Debug|x64.Build.0 = Debug|x64
		{2C4641C2-F1B9-420D-9101-43DC4CE1BFC6}.Debug|x86.ActiveCfg = Debug|Win32
		{2C4641C2-F1B9-420D-9101-43DC4CE1BFC6}.Debug|x86.Build.0 = Debug|Win32
		{2C4641C2-F1B9-420D-9101-43DC4CE1BFC6}.Release|x64.ActiveCfg = Release|x64
		{2C4641C2-F1B9-420D-9101-43DC4CE1BFC6}.Release|x64.Build.0 = Release|x64
		{2C4641C2-F1B9-420D-9101-43DC4CE1BFC6}.Release|x86.ActiveCfg = Release|Win32
		{2C4641C2-F1B9-420D-9101-43DC4CE1BFC6}.Release|x86.Build.0 = Release|Win32
		{B93417DE-0A34-43C7-A594-1574514B7CE4}.Debug|x64.ActiveCfg = Debug|x64
		{B93417DE-0A34-43C7-A594-1574514B7CE4}.Debug|x64.Build.0 = Debug|x64
		{B93417DE-0A34-43C7-A594-1574514B7CE4}.Debug|x86.ActiveCfg = Debug|Win32
		{B93417DE-0A34-43C7-A594-1574514B7CE4}.Debug|x86.Build.0 = Debug|Win32
		{B93417DE-0A34-43C7-A594-1574514B7CE4}.Release|x64.ActiveCfg = Release|x64
		{B93417DE-0A34-43C7-A594-1574514B7CE4}.Release|x64.Build.0 = Release|x64
		{B93417DE-0A34-43C7-A594-1574514B7CE4}.Release|x86.ActiveCfg = Release|Win32
		{B93417DE-0A34-43C7-A594-1574514B7CE4}.Release|x86.Build.0 = Release|Win32
		{42DD014F-1CA8-408B-8D92-D31997C8E5E4}.Debug|x64.ActiveCfg = Debug|x64
		{42DD014F-1CA8-408B-8D92-D31997C8E5E4}.Debug|x64.Build.0 = Debug|x64
		{42DD014F-1CA8-408B-8D92-D31997C8E5E4}.Debug|x86.ActiveCfg = Debug|Win32
		{42DD014F-1CA8-408B-8D92-D31997C8E5E4}.Debug|x86.Build.0 = Debug|Win32
		{42DD014F-1CA8-408B-8D92-D31997C8E5E4}.Release|x64.ActiveCfg = Release|x64
		{42DD014F-1CA8-408B-8D92-D31997C8E5E4}.Release|x64.Build.0 = Release|x64
		{42DD014F-1CA8-408B-8D92-D31997C8E5E4}.Release|x86.ActiveCfg = Release|Win32
		{42DD014F-1CA8-408B-8D92-D31997C8E5E4}.Release|x86.Build.0 = Release|Win32
		{A0F8EADD-BA14-43B4-944E-8CB60CFD0255}.Debug|x64.ActiveCfg = Debug|x64
		{A0F8EADD-BA14-43B4-944E-8CB60CFD0255}.Debug|x64.Build.0 = Debug|x64
		{A0F8EADD-BA14-43B4-944E-8CB60CFD0255}.Debug|x86.ActiveCfg = Debug|Win32
		{A0F8EADD-BA14-43B4-944E-8CB60CFD0255}.Debug|x86.Build.0 = Debug|Win32
		{A0F8EADD-BA14-43B4-944E-8CB60CFD0255}.Release|x64.ActiveCfg = Release|x64
		{A0F8EADD-BA14-43B4-944E-8CB60CFD0255}.Release|x64.Build.0 = Release|x64
		{A0F8EADD-BA14-43B4-944E-8CB60CFD0255}.Release|x86.ActiveCfg = Release|Win32
		{A0F8EADD-BA14-43B4-944E-8CB60CFD0255}.Release|x86.Build.0 = Release|Win32
		{1284E85E-C4B1-4BA1-9B40-23F45704B70E}.Debug|x64.ActiveCfg = Debug|x64
		{1284E85E-C4B1-4BA1-9B40-23F45704B70E}.Debug|x64.Build.0 = Debug|x64
		{1284E85E-C4B1-4BA1-9B40-23F45704B70E}.Debug|x86.ActiveCfg = Debug|Win32
		{1284E85E-C4B1-4BA1-9B40-23F45704B70E}.Debug|x86.Build.0 = Debug|Win32
		{1284E85E-C4B1-4BA1-9B40-23F45704B70E}.Release|x64.ActiveCfg = Release|x64
		{1284E85E-C4B1-4BA1-9B40-23F45704B70E}.Release|x64.Build.0 = Release|x64
		{1284E85E-C4B1-4BA1-9B40-23F45704B70E}.Release|x86.ActiveCfg = Release|Win32
		{1284E85E-C4B1-4BA1-9B40-23F45704B70E}.Release|x86.Build.0 = Release|Win32
	EndGlobalSection
	GlobalSection(SolutionProperties) = preSolution
		HideSolutionNode = FALSE
	EndGlobalSection
	GlobalSection(ExtensibilityGlobals) = postSolution
		SolutionGuid = {4BF0AC24-9B7F-4CFB-A99E-F99B00966FEE}
	EndGlobalSection
EndGlobal
