
Microsoft Visual Studio Solution File, Format Version 12.00
# Visual Studio 15
VisualStudioVersion = 15.0.28307.489
MinimumVisualStudioVersion = 10.0.40219.1
Project("{8BC9CEB8-8B4A-11D0-8D11-00A0C91BC942}") = "01번", "6장 연습문제-1\6장 연습문제-1.vcxproj", "{9D0142CA-DCE9-409C-A562-66E045ED3F6F}"
EndProject
Project("{8BC9CEB8-8B4A-11D0-8D11-00A0C91BC942}") = "02번", "02번\02번.vcxproj", "{CFD78729-6832-4077-AF6A-07A64A0BAC26}"
EndProject
Project("{8BC9CEB8-8B4A-11D0-8D11-00A0C91BC942}") = "03번", "03번\03번.vcxproj", "{87F7BBFC-CA1A-42E7-8D08-33A0A3ED25B1}"
EndProject
Project("{8BC9CEB8-8B4A-11D0-8D11-00A0C91BC942}") = "04번", "04번\04번.vcxproj", "{B1B1149F-FFB6-4DFF-8EB5-700A7E8901A4}"
EndProject
Project("{8BC9CEB8-8B4A-11D0-8D11-00A0C91BC942}") = "05번", "05번\05번.vcxproj", "{B7470A4E-056D-4AC1-97E2-E6DE35F080C6}"
EndProject
Project("{8BC9CEB8-8B4A-11D0-8D11-00A0C91BC942}") = "06번", "06번\06번.vcxproj", "{C4E8BB36-4360-496D-9A63-3A6CB43B70A1}"
EndProject
Project("{8BC9CEB8-8B4A-11D0-8D11-00A0C91BC942}") = "07번", "07번\07번.vcxproj", "{5FDC964B-1D66-4290-B55B-823F2593A77F}"
EndProject
Project("{8BC9CEB8-8B4A-11D0-8D11-00A0C91BC942}") = "08번", "08번\08번.vcxproj", "{B89F85CA-E673-48E8-A09B-E0598A35816B}"
EndProject
Project("{8BC9CEB8-8B4A-11D0-8D11-00A0C91BC942}") = "09번", "09번\09번.vcxproj", "{A23327DE-4719-4E93-BB86-088AB46B133A}"
EndProject
Project("{8BC9CEB8-8B4A-11D0-8D11-00A0C91BC942}") = "10번", "10번\10번.vcxproj", "{FE795B18-2385-4ADF-82D8-CA7AFC68F190}"
EndProject
Project("{8BC9CEB8-8B4A-11D0-8D11-00A0C91BC942}") = "11번", "11번\11번.vcxproj", "{DAC53BE5-30D2-4E48-A9CD-47A9D08B3316}"
EndProject
Global
	GlobalSection(SolutionConfigurationPlatforms) = preSolution
		Debug|x64 = Debug|x64
		Debug|x86 = Debug|x86
		Release|x64 = Release|x64
		Release|x86 = Release|x86
	EndGlobalSection
	GlobalSection(ProjectConfigurationPlatforms) = postSolution
		{9D0142CA-DCE9-409C-A562-66E045ED3F6F}.Debug|x64.ActiveCfg = Debug|x64
		{9D0142CA-DCE9-409C-A562-66E045ED3F6F}.Debug|x64.Build.0 = Debug|x64
		{9D0142CA-DCE9-409C-A562-66E045ED3F6F}.Debug|x86.ActiveCfg = Debug|Win32
		{9D0142CA-DCE9-409C-A562-66E045ED3F6F}.Debug|x86.Build.0 = Debug|Win32
		{9D0142CA-DCE9-409C-A562-66E045ED3F6F}.Release|x64.ActiveCfg = Release|x64
		{9D0142CA-DCE9-409C-A562-66E045ED3F6F}.Release|x64.Build.0 = Release|x64
		{9D0142CA-DCE9-409C-A562-66E045ED3F6F}.Release|x86.ActiveCfg = Release|Win32
		{9D0142CA-DCE9-409C-A562-66E045ED3F6F}.Release|x86.Build.0 = Release|Win32
		{CFD78729-6832-4077-AF6A-07A64A0BAC26}.Debug|x64.ActiveCfg = Debug|x64
		{CFD78729-6832-4077-AF6A-07A64A0BAC26}.Debug|x64.Build.0 = Debug|x64
		{CFD78729-6832-4077-AF6A-07A64A0BAC26}.Debug|x86.ActiveCfg = Debug|Win32
		{CFD78729-6832-4077-AF6A-07A64A0BAC26}.Debug|x86.Build.0 = Debug|Win32
		{CFD78729-6832-4077-AF6A-07A64A0BAC26}.Release|x64.ActiveCfg = Release|x64
		{CFD78729-6832-4077-AF6A-07A64A0BAC26}.Release|x64.Build.0 = Release|x64
		{CFD78729-6832-4077-AF6A-07A64A0BAC26}.Release|x86.ActiveCfg = Release|Win32
		{CFD78729-6832-4077-AF6A-07A64A0BAC26}.Release|x86.Build.0 = Release|Win32
		{87F7BBFC-CA1A-42E7-8D08-33A0A3ED25B1}.Debug|x64.ActiveCfg = Debug|x64
		{87F7BBFC-CA1A-42E7-8D08-33A0A3ED25B1}.Debug|x64.Build.0 = Debug|x64
		{87F7BBFC-CA1A-42E7-8D08-33A0A3ED25B1}.Debug|x86.ActiveCfg = Debug|Win32
		{87F7BBFC-CA1A-42E7-8D08-33A0A3ED25B1}.Debug|x86.Build.0 = Debug|Win32
		{87F7BBFC-CA1A-42E7-8D08-33A0A3ED25B1}.Release|x64.ActiveCfg = Release|x64
		{87F7BBFC-CA1A-42E7-8D08-33A0A3ED25B1}.Release|x64.Build.0 = Release|x64
		{87F7BBFC-CA1A-42E7-8D08-33A0A3ED25B1}.Release|x86.ActiveCfg = Release|Win32
		{87F7BBFC-CA1A-42E7-8D08-33A0A3ED25B1}.Release|x86.Build.0 = Release|Win32
		{B1B1149F-FFB6-4DFF-8EB5-700A7E8901A4}.Debug|x64.ActiveCfg = Debug|x64
		{B1B1149F-FFB6-4DFF-8EB5-700A7E8901A4}.Debug|x64.Build.0 = Debug|x64
		{B1B1149F-FFB6-4DFF-8EB5-700A7E8901A4}.Debug|x86.ActiveCfg = Debug|Win32
		{B1B1149F-FFB6-4DFF-8EB5-700A7E8901A4}.Debug|x86.Build.0 = Debug|Win32
		{B1B1149F-FFB6-4DFF-8EB5-700A7E8901A4}.Release|x64.ActiveCfg = Release|x64
		{B1B1149F-FFB6-4DFF-8EB5-700A7E8901A4}.Release|x64.Build.0 = Release|x64
		{B1B1149F-FFB6-4DFF-8EB5-700A7E8901A4}.Release|x86.ActiveCfg = Release|Win32
		{B1B1149F-FFB6-4DFF-8EB5-700A7E8901A4}.Release|x86.Build.0 = Release|Win32
		{B7470A4E-056D-4AC1-97E2-E6DE35F080C6}.Debug|x64.ActiveCfg = Debug|x64
		{B7470A4E-056D-4AC1-97E2-E6DE35F080C6}.Debug|x64.Build.0 = Debug|x64
		{B7470A4E-056D-4AC1-97E2-E6DE35F080C6}.Debug|x86.ActiveCfg = Debug|Win32
		{B7470A4E-056D-4AC1-97E2-E6DE35F080C6}.Debug|x86.Build.0 = Debug|Win32
		{B7470A4E-056D-4AC1-97E2-E6DE35F080C6}.Release|x64.ActiveCfg = Release|x64
		{B7470A4E-056D-4AC1-97E2-E6DE35F080C6}.Release|x64.Build.0 = Release|x64
		{B7470A4E-056D-4AC1-97E2-E6DE35F080C6}.Release|x86.ActiveCfg = Release|Win32
		{B7470A4E-056D-4AC1-97E2-E6DE35F080C6}.Release|x86.Build.0 = Release|Win32
		{C4E8BB36-4360-496D-9A63-3A6CB43B70A1}.Debug|x64.ActiveCfg = Debug|x64
		{C4E8BB36-4360-496D-9A63-3A6CB43B70A1}.Debug|x64.Build.0 = Debug|x64
		{C4E8BB36-4360-496D-9A63-3A6CB43B70A1}.Debug|x86.ActiveCfg = Debug|Win32
		{C4E8BB36-4360-496D-9A63-3A6CB43B70A1}.Debug|x86.Build.0 = Debug|Win32
		{C4E8BB36-4360-496D-9A63-3A6CB43B70A1}.Release|x64.ActiveCfg = Release|x64
		{C4E8BB36-4360-496D-9A63-3A6CB43B70A1}.Release|x64.Build.0 = Release|x64
		{C4E8BB36-4360-496D-9A63-3A6CB43B70A1}.Release|x86.ActiveCfg = Release|Win32
		{C4E8BB36-4360-496D-9A63-3A6CB43B70A1}.Release|x86.Build.0 = Release|Win32
		{5FDC964B-1D66-4290-B55B-823F2593A77F}.Debug|x64.ActiveCfg = Debug|x64
		{5FDC964B-1D66-4290-B55B-823F2593A77F}.Debug|x64.Build.0 = Debug|x64
		{5FDC964B-1D66-4290-B55B-823F2593A77F}.Debug|x86.ActiveCfg = Debug|Win32
		{5FDC964B-1D66-4290-B55B-823F2593A77F}.Debug|x86.Build.0 = Debug|Win32
		{5FDC964B-1D66-4290-B55B-823F2593A77F}.Release|x64.ActiveCfg = Release|x64
		{5FDC964B-1D66-4290-B55B-823F2593A77F}.Release|x64.Build.0 = Release|x64
		{5FDC964B-1D66-4290-B55B-823F2593A77F}.Release|x86.ActiveCfg = Release|Win32
		{5FDC964B-1D66-4290-B55B-823F2593A77F}.Release|x86.Build.0 = Release|Win32
		{B89F85CA-E673-48E8-A09B-E0598A35816B}.Debug|x64.ActiveCfg = Debug|x64
		{B89F85CA-E673-48E8-A09B-E0598A35816B}.Debug|x64.Build.0 = Debug|x64
		{B89F85CA-E673-48E8-A09B-E0598A35816B}.Debug|x86.ActiveCfg = Debug|Win32
		{B89F85CA-E673-48E8-A09B-E0598A35816B}.Debug|x86.Build.0 = Debug|Win32
		{B89F85CA-E673-48E8-A09B-E0598A35816B}.Release|x64.ActiveCfg = Release|x64
		{B89F85CA-E673-48E8-A09B-E0598A35816B}.Release|x64.Build.0 = Release|x64
		{B89F85CA-E673-48E8-A09B-E0598A35816B}.Release|x86.ActiveCfg = Release|Win32
		{B89F85CA-E673-48E8-A09B-E0598A35816B}.Release|x86.Build.0 = Release|Win32
		{A23327DE-4719-4E93-BB86-088AB46B133A}.Debug|x64.ActiveCfg = Debug|x64
		{A23327DE-4719-4E93-BB86-088AB46B133A}.Debug|x64.Build.0 = Debug|x64
		{A23327DE-4719-4E93-BB86-088AB46B133A}.Debug|x86.ActiveCfg = Debug|Win32
		{A23327DE-4719-4E93-BB86-088AB46B133A}.Debug|x86.Build.0 = Debug|Win32
		{A23327DE-4719-4E93-BB86-088AB46B133A}.Release|x64.ActiveCfg = Release|x64
		{A23327DE-4719-4E93-BB86-088AB46B133A}.Release|x64.Build.0 = Release|x64
		{A23327DE-4719-4E93-BB86-088AB46B133A}.Release|x86.ActiveCfg = Release|Win32
		{A23327DE-4719-4E93-BB86-088AB46B133A}.Release|x86.Build.0 = Release|Win32
		{FE795B18-2385-4ADF-82D8-CA7AFC68F190}.Debug|x64.ActiveCfg = Debug|x64
		{FE795B18-2385-4ADF-82D8-CA7AFC68F190}.Debug|x64.Build.0 = Debug|x64
		{FE795B18-2385-4ADF-82D8-CA7AFC68F190}.Debug|x86.ActiveCfg = Debug|Win32
		{FE795B18-2385-4ADF-82D8-CA7AFC68F190}.Debug|x86.Build.0 = Debug|Win32
		{FE795B18-2385-4ADF-82D8-CA7AFC68F190}.Release|x64.ActiveCfg = Release|x64
		{FE795B18-2385-4ADF-82D8-CA7AFC68F190}.Release|x64.Build.0 = Release|x64
		{FE795B18-2385-4ADF-82D8-CA7AFC68F190}.Release|x86.ActiveCfg = Release|Win32
		{FE795B18-2385-4ADF-82D8-CA7AFC68F190}.Release|x86.Build.0 = Release|Win32
		{DAC53BE5-30D2-4E48-A9CD-47A9D08B3316}.Debug|x64.ActiveCfg = Debug|x64
		{DAC53BE5-30D2-4E48-A9CD-47A9D08B3316}.Debug|x64.Build.0 = Debug|x64
		{DAC53BE5-30D2-4E48-A9CD-47A9D08B3316}.Debug|x86.ActiveCfg = Debug|Win32
		{DAC53BE5-30D2-4E48-A9CD-47A9D08B3316}.Debug|x86.Build.0 = Debug|Win32
		{DAC53BE5-30D2-4E48-A9CD-47A9D08B3316}.Release|x64.ActiveCfg = Release|x64
		{DAC53BE5-30D2-4E48-A9CD-47A9D08B3316}.Release|x64.Build.0 = Release|x64
		{DAC53BE5-30D2-4E48-A9CD-47A9D08B3316}.Release|x86.ActiveCfg = Release|Win32
		{DAC53BE5-30D2-4E48-A9CD-47A9D08B3316}.Release|x86.Build.0 = Release|Win32
	EndGlobalSection
	GlobalSection(SolutionProperties) = preSolution
		HideSolutionNode = FALSE
	EndGlobalSection
	GlobalSection(ExtensibilityGlobals) = postSolution
		SolutionGuid = {70263950-607C-4BCA-A652-7CAD6A06F1FB}
	EndGlobalSection
EndGlobal
