
Microsoft Visual Studio Solution File, Format Version 12.00
# Visual Studio Version 16
VisualStudioVersion = 16.0.29215.179
MinimumVisualStudioVersion = 10.0.40219.1
Project("{8BC9CEB8-8B4A-11D0-8D11-00A0C91BC942}") = "01번", "01번\01번.vcxproj", "{1337A578-2EAB-44EE-81D0-DA6503B3932D}"
EndProject
Project("{8BC9CEB8-8B4A-11D0-8D11-00A0C91BC942}") = "02번", "02번\02번.vcxproj", "{9164B75A-7379-4968-A99C-E87581724D22}"
EndProject
Project("{8BC9CEB8-8B4A-11D0-8D11-00A0C91BC942}") = "03번", "03번\03번.vcxproj", "{B2A0DFAD-58FD-4D3C-9924-2102B0EBDABE}"
EndProject
Project("{8BC9CEB8-8B4A-11D0-8D11-00A0C91BC942}") = "04번", "04번\04번.vcxproj", "{2CD32275-AE9E-4E03-98FA-E6813F3A42C6}"
EndProject
Project("{8BC9CEB8-8B4A-11D0-8D11-00A0C91BC942}") = "05번", "05번\05번.vcxproj", "{554995C6-28EF-4679-9108-438B5DD65EB1}"
EndProject
Project("{8BC9CEB8-8B4A-11D0-8D11-00A0C91BC942}") = "06번", "06번\06번.vcxproj", "{415C650C-0FB1-43F9-81FF-61DE4F2FDBE0}"
EndProject
Project("{8BC9CEB8-8B4A-11D0-8D11-00A0C91BC942}") = "07번", "07번\07번.vcxproj", "{32953881-DBCC-40FE-8C62-A924C3C5671B}"
EndProject
Project("{8BC9CEB8-8B4A-11D0-8D11-00A0C91BC942}") = "08번", "08번\08번.vcxproj", "{B7C22ED1-CD32-4247-956B-9C800D08F41C}"
EndProject
Project("{8BC9CEB8-8B4A-11D0-8D11-00A0C91BC942}") = "09번", "09번\09번.vcxproj", "{99D80664-7641-4E5C-8375-04DB310ADDA7}"
EndProject
Project("{8BC9CEB8-8B4A-11D0-8D11-00A0C91BC942}") = "10번", "10번\10번.vcxproj", "{B7E4E9A2-D860-479A-87BE-889F51410AA0}"
EndProject
Project("{8BC9CEB8-8B4A-11D0-8D11-00A0C91BC942}") = "11번", "11번\11번.vcxproj", "{68FFC882-E24D-4CFC-8280-EDB02C920E4C}"
EndProject
Project("{8BC9CEB8-8B4A-11D0-8D11-00A0C91BC942}") = "12번", "12번\12번.vcxproj", "{214B6BBC-3749-4618-A266-CE3516C63A42}"
EndProject
Global
	GlobalSection(SolutionConfigurationPlatforms) = preSolution
		Debug|x64 = Debug|x64
		Debug|x86 = Debug|x86
		Release|x64 = Release|x64
		Release|x86 = Release|x86
	EndGlobalSection
	GlobalSection(ProjectConfigurationPlatforms) = postSolution
		{1337A578-2EAB-44EE-81D0-DA6503B3932D}.Debug|x64.ActiveCfg = Debug|x64
		{1337A578-2EAB-44EE-81D0-DA6503B3932D}.Debug|x64.Build.0 = Debug|x64
		{1337A578-2EAB-44EE-81D0-DA6503B3932D}.Debug|x86.ActiveCfg = Debug|Win32
		{1337A578-2EAB-44EE-81D0-DA6503B3932D}.Debug|x86.Build.0 = Debug|Win32
		{1337A578-2EAB-44EE-81D0-DA6503B3932D}.Release|x64.ActiveCfg = Release|x64
		{1337A578-2EAB-44EE-81D0-DA6503B3932D}.Release|x64.Build.0 = Release|x64
		{1337A578-2EAB-44EE-81D0-DA6503B3932D}.Release|x86.ActiveCfg = Release|Win32
		{1337A578-2EAB-44EE-81D0-DA6503B3932D}.Release|x86.Build.0 = Release|Win32
		{9164B75A-7379-4968-A99C-E87581724D22}.Debug|x64.ActiveCfg = Debug|x64
		{9164B75A-7379-4968-A99C-E87581724D22}.Debug|x64.Build.0 = Debug|x64
		{9164B75A-7379-4968-A99C-E87581724D22}.Debug|x86.ActiveCfg = Debug|Win32
		{9164B75A-7379-4968-A99C-E87581724D22}.Debug|x86.Build.0 = Debug|Win32
		{9164B75A-7379-4968-A99C-E87581724D22}.Release|x64.ActiveCfg = Release|x64
		{9164B75A-7379-4968-A99C-E87581724D22}.Release|x64.Build.0 = Release|x64
		{9164B75A-7379-4968-A99C-E87581724D22}.Release|x86.ActiveCfg = Release|Win32
		{9164B75A-7379-4968-A99C-E87581724D22}.Release|x86.Build.0 = Release|Win32
		{B2A0DFAD-58FD-4D3C-9924-2102B0EBDABE}.Debug|x64.ActiveCfg = Debug|x64
		{B2A0DFAD-58FD-4D3C-9924-2102B0EBDABE}.Debug|x64.Build.0 = Debug|x64
		{B2A0DFAD-58FD-4D3C-9924-2102B0EBDABE}.Debug|x86.ActiveCfg = Debug|Win32
		{B2A0DFAD-58FD-4D3C-9924-2102B0EBDABE}.Debug|x86.Build.0 = Debug|Win32
		{B2A0DFAD-58FD-4D3C-9924-2102B0EBDABE}.Release|x64.ActiveCfg = Release|x64
		{B2A0DFAD-58FD-4D3C-9924-2102B0EBDABE}.Release|x64.Build.0 = Release|x64
		{B2A0DFAD-58FD-4D3C-9924-2102B0EBDABE}.Release|x86.ActiveCfg = Release|Win32
		{B2A0DFAD-58FD-4D3C-9924-2102B0EBDABE}.Release|x86.Build.0 = Release|Win32
		{2CD32275-AE9E-4E03-98FA-E6813F3A42C6}.Debug|x64.ActiveCfg = Debug|x64
		{2CD32275-AE9E-4E03-98FA-E6813F3A42C6}.Debug|x64.Build.0 = Debug|x64
		{2CD32275-AE9E-4E03-98FA-E6813F3A42C6}.Debug|x86.ActiveCfg = Debug|Win32
		{2CD32275-AE9E-4E03-98FA-E6813F3A42C6}.Debug|x86.Build.0 = Debug|Win32
		{2CD32275-AE9E-4E03-98FA-E6813F3A42C6}.Release|x64.ActiveCfg = Release|x64
		{2CD32275-AE9E-4E03-98FA-E6813F3A42C6}.Release|x64.Build.0 = Release|x64
		{2CD32275-AE9E-4E03-98FA-E6813F3A42C6}.Release|x86.ActiveCfg = Release|Win32
		{2CD32275-AE9E-4E03-98FA-E6813F3A42C6}.Release|x86.Build.0 = Release|Win32
		{554995C6-28EF-4679-9108-438B5DD65EB1}.Debug|x64.ActiveCfg = Debug|x64
		{554995C6-28EF-4679-9108-438B5DD65EB1}.Debug|x64.Build.0 = Debug|x64
		{554995C6-28EF-4679-9108-438B5DD65EB1}.Debug|x86.ActiveCfg = Debug|Win32
		{554995C6-28EF-4679-9108-438B5DD65EB1}.Debug|x86.Build.0 = Debug|Win32
		{554995C6-28EF-4679-9108-438B5DD65EB1}.Release|x64.ActiveCfg = Release|x64
		{554995C6-28EF-4679-9108-438B5DD65EB1}.Release|x64.Build.0 = Release|x64
		{554995C6-28EF-4679-9108-438B5DD65EB1}.Release|x86.ActiveCfg = Release|Win32
		{554995C6-28EF-4679-9108-438B5DD65EB1}.Release|x86.Build.0 = Release|Win32
		{415C650C-0FB1-43F9-81FF-61DE4F2FDBE0}.Debug|x64.ActiveCfg = Debug|x64
		{415C650C-0FB1-43F9-81FF-61DE4F2FDBE0}.Debug|x64.Build.0 = Debug|x64
		{415C650C-0FB1-43F9-81FF-61DE4F2FDBE0}.Debug|x86.ActiveCfg = Debug|Win32
		{415C650C-0FB1-43F9-81FF-61DE4F2FDBE0}.Debug|x86.Build.0 = Debug|Win32
		{415C650C-0FB1-43F9-81FF-61DE4F2FDBE0}.Release|x64.ActiveCfg = Release|x64
		{415C650C-0FB1-43F9-81FF-61DE4F2FDBE0}.Release|x64.Build.0 = Release|x64
		{415C650C-0FB1-43F9-81FF-61DE4F2FDBE0}.Release|x86.ActiveCfg = Release|Win32
		{415C650C-0FB1-43F9-81FF-61DE4F2FDBE0}.Release|x86.Build.0 = Release|Win32
		{32953881-DBCC-40FE-8C62-A924C3C5671B}.Debug|x64.ActiveCfg = Debug|x64
		{32953881-DBCC-40FE-8C62-A924C3C5671B}.Debug|x64.Build.0 = Debug|x64
		{32953881-DBCC-40FE-8C62-A924C3C5671B}.Debug|x86.ActiveCfg = Debug|Win32
		{32953881-DBCC-40FE-8C62-A924C3C5671B}.Debug|x86.Build.0 = Debug|Win32
		{32953881-DBCC-40FE-8C62-A924C3C5671B}.Release|x64.ActiveCfg = Release|x64
		{32953881-DBCC-40FE-8C62-A924C3C5671B}.Release|x64.Build.0 = Release|x64
		{32953881-DBCC-40FE-8C62-A924C3C5671B}.Release|x86.ActiveCfg = Release|Win32
		{32953881-DBCC-40FE-8C62-A924C3C5671B}.Release|x86.Build.0 = Release|Win32
		{B7C22ED1-CD32-4247-956B-9C800D08F41C}.Debug|x64.ActiveCfg = Debug|x64
		{B7C22ED1-CD32-4247-956B-9C800D08F41C}.Debug|x64.Build.0 = Debug|x64
		{B7C22ED1-CD32-4247-956B-9C800D08F41C}.Debug|x86.ActiveCfg = Debug|Win32
		{B7C22ED1-CD32-4247-956B-9C800D08F41C}.Debug|x86.Build.0 = Debug|Win32
		{B7C22ED1-CD32-4247-956B-9C800D08F41C}.Release|x64.ActiveCfg = Release|x64
		{B7C22ED1-CD32-4247-956B-9C800D08F41C}.Release|x64.Build.0 = Release|x64
		{B7C22ED1-CD32-4247-956B-9C800D08F41C}.Release|x86.ActiveCfg = Release|Win32
		{B7C22ED1-CD32-4247-956B-9C800D08F41C}.Release|x86.Build.0 = Release|Win32
		{99D80664-7641-4E5C-8375-04DB310ADDA7}.Debug|x64.ActiveCfg = Debug|x64
		{99D80664-7641-4E5C-8375-04DB310ADDA7}.Debug|x64.Build.0 = Debug|x64
		{99D80664-7641-4E5C-8375-04DB310ADDA7}.Debug|x86.ActiveCfg = Debug|Win32
		{99D80664-7641-4E5C-8375-04DB310ADDA7}.Debug|x86.Build.0 = Debug|Win32
		{99D80664-7641-4E5C-8375-04DB310ADDA7}.Release|x64.ActiveCfg = Release|x64
		{99D80664-7641-4E5C-8375-04DB310ADDA7}.Release|x64.Build.0 = Release|x64
		{99D80664-7641-4E5C-8375-04DB310ADDA7}.Release|x86.ActiveCfg = Release|Win32
		{99D80664-7641-4E5C-8375-04DB310ADDA7}.Release|x86.Build.0 = Release|Win32
		{B7E4E9A2-D860-479A-87BE-889F51410AA0}.Debug|x64.ActiveCfg = Debug|x64
		{B7E4E9A2-D860-479A-87BE-889F51410AA0}.Debug|x64.Build.0 = Debug|x64
		{B7E4E9A2-D860-479A-87BE-889F51410AA0}.Debug|x86.ActiveCfg = Debug|Win32
		{B7E4E9A2-D860-479A-87BE-889F51410AA0}.Debug|x86.Build.0 = Debug|Win32
		{B7E4E9A2-D860-479A-87BE-889F51410AA0}.Release|x64.ActiveCfg = Release|x64
		{B7E4E9A2-D860-479A-87BE-889F51410AA0}.Release|x64.Build.0 = Release|x64
		{B7E4E9A2-D860-479A-87BE-889F51410AA0}.Release|x86.ActiveCfg = Release|Win32
		{B7E4E9A2-D860-479A-87BE-889F51410AA0}.Release|x86.Build.0 = Release|Win32
		{68FFC882-E24D-4CFC-8280-EDB02C920E4C}.Debug|x64.ActiveCfg = Debug|x64
		{68FFC882-E24D-4CFC-8280-EDB02C920E4C}.Debug|x64.Build.0 = Debug|x64
		{68FFC882-E24D-4CFC-8280-EDB02C920E4C}.Debug|x86.ActiveCfg = Debug|Win32
		{68FFC882-E24D-4CFC-8280-EDB02C920E4C}.Debug|x86.Build.0 = Debug|Win32
		{68FFC882-E24D-4CFC-8280-EDB02C920E4C}.Release|x64.ActiveCfg = Release|x64
		{68FFC882-E24D-4CFC-8280-EDB02C920E4C}.Release|x64.Build.0 = Release|x64
		{68FFC882-E24D-4CFC-8280-EDB02C920E4C}.Release|x86.ActiveCfg = Release|Win32
		{68FFC882-E24D-4CFC-8280-EDB02C920E4C}.Release|x86.Build.0 = Release|Win32
		{214B6BBC-3749-4618-A266-CE3516C63A42}.Debug|x64.ActiveCfg = Debug|x64
		{214B6BBC-3749-4618-A266-CE3516C63A42}.Debug|x64.Build.0 = Debug|x64
		{214B6BBC-3749-4618-A266-CE3516C63A42}.Debug|x86.ActiveCfg = Debug|Win32
		{214B6BBC-3749-4618-A266-CE3516C63A42}.Debug|x86.Build.0 = Debug|Win32
		{214B6BBC-3749-4618-A266-CE3516C63A42}.Release|x64.ActiveCfg = Release|x64
		{214B6BBC-3749-4618-A266-CE3516C63A42}.Release|x64.Build.0 = Release|x64
		{214B6BBC-3749-4618-A266-CE3516C63A42}.Release|x86.ActiveCfg = Release|Win32
		{214B6BBC-3749-4618-A266-CE3516C63A42}.Release|x86.Build.0 = Release|Win32
	EndGlobalSection
	GlobalSection(SolutionProperties) = preSolution
		HideSolutionNode = FALSE
	EndGlobalSection
	GlobalSection(ExtensibilityGlobals) = postSolution
		SolutionGuid = {32107D4C-9824-40B9-B4F2-D53DC9FAAC8A}
	EndGlobalSection
EndGlobal
