
Microsoft Visual Studio Solution File, Format Version 12.00
# Visual Studio Version 16
VisualStudioVersion = 16.0.30413.136
MinimumVisualStudioVersion = 10.0.40219.1
Project("{FAE04EC0-301F-11D3-BF4B-00C04F79EFBC}") = "01", "01.csproj", "{0B994BB5-599E-4296-A5CB-98A294B04924}"
EndProject
Project("{FAE04EC0-301F-11D3-BF4B-00C04F79EFBC}") = "02", "..\02\02.csproj", "{3A6E3847-F0E3-4F57-A1C2-8990DF0DF061}"
EndProject
Project("{FAE04EC0-301F-11D3-BF4B-00C04F79EFBC}") = "01-1", "..\01-1\01-1.csproj", "{7D4D6CB0-A685-4FC3-8B6E-A97F6B09B086}"
EndProject
Project("{FAE04EC0-301F-11D3-BF4B-00C04F79EFBC}") = "02-1", "..\02-1\02-1.csproj", "{813FB17E-98CB-43CE-A52C-33254B7C7424}"
EndProject
Project("{FAE04EC0-301F-11D3-BF4B-00C04F79EFBC}") = "03", "..\03\03.csproj", "{C1E5D41D-D793-4CA2-BE89-1E2A37688A7A}"
EndProject
Project("{FAE04EC0-301F-11D3-BF4B-00C04F79EFBC}") = "04", "..\04\04.csproj", "{AFCE320B-3EC3-4FC9-ADF7-4D5D96779C20}"
EndProject
Project("{FAE04EC0-301F-11D3-BF4B-00C04F79EFBC}") = "05", "..\05\05.csproj", "{351E1381-CF60-4227-A3A6-4A1D4AB1643E}"
EndProject
Project("{FAE04EC0-301F-11D3-BF4B-00C04F79EFBC}") = "06", "..\06\06.csproj", "{24E9F8FC-86CD-4AC0-9DC9-1EF3A4873679}"
EndProject
Project("{FAE04EC0-301F-11D3-BF4B-00C04F79EFBC}") = "07", "..\07\07.csproj", "{04606B9B-F8A0-4F3E-AE03-D0876F0634B4}"
EndProject
Project("{FAE04EC0-301F-11D3-BF4B-00C04F79EFBC}") = "08", "..\08\08.csproj", "{648E9267-C1C4-401A-9020-5E0F41D87ABB}"
EndProject
Project("{FAE04EC0-301F-11D3-BF4B-00C04F79EFBC}") = "09", "..\09\09.csproj", "{B7FF6F2A-AEEB-471C-98E6-33FE34B22A0F}"
EndProject
Global
	GlobalSection(SolutionConfigurationPlatforms) = preSolution
		Debug|Any CPU = Debug|Any CPU
		Release|Any CPU = Release|Any CPU
	EndGlobalSection
	GlobalSection(ProjectConfigurationPlatforms) = postSolution
		{0B994BB5-599E-4296-A5CB-98A294B04924}.Debug|Any CPU.ActiveCfg = Debug|Any CPU
		{0B994BB5-599E-4296-A5CB-98A294B04924}.Debug|Any CPU.Build.0 = Debug|Any CPU
		{0B994BB5-599E-4296-A5CB-98A294B04924}.Release|Any CPU.ActiveCfg = Release|Any CPU
		{0B994BB5-599E-4296-A5CB-98A294B04924}.Release|Any CPU.Build.0 = Release|Any CPU
		{3A6E3847-F0E3-4F57-A1C2-8990DF0DF061}.Debug|Any CPU.ActiveCfg = Debug|Any CPU
		{3A6E3847-F0E3-4F57-A1C2-8990DF0DF061}.Debug|Any CPU.Build.0 = Debug|Any CPU
		{3A6E3847-F0E3-4F57-A1C2-8990DF0DF061}.Release|Any CPU.ActiveCfg = Release|Any CPU
		{3A6E3847-F0E3-4F57-A1C2-8990DF0DF061}.Release|Any CPU.Build.0 = Release|Any CPU
		{7D4D6CB0-A685-4FC3-8B6E-A97F6B09B086}.Debug|Any CPU.ActiveCfg = Debug|Any CPU
		{7D4D6CB0-A685-4FC3-8B6E-A97F6B09B086}.Debug|Any CPU.Build.0 = Debug|Any CPU
		{7D4D6CB0-A685-4FC3-8B6E-A97F6B09B086}.Release|Any CPU.ActiveCfg = Release|Any CPU
		{7D4D6CB0-A685-4FC3-8B6E-A97F6B09B086}.Release|Any CPU.Build.0 = Release|Any CPU
		{813FB17E-98CB-43CE-A52C-33254B7C7424}.Debug|Any CPU.ActiveCfg = Debug|Any CPU
		{813FB17E-98CB-43CE-A52C-33254B7C7424}.Debug|Any CPU.Build.0 = Debug|Any CPU
		{813FB17E-98CB-43CE-A52C-33254B7C7424}.Release|Any CPU.ActiveCfg = Release|Any CPU
		{813FB17E-98CB-43CE-A52C-33254B7C7424}.Release|Any CPU.Build.0 = Release|Any CPU
		{C1E5D41D-D793-4CA2-BE89-1E2A37688A7A}.Debug|Any CPU.ActiveCfg = Debug|Any CPU
		{C1E5D41D-D793-4CA2-BE89-1E2A37688A7A}.Debug|Any CPU.Build.0 = Debug|Any CPU
		{C1E5D41D-D793-4CA2-BE89-1E2A37688A7A}.Release|Any CPU.ActiveCfg = Release|Any CPU
		{C1E5D41D-D793-4CA2-BE89-1E2A37688A7A}.Release|Any CPU.Build.0 = Release|Any CPU
		{AFCE320B-3EC3-4FC9-ADF7-4D5D96779C20}.Debug|Any CPU.ActiveCfg = Debug|Any CPU
		{AFCE320B-3EC3-4FC9-ADF7-4D5D96779C20}.Debug|Any CPU.Build.0 = Debug|Any CPU
		{AFCE320B-3EC3-4FC9-ADF7-4D5D96779C20}.Release|Any CPU.ActiveCfg = Release|Any CPU
		{AFCE320B-3EC3-4FC9-ADF7-4D5D96779C20}.Release|Any CPU.Build.0 = Release|Any CPU
		{351E1381-CF60-4227-A3A6-4A1D4AB1643E}.Debug|Any CPU.ActiveCfg = Debug|Any CPU
		{351E1381-CF60-4227-A3A6-4A1D4AB1643E}.Debug|Any CPU.Build.0 = Debug|Any CPU
		{351E1381-CF60-4227-A3A6-4A1D4AB1643E}.Release|Any CPU.ActiveCfg = Release|Any CPU
		{351E1381-CF60-4227-A3A6-4A1D4AB1643E}.Release|Any CPU.Build.0 = Release|Any CPU
		{24E9F8FC-86CD-4AC0-9DC9-1EF3A4873679}.Debug|Any CPU.ActiveCfg = Debug|Any CPU
		{24E9F8FC-86CD-4AC0-9DC9-1EF3A4873679}.Debug|Any CPU.Build.0 = Debug|Any CPU
		{24E9F8FC-86CD-4AC0-9DC9-1EF3A4873679}.Release|Any CPU.ActiveCfg = Release|Any CPU
		{24E9F8FC-86CD-4AC0-9DC9-1EF3A4873679}.Release|Any CPU.Build.0 = Release|Any CPU
		{04606B9B-F8A0-4F3E-AE03-D0876F0634B4}.Debug|Any CPU.ActiveCfg = Debug|Any CPU
		{04606B9B-F8A0-4F3E-AE03-D0876F0634B4}.Debug|Any CPU.Build.0 = Debug|Any CPU
		{04606B9B-F8A0-4F3E-AE03-D0876F0634B4}.Release|Any CPU.ActiveCfg = Release|Any CPU
		{04606B9B-F8A0-4F3E-AE03-D0876F0634B4}.Release|Any CPU.Build.0 = Release|Any CPU
		{648E9267-C1C4-401A-9020-5E0F41D87ABB}.Debug|Any CPU.ActiveCfg = Debug|Any CPU
		{648E9267-C1C4-401A-9020-5E0F41D87ABB}.Debug|Any CPU.Build.0 = Debug|Any CPU
		{648E9267-C1C4-401A-9020-5E0F41D87ABB}.Release|Any CPU.ActiveCfg = Release|Any CPU
		{648E9267-C1C4-401A-9020-5E0F41D87ABB}.Release|Any CPU.Build.0 = Release|Any CPU
		{B7FF6F2A-AEEB-471C-98E6-33FE34B22A0F}.Debug|Any CPU.ActiveCfg = Debug|Any CPU
		{B7FF6F2A-AEEB-471C-98E6-33FE34B22A0F}.Debug|Any CPU.Build.0 = Debug|Any CPU
		{B7FF6F2A-AEEB-471C-98E6-33FE34B22A0F}.Release|Any CPU.ActiveCfg = Release|Any CPU
		{B7FF6F2A-AEEB-471C-98E6-33FE34B22A0F}.Release|Any CPU.Build.0 = Release|Any CPU
	EndGlobalSection
	GlobalSection(SolutionProperties) = preSolution
		HideSolutionNode = FALSE
	EndGlobalSection
	GlobalSection(ExtensibilityGlobals) = postSolution
		SolutionGuid = {CECD9AFB-2FD7-456F-851A-044716AA4F8F}
	EndGlobalSection
EndGlobal
