
Microsoft Visual Studio Solution File, Format Version 12.00
# Visual Studio Version 16
VisualStudioVersion = 16.0.29215.179
MinimumVisualStudioVersion = 10.0.40219.1
Project("{8BC9CEB8-8B4A-11D0-8D11-00A0C91BC942}") = "01번", "01번\01번.vcxproj", "{B8E20693-06A2-449E-8604-699412D0315C}"
EndProject
Project("{8BC9CEB8-8B4A-11D0-8D11-00A0C91BC942}") = "02번", "02번\02번.vcxproj", "{9D3B936B-AFD2-43BB-A5C4-1DC07A05A4AD}"
EndProject
Project("{8BC9CEB8-8B4A-11D0-8D11-00A0C91BC942}") = "03번", "03번\03번.vcxproj", "{BD6C5282-A024-4A8B-B2D8-70F026644F91}"
EndProject
Project("{8BC9CEB8-8B4A-11D0-8D11-00A0C91BC942}") = "03번-2", "03번-2\03번-2.vcxproj", "{0D4A6FDB-05BB-452B-B8F5-0B9B84D49F65}"
EndProject
Project("{8BC9CEB8-8B4A-11D0-8D11-00A0C91BC942}") = "04번", "04번\04번.vcxproj", "{4497428E-81DB-4A7E-B675-7BDFC303F7CF}"
EndProject
Project("{8BC9CEB8-8B4A-11D0-8D11-00A0C91BC942}") = "05번", "05번\05번.vcxproj", "{554EBCC9-53B3-4182-BAF3-2325DC4E4DAD}"
EndProject
Project("{8BC9CEB8-8B4A-11D0-8D11-00A0C91BC942}") = "06번", "06번\06번.vcxproj", "{60E67E8E-4A74-471D-AB0B-11FE3D9DA84E}"
EndProject
Project("{8BC9CEB8-8B4A-11D0-8D11-00A0C91BC942}") = "07번", "07번\07번.vcxproj", "{77465365-EC65-45AD-8C6C-0B207D0CE436}"
EndProject
Project("{8BC9CEB8-8B4A-11D0-8D11-00A0C91BC942}") = "08번", "08번\08번.vcxproj", "{AECD6AFC-6B5F-4E95-AB50-CB2EF0D782D4}"
EndProject
Project("{8BC9CEB8-8B4A-11D0-8D11-00A0C91BC942}") = "09번", "09번\09번.vcxproj", "{0D4CB2D7-9144-4AA0-9AD2-4362986890B4}"
EndProject
Project("{8BC9CEB8-8B4A-11D0-8D11-00A0C91BC942}") = "10번", "10번\10번.vcxproj", "{7B7071EB-9E67-4061-B2DE-358C058D6389}"
EndProject
Project("{8BC9CEB8-8B4A-11D0-8D11-00A0C91BC942}") = "11번", "11번\11번.vcxproj", "{21485338-F573-4BC4-A289-CBAB652F3862}"
EndProject
Project("{8BC9CEB8-8B4A-11D0-8D11-00A0C91BC942}") = "12번", "12번\12번.vcxproj", "{D6263855-EB59-4059-931B-89D7A0B519D3}"
EndProject
Project("{8BC9CEB8-8B4A-11D0-8D11-00A0C91BC942}") = "13번", "13번\13번.vcxproj", "{FE3DDB13-17B6-44D7-BCA4-442F9F89C547}"
EndProject
Project("{8BC9CEB8-8B4A-11D0-8D11-00A0C91BC942}") = "14번", "14번\14번.vcxproj", "{1029C3DC-188C-408B-BAD2-36D1EAC5A5E2}"
EndProject
Project("{8BC9CEB8-8B4A-11D0-8D11-00A0C91BC942}") = "15번", "15번\15번.vcxproj", "{49B1C7F5-E1C1-4158-92F0-7075EB105F24}"
EndProject
Project("{8BC9CEB8-8B4A-11D0-8D11-00A0C91BC942}") = "16번", "16번\16번.vcxproj", "{F9782B40-F3DA-4802-9A5E-84D8A2BC5619}"
EndProject
Global
	GlobalSection(SolutionConfigurationPlatforms) = preSolution
		Debug|x64 = Debug|x64
		Debug|x86 = Debug|x86
		Release|x64 = Release|x64
		Release|x86 = Release|x86
	EndGlobalSection
	GlobalSection(ProjectConfigurationPlatforms) = postSolution
		{B8E20693-06A2-449E-8604-699412D0315C}.Debug|x64.ActiveCfg = Debug|x64
		{B8E20693-06A2-449E-8604-699412D0315C}.Debug|x64.Build.0 = Debug|x64
		{B8E20693-06A2-449E-8604-699412D0315C}.Debug|x86.ActiveCfg = Debug|Win32
		{B8E20693-06A2-449E-8604-699412D0315C}.Debug|x86.Build.0 = Debug|Win32
		{B8E20693-06A2-449E-8604-699412D0315C}.Release|x64.ActiveCfg = Release|x64
		{B8E20693-06A2-449E-8604-699412D0315C}.Release|x64.Build.0 = Release|x64
		{B8E20693-06A2-449E-8604-699412D0315C}.Release|x86.ActiveCfg = Release|Win32
		{B8E20693-06A2-449E-8604-699412D0315C}.Release|x86.Build.0 = Release|Win32
		{9D3B936B-AFD2-43BB-A5C4-1DC07A05A4AD}.Debug|x64.ActiveCfg = Debug|x64
		{9D3B936B-AFD2-43BB-A5C4-1DC07A05A4AD}.Debug|x64.Build.0 = Debug|x64
		{9D3B936B-AFD2-43BB-A5C4-1DC07A05A4AD}.Debug|x86.ActiveCfg = Debug|Win32
		{9D3B936B-AFD2-43BB-A5C4-1DC07A05A4AD}.Debug|x86.Build.0 = Debug|Win32
		{9D3B936B-AFD2-43BB-A5C4-1DC07A05A4AD}.Release|x64.ActiveCfg = Release|x64
		{9D3B936B-AFD2-43BB-A5C4-1DC07A05A4AD}.Release|x64.Build.0 = Release|x64
		{9D3B936B-AFD2-43BB-A5C4-1DC07A05A4AD}.Release|x86.ActiveCfg = Release|Win32
		{9D3B936B-AFD2-43BB-A5C4-1DC07A05A4AD}.Release|x86.Build.0 = Release|Win32
		{BD6C5282-A024-4A8B-B2D8-70F026644F91}.Debug|x64.ActiveCfg = Debug|x64
		{BD6C5282-A024-4A8B-B2D8-70F026644F91}.Debug|x64.Build.0 = Debug|x64
		{BD6C5282-A024-4A8B-B2D8-70F026644F91}.Debug|x86.ActiveCfg = Debug|Win32
		{BD6C5282-A024-4A8B-B2D8-70F026644F91}.Debug|x86.Build.0 = Debug|Win32
		{BD6C5282-A024-4A8B-B2D8-70F026644F91}.Release|x64.ActiveCfg = Release|x64
		{BD6C5282-A024-4A8B-B2D8-70F026644F91}.Release|x64.Build.0 = Release|x64
		{BD6C5282-A024-4A8B-B2D8-70F026644F91}.Release|x86.ActiveCfg = Release|Win32
		{BD6C5282-A024-4A8B-B2D8-70F026644F91}.Release|x86.Build.0 = Release|Win32
		{0D4A6FDB-05BB-452B-B8F5-0B9B84D49F65}.Debug|x64.ActiveCfg = Debug|x64
		{0D4A6FDB-05BB-452B-B8F5-0B9B84D49F65}.Debug|x64.Build.0 = Debug|x64
		{0D4A6FDB-05BB-452B-B8F5-0B9B84D49F65}.Debug|x86.ActiveCfg = Debug|Win32
		{0D4A6FDB-05BB-452B-B8F5-0B9B84D49F65}.Debug|x86.Build.0 = Debug|Win32
		{0D4A6FDB-05BB-452B-B8F5-0B9B84D49F65}.Release|x64.ActiveCfg = Release|x64
		{0D4A6FDB-05BB-452B-B8F5-0B9B84D49F65}.Release|x64.Build.0 = Release|x64
		{0D4A6FDB-05BB-452B-B8F5-0B9B84D49F65}.Release|x86.ActiveCfg = Release|Win32
		{0D4A6FDB-05BB-452B-B8F5-0B9B84D49F65}.Release|x86.Build.0 = Release|Win32
		{4497428E-81DB-4A7E-B675-7BDFC303F7CF}.Debug|x64.ActiveCfg = Debug|x64
		{4497428E-81DB-4A7E-B675-7BDFC303F7CF}.Debug|x64.Build.0 = Debug|x64
		{4497428E-81DB-4A7E-B675-7BDFC303F7CF}.Debug|x86.ActiveCfg = Debug|Win32
		{4497428E-81DB-4A7E-B675-7BDFC303F7CF}.Debug|x86.Build.0 = Debug|Win32
		{4497428E-81DB-4A7E-B675-7BDFC303F7CF}.Release|x64.ActiveCfg = Release|x64
		{4497428E-81DB-4A7E-B675-7BDFC303F7CF}.Release|x64.Build.0 = Release|x64
		{4497428E-81DB-4A7E-B675-7BDFC303F7CF}.Release|x86.ActiveCfg = Release|Win32
		{4497428E-81DB-4A7E-B675-7BDFC303F7CF}.Release|x86.Build.0 = Release|Win32
		{554EBCC9-53B3-4182-BAF3-2325DC4E4DAD}.Debug|x64.ActiveCfg = Debug|x64
		{554EBCC9-53B3-4182-BAF3-2325DC4E4DAD}.Debug|x64.Build.0 = Debug|x64
		{554EBCC9-53B3-4182-BAF3-2325DC4E4DAD}.Debug|x86.ActiveCfg = Debug|Win32
		{554EBCC9-53B3-4182-BAF3-2325DC4E4DAD}.Debug|x86.Build.0 = Debug|Win32
		{554EBCC9-53B3-4182-BAF3-2325DC4E4DAD}.Release|x64.ActiveCfg = Release|x64
		{554EBCC9-53B3-4182-BAF3-2325DC4E4DAD}.Release|x64.Build.0 = Release|x64
		{554EBCC9-53B3-4182-BAF3-2325DC4E4DAD}.Release|x86.ActiveCfg = Release|Win32
		{554EBCC9-53B3-4182-BAF3-2325DC4E4DAD}.Release|x86.Build.0 = Release|Win32
		{60E67E8E-4A74-471D-AB0B-11FE3D9DA84E}.Debug|x64.ActiveCfg = Debug|x64
		{60E67E8E-4A74-471D-AB0B-11FE3D9DA84E}.Debug|x64.Build.0 = Debug|x64
		{60E67E8E-4A74-471D-AB0B-11FE3D9DA84E}.Debug|x86.ActiveCfg = Debug|Win32
		{60E67E8E-4A74-471D-AB0B-11FE3D9DA84E}.Debug|x86.Build.0 = Debug|Win32
		{60E67E8E-4A74-471D-AB0B-11FE3D9DA84E}.Release|x64.ActiveCfg = Release|x64
		{60E67E8E-4A74-471D-AB0B-11FE3D9DA84E}.Release|x64.Build.0 = Release|x64
		{60E67E8E-4A74-471D-AB0B-11FE3D9DA84E}.Release|x86.ActiveCfg = Release|Win32
		{60E67E8E-4A74-471D-AB0B-11FE3D9DA84E}.Release|x86.Build.0 = Release|Win32
		{77465365-EC65-45AD-8C6C-0B207D0CE436}.Debug|x64.ActiveCfg = Debug|x64
		{77465365-EC65-45AD-8C6C-0B207D0CE436}.Debug|x64.Build.0 = Debug|x64
		{77465365-EC65-45AD-8C6C-0B207D0CE436}.Debug|x86.ActiveCfg = Debug|Win32
		{77465365-EC65-45AD-8C6C-0B207D0CE436}.Debug|x86.Build.0 = Debug|Win32
		{77465365-EC65-45AD-8C6C-0B207D0CE436}.Release|x64.ActiveCfg = Release|x64
		{77465365-EC65-45AD-8C6C-0B207D0CE436}.Release|x64.Build.0 = Release|x64
		{77465365-EC65-45AD-8C6C-0B207D0CE436}.Release|x86.ActiveCfg = Release|Win32
		{77465365-EC65-45AD-8C6C-0B207D0CE436}.Release|x86.Build.0 = Release|Win32
		{AECD6AFC-6B5F-4E95-AB50-CB2EF0D782D4}.Debug|x64.ActiveCfg = Debug|x64
		{AECD6AFC-6B5F-4E95-AB50-CB2EF0D782D4}.Debug|x64.Build.0 = Debug|x64
		{AECD6AFC-6B5F-4E95-AB50-CB2EF0D782D4}.Debug|x86.ActiveCfg = Debug|Win32
		{AECD6AFC-6B5F-4E95-AB50-CB2EF0D782D4}.Debug|x86.Build.0 = Debug|Win32
		{AECD6AFC-6B5F-4E95-AB50-CB2EF0D782D4}.Release|x64.ActiveCfg = Release|x64
		{AECD6AFC-6B5F-4E95-AB50-CB2EF0D782D4}.Release|x64.Build.0 = Release|x64
		{AECD6AFC-6B5F-4E95-AB50-CB2EF0D782D4}.Release|x86.ActiveCfg = Release|Win32
		{AECD6AFC-6B5F-4E95-AB50-CB2EF0D782D4}.Release|x86.Build.0 = Release|Win32
		{0D4CB2D7-9144-4AA0-9AD2-4362986890B4}.Debug|x64.ActiveCfg = Debug|x64
		{0D4CB2D7-9144-4AA0-9AD2-4362986890B4}.Debug|x64.Build.0 = Debug|x64
		{0D4CB2D7-9144-4AA0-9AD2-4362986890B4}.Debug|x86.ActiveCfg = Debug|Win32
		{0D4CB2D7-9144-4AA0-9AD2-4362986890B4}.Debug|x86.Build.0 = Debug|Win32
		{0D4CB2D7-9144-4AA0-9AD2-4362986890B4}.Release|x64.ActiveCfg = Release|x64
		{0D4CB2D7-9144-4AA0-9AD2-4362986890B4}.Release|x64.Build.0 = Release|x64
		{0D4CB2D7-9144-4AA0-9AD2-4362986890B4}.Release|x86.ActiveCfg = Release|Win32
		{0D4CB2D7-9144-4AA0-9AD2-4362986890B4}.Release|x86.Build.0 = Release|Win32
		{7B7071EB-9E67-4061-B2DE-358C058D6389}.Debug|x64.ActiveCfg = Debug|x64
		{7B7071EB-9E67-4061-B2DE-358C058D6389}.Debug|x64.Build.0 = Debug|x64
		{7B7071EB-9E67-4061-B2DE-358C058D6389}.Debug|x86.ActiveCfg = Debug|Win32
		{7B7071EB-9E67-4061-B2DE-358C058D6389}.Debug|x86.Build.0 = Debug|Win32
		{7B7071EB-9E67-4061-B2DE-358C058D6389}.Release|x64.ActiveCfg = Release|x64
		{7B7071EB-9E67-4061-B2DE-358C058D6389}.Release|x64.Build.0 = Release|x64
		{7B7071EB-9E67-4061-B2DE-358C058D6389}.Release|x86.ActiveCfg = Release|Win32
		{7B7071EB-9E67-4061-B2DE-358C058D6389}.Release|x86.Build.0 = Release|Win32
		{21485338-F573-4BC4-A289-CBAB652F3862}.Debug|x64.ActiveCfg = Debug|x64
		{21485338-F573-4BC4-A289-CBAB652F3862}.Debug|x64.Build.0 = Debug|x64
		{21485338-F573-4BC4-A289-CBAB652F3862}.Debug|x86.ActiveCfg = Debug|Win32
		{21485338-F573-4BC4-A289-CBAB652F3862}.Debug|x86.Build.0 = Debug|Win32
		{21485338-F573-4BC4-A289-CBAB652F3862}.Release|x64.ActiveCfg = Release|x64
		{21485338-F573-4BC4-A289-CBAB652F3862}.Release|x64.Build.0 = Release|x64
		{21485338-F573-4BC4-A289-CBAB652F3862}.Release|x86.ActiveCfg = Release|Win32
		{21485338-F573-4BC4-A289-CBAB652F3862}.Release|x86.Build.0 = Release|Win32
		{D6263855-EB59-4059-931B-89D7A0B519D3}.Debug|x64.ActiveCfg = Debug|x64
		{D6263855-EB59-4059-931B-89D7A0B519D3}.Debug|x64.Build.0 = Debug|x64
		{D6263855-EB59-4059-931B-89D7A0B519D3}.Debug|x86.ActiveCfg = Debug|Win32
		{D6263855-EB59-4059-931B-89D7A0B519D3}.Debug|x86.Build.0 = Debug|Win32
		{D6263855-EB59-4059-931B-89D7A0B519D3}.Release|x64.ActiveCfg = Release|x64
		{D6263855-EB59-4059-931B-89D7A0B519D3}.Release|x64.Build.0 = Release|x64
		{D6263855-EB59-4059-931B-89D7A0B519D3}.Release|x86.ActiveCfg = Release|Win32
		{D6263855-EB59-4059-931B-89D7A0B519D3}.Release|x86.Build.0 = Release|Win32
		{FE3DDB13-17B6-44D7-BCA4-442F9F89C547}.Debug|x64.ActiveCfg = Debug|x64
		{FE3DDB13-17B6-44D7-BCA4-442F9F89C547}.Debug|x64.Build.0 = Debug|x64
		{FE3DDB13-17B6-44D7-BCA4-442F9F89C547}.Debug|x86.ActiveCfg = Debug|Win32
		{FE3DDB13-17B6-44D7-BCA4-442F9F89C547}.Debug|x86.Build.0 = Debug|Win32
		{FE3DDB13-17B6-44D7-BCA4-442F9F89C547}.Release|x64.ActiveCfg = Release|x64
		{FE3DDB13-17B6-44D7-BCA4-442F9F89C547}.Release|x64.Build.0 = Release|x64
		{FE3DDB13-17B6-44D7-BCA4-442F9F89C547}.Release|x86.ActiveCfg = Release|Win32
		{FE3DDB13-17B6-44D7-BCA4-442F9F89C547}.Release|x86.Build.0 = Release|Win32
		{1029C3DC-188C-408B-BAD2-36D1EAC5A5E2}.Debug|x64.ActiveCfg = Debug|x64
		{1029C3DC-188C-408B-BAD2-36D1EAC5A5E2}.Debug|x64.Build.0 = Debug|x64
		{1029C3DC-188C-408B-BAD2-36D1EAC5A5E2}.Debug|x86.ActiveCfg = Debug|Win32
		{1029C3DC-188C-408B-BAD2-36D1EAC5A5E2}.Debug|x86.Build.0 = Debug|Win32
		{1029C3DC-188C-408B-BAD2-36D1EAC5A5E2}.Release|x64.ActiveCfg = Release|x64
		{1029C3DC-188C-408B-BAD2-36D1EAC5A5E2}.Release|x64.Build.0 = Release|x64
		{1029C3DC-188C-408B-BAD2-36D1EAC5A5E2}.Release|x86.ActiveCfg = Release|Win32
		{1029C3DC-188C-408B-BAD2-36D1EAC5A5E2}.Release|x86.Build.0 = Release|Win32
		{49B1C7F5-E1C1-4158-92F0-7075EB105F24}.Debug|x64.ActiveCfg = Debug|x64
		{49B1C7F5-E1C1-4158-92F0-7075EB105F24}.Debug|x64.Build.0 = Debug|x64
		{49B1C7F5-E1C1-4158-92F0-7075EB105F24}.Debug|x86.ActiveCfg = Debug|Win32
		{49B1C7F5-E1C1-4158-92F0-7075EB105F24}.Debug|x86.Build.0 = Debug|Win32
		{49B1C7F5-E1C1-4158-92F0-7075EB105F24}.Release|x64.ActiveCfg = Release|x64
		{49B1C7F5-E1C1-4158-92F0-7075EB105F24}.Release|x64.Build.0 = Release|x64
		{49B1C7F5-E1C1-4158-92F0-7075EB105F24}.Release|x86.ActiveCfg = Release|Win32
		{49B1C7F5-E1C1-4158-92F0-7075EB105F24}.Release|x86.Build.0 = Release|Win32
		{F9782B40-F3DA-4802-9A5E-84D8A2BC5619}.Debug|x64.ActiveCfg = Debug|x64
		{F9782B40-F3DA-4802-9A5E-84D8A2BC5619}.Debug|x64.Build.0 = Debug|x64
		{F9782B40-F3DA-4802-9A5E-84D8A2BC5619}.Debug|x86.ActiveCfg = Debug|Win32
		{F9782B40-F3DA-4802-9A5E-84D8A2BC5619}.Debug|x86.Build.0 = Debug|Win32
		{F9782B40-F3DA-4802-9A5E-84D8A2BC5619}.Release|x64.ActiveCfg = Release|x64
		{F9782B40-F3DA-4802-9A5E-84D8A2BC5619}.Release|x64.Build.0 = Release|x64
		{F9782B40-F3DA-4802-9A5E-84D8A2BC5619}.Release|x86.ActiveCfg = Release|Win32
		{F9782B40-F3DA-4802-9A5E-84D8A2BC5619}.Release|x86.Build.0 = Release|Win32
	EndGlobalSection
	GlobalSection(SolutionProperties) = preSolution
		HideSolutionNode = FALSE
	EndGlobalSection
	GlobalSection(ExtensibilityGlobals) = postSolution
		SolutionGuid = {8B39B1C9-D86D-47E0-ABEA-9BCC5DFA3C45}
	EndGlobalSection
EndGlobal
