
Microsoft Visual Studio Solution File, Format Version 12.00
# Visual Studio 15
VisualStudioVersion = 15.0.28307.489
MinimumVisualStudioVersion = 10.0.40219.1
Project("{8BC9CEB8-8B4A-11D0-8D11-00A0C91BC942}") = "01번", "01번\01번.vcxproj", "{C8C866E1-4152-4F4A-9C0F-9690425077A7}"
EndProject
Project("{8BC9CEB8-8B4A-11D0-8D11-00A0C91BC942}") = "02번", "02번\02번.vcxproj", "{8ED38F37-5D0F-4E20-99FA-3FF7B7906B15}"
EndProject
Project("{8BC9CEB8-8B4A-11D0-8D11-00A0C91BC942}") = "03번", "03번\03번.vcxproj", "{AEED84C9-69BA-4235-8EAC-BCC051B58024}"
EndProject
Project("{8BC9CEB8-8B4A-11D0-8D11-00A0C91BC942}") = "04번", "04번\04번.vcxproj", "{F6C86966-3BC7-477D-AE8A-6567101E8B1E}"
EndProject
Project("{8BC9CEB8-8B4A-11D0-8D11-00A0C91BC942}") = "05번", "05번\05번.vcxproj", "{F560E06A-7585-4B0C-A4E4-97D90B2679FA}"
EndProject
Project("{8BC9CEB8-8B4A-11D0-8D11-00A0C91BC942}") = "06번", "06번\06번.vcxproj", "{90EE78E5-E107-4474-91F9-7A1E5E680041}"
EndProject
Project("{8BC9CEB8-8B4A-11D0-8D11-00A0C91BC942}") = "07번", "07번\07번.vcxproj", "{8F32437A-669E-4E20-AAD6-B76BA8461EA3}"
EndProject
Project("{8BC9CEB8-8B4A-11D0-8D11-00A0C91BC942}") = "08번", "08번\08번.vcxproj", "{2E0E0C22-24B3-41B1-BB36-E5FCE1E4D98D}"
EndProject
Project("{8BC9CEB8-8B4A-11D0-8D11-00A0C91BC942}") = "09번", "09번\09번.vcxproj", "{8A44AE3A-D6C9-4AFA-BC9E-95669350E5DC}"
EndProject
Project("{8BC9CEB8-8B4A-11D0-8D11-00A0C91BC942}") = "10번", "10번\10번.vcxproj", "{8CDC7CFE-747A-4381-BE40-8B6179616219}"
EndProject
Project("{8BC9CEB8-8B4A-11D0-8D11-00A0C91BC942}") = "11번", "11번\11번.vcxproj", "{4FB349F0-1D00-43F2-BE47-A7726ABF5864}"
EndProject
Global
	GlobalSection(SolutionConfigurationPlatforms) = preSolution
		Debug|x64 = Debug|x64
		Debug|x86 = Debug|x86
		Release|x64 = Release|x64
		Release|x86 = Release|x86
	EndGlobalSection
	GlobalSection(ProjectConfigurationPlatforms) = postSolution
		{C8C866E1-4152-4F4A-9C0F-9690425077A7}.Debug|x64.ActiveCfg = Debug|x64
		{C8C866E1-4152-4F4A-9C0F-9690425077A7}.Debug|x64.Build.0 = Debug|x64
		{C8C866E1-4152-4F4A-9C0F-9690425077A7}.Debug|x86.ActiveCfg = Debug|Win32
		{C8C866E1-4152-4F4A-9C0F-9690425077A7}.Debug|x86.Build.0 = Debug|Win32
		{C8C866E1-4152-4F4A-9C0F-9690425077A7}.Release|x64.ActiveCfg = Release|x64
		{C8C866E1-4152-4F4A-9C0F-9690425077A7}.Release|x64.Build.0 = Release|x64
		{C8C866E1-4152-4F4A-9C0F-9690425077A7}.Release|x86.ActiveCfg = Release|Win32
		{C8C866E1-4152-4F4A-9C0F-9690425077A7}.Release|x86.Build.0 = Release|Win32
		{8ED38F37-5D0F-4E20-99FA-3FF7B7906B15}.Debug|x64.ActiveCfg = Debug|x64
		{8ED38F37-5D0F-4E20-99FA-3FF7B7906B15}.Debug|x64.Build.0 = Debug|x64
		{8ED38F37-5D0F-4E20-99FA-3FF7B7906B15}.Debug|x86.ActiveCfg = Debug|Win32
		{8ED38F37-5D0F-4E20-99FA-3FF7B7906B15}.Debug|x86.Build.0 = Debug|Win32
		{8ED38F37-5D0F-4E20-99FA-3FF7B7906B15}.Release|x64.ActiveCfg = Release|x64
		{8ED38F37-5D0F-4E20-99FA-3FF7B7906B15}.Release|x64.Build.0 = Release|x64
		{8ED38F37-5D0F-4E20-99FA-3FF7B7906B15}.Release|x86.ActiveCfg = Release|Win32
		{8ED38F37-5D0F-4E20-99FA-3FF7B7906B15}.Release|x86.Build.0 = Release|Win32
		{AEED84C9-69BA-4235-8EAC-BCC051B58024}.Debug|x64.ActiveCfg = Debug|x64
		{AEED84C9-69BA-4235-8EAC-BCC051B58024}.Debug|x64.Build.0 = Debug|x64
		{AEED84C9-69BA-4235-8EAC-BCC051B58024}.Debug|x86.ActiveCfg = Debug|Win32
		{AEED84C9-69BA-4235-8EAC-BCC051B58024}.Debug|x86.Build.0 = Debug|Win32
		{AEED84C9-69BA-4235-8EAC-BCC051B58024}.Release|x64.ActiveCfg = Release|x64
		{AEED84C9-69BA-4235-8EAC-BCC051B58024}.Release|x64.Build.0 = Release|x64
		{AEED84C9-69BA-4235-8EAC-BCC051B58024}.Release|x86.ActiveCfg = Release|Win32
		{AEED84C9-69BA-4235-8EAC-BCC051B58024}.Release|x86.Build.0 = Release|Win32
		{F6C86966-3BC7-477D-AE8A-6567101E8B1E}.Debug|x64.ActiveCfg = Debug|x64
		{F6C86966-3BC7-477D-AE8A-6567101E8B1E}.Debug|x64.Build.0 = Debug|x64
		{F6C86966-3BC7-477D-AE8A-6567101E8B1E}.Debug|x86.ActiveCfg = Debug|Win32
		{F6C86966-3BC7-477D-AE8A-6567101E8B1E}.Debug|x86.Build.0 = Debug|Win32
		{F6C86966-3BC7-477D-AE8A-6567101E8B1E}.Release|x64.ActiveCfg = Release|x64
		{F6C86966-3BC7-477D-AE8A-6567101E8B1E}.Release|x64.Build.0 = Release|x64
		{F6C86966-3BC7-477D-AE8A-6567101E8B1E}.Release|x86.ActiveCfg = Release|Win32
		{F6C86966-3BC7-477D-AE8A-6567101E8B1E}.Release|x86.Build.0 = Release|Win32
		{F560E06A-7585-4B0C-A4E4-97D90B2679FA}.Debug|x64.ActiveCfg = Debug|x64
		{F560E06A-7585-4B0C-A4E4-97D90B2679FA}.Debug|x64.Build.0 = Debug|x64
		{F560E06A-7585-4B0C-A4E4-97D90B2679FA}.Debug|x86.ActiveCfg = Debug|Win32
		{F560E06A-7585-4B0C-A4E4-97D90B2679FA}.Debug|x86.Build.0 = Debug|Win32
		{F560E06A-7585-4B0C-A4E4-97D90B2679FA}.Release|x64.ActiveCfg = Release|x64
		{F560E06A-7585-4B0C-A4E4-97D90B2679FA}.Release|x64.Build.0 = Release|x64
		{F560E06A-7585-4B0C-A4E4-97D90B2679FA}.Release|x86.ActiveCfg = Release|Win32
		{F560E06A-7585-4B0C-A4E4-97D90B2679FA}.Release|x86.Build.0 = Release|Win32
		{90EE78E5-E107-4474-91F9-7A1E5E680041}.Debug|x64.ActiveCfg = Debug|x64
		{90EE78E5-E107-4474-91F9-7A1E5E680041}.Debug|x64.Build.0 = Debug|x64
		{90EE78E5-E107-4474-91F9-7A1E5E680041}.Debug|x86.ActiveCfg = Debug|Win32
		{90EE78E5-E107-4474-91F9-7A1E5E680041}.Debug|x86.Build.0 = Debug|Win32
		{90EE78E5-E107-4474-91F9-7A1E5E680041}.Release|x64.ActiveCfg = Release|x64
		{90EE78E5-E107-4474-91F9-7A1E5E680041}.Release|x64.Build.0 = Release|x64
		{90EE78E5-E107-4474-91F9-7A1E5E680041}.Release|x86.ActiveCfg = Release|Win32
		{90EE78E5-E107-4474-91F9-7A1E5E680041}.Release|x86.Build.0 = Release|Win32
		{8F32437A-669E-4E20-AAD6-B76BA8461EA3}.Debug|x64.ActiveCfg = Debug|x64
		{8F32437A-669E-4E20-AAD6-B76BA8461EA3}.Debug|x64.Build.0 = Debug|x64
		{8F32437A-669E-4E20-AAD6-B76BA8461EA3}.Debug|x86.ActiveCfg = Debug|Win32
		{8F32437A-669E-4E20-AAD6-B76BA8461EA3}.Debug|x86.Build.0 = Debug|Win32
		{8F32437A-669E-4E20-AAD6-B76BA8461EA3}.Release|x64.ActiveCfg = Release|x64
		{8F32437A-669E-4E20-AAD6-B76BA8461EA3}.Release|x64.Build.0 = Release|x64
		{8F32437A-669E-4E20-AAD6-B76BA8461EA3}.Release|x86.ActiveCfg = Release|Win32
		{8F32437A-669E-4E20-AAD6-B76BA8461EA3}.Release|x86.Build.0 = Release|Win32
		{2E0E0C22-24B3-41B1-BB36-E5FCE1E4D98D}.Debug|x64.ActiveCfg = Debug|x64
		{2E0E0C22-24B3-41B1-BB36-E5FCE1E4D98D}.Debug|x64.Build.0 = Debug|x64
		{2E0E0C22-24B3-41B1-BB36-E5FCE1E4D98D}.Debug|x86.ActiveCfg = Debug|Win32
		{2E0E0C22-24B3-41B1-BB36-E5FCE1E4D98D}.Debug|x86.Build.0 = Debug|Win32
		{2E0E0C22-24B3-41B1-BB36-E5FCE1E4D98D}.Release|x64.ActiveCfg = Release|x64
		{2E0E0C22-24B3-41B1-BB36-E5FCE1E4D98D}.Release|x64.Build.0 = Release|x64
		{2E0E0C22-24B3-41B1-BB36-E5FCE1E4D98D}.Release|x86.ActiveCfg = Release|Win32
		{2E0E0C22-24B3-41B1-BB36-E5FCE1E4D98D}.Release|x86.Build.0 = Release|Win32
		{8A44AE3A-D6C9-4AFA-BC9E-95669350E5DC}.Debug|x64.ActiveCfg = Debug|x64
		{8A44AE3A-D6C9-4AFA-BC9E-95669350E5DC}.Debug|x64.Build.0 = Debug|x64
		{8A44AE3A-D6C9-4AFA-BC9E-95669350E5DC}.Debug|x86.ActiveCfg = Debug|Win32
		{8A44AE3A-D6C9-4AFA-BC9E-95669350E5DC}.Debug|x86.Build.0 = Debug|Win32
		{8A44AE3A-D6C9-4AFA-BC9E-95669350E5DC}.Release|x64.ActiveCfg = Release|x64
		{8A44AE3A-D6C9-4AFA-BC9E-95669350E5DC}.Release|x64.Build.0 = Release|x64
		{8A44AE3A-D6C9-4AFA-BC9E-95669350E5DC}.Release|x86.ActiveCfg = Release|Win32
		{8A44AE3A-D6C9-4AFA-BC9E-95669350E5DC}.Release|x86.Build.0 = Release|Win32
		{8CDC7CFE-747A-4381-BE40-8B6179616219}.Debug|x64.ActiveCfg = Debug|x64
		{8CDC7CFE-747A-4381-BE40-8B6179616219}.Debug|x64.Build.0 = Debug|x64
		{8CDC7CFE-747A-4381-BE40-8B6179616219}.Debug|x86.ActiveCfg = Debug|Win32
		{8CDC7CFE-747A-4381-BE40-8B6179616219}.Debug|x86.Build.0 = Debug|Win32
		{8CDC7CFE-747A-4381-BE40-8B6179616219}.Release|x64.ActiveCfg = Release|x64
		{8CDC7CFE-747A-4381-BE40-8B6179616219}.Release|x64.Build.0 = Release|x64
		{8CDC7CFE-747A-4381-BE40-8B6179616219}.Release|x86.ActiveCfg = Release|Win32
		{8CDC7CFE-747A-4381-BE40-8B6179616219}.Release|x86.Build.0 = Release|Win32
		{4FB349F0-1D00-43F2-BE47-A7726ABF5864}.Debug|x64.ActiveCfg = Debug|x64
		{4FB349F0-1D00-43F2-BE47-A7726ABF5864}.Debug|x64.Build.0 = Debug|x64
		{4FB349F0-1D00-43F2-BE47-A7726ABF5864}.Debug|x86.ActiveCfg = Debug|Win32
		{4FB349F0-1D00-43F2-BE47-A7726ABF5864}.Debug|x86.Build.0 = Debug|Win32
		{4FB349F0-1D00-43F2-BE47-A7726ABF5864}.Release|x64.ActiveCfg = Release|x64
		{4FB349F0-1D00-43F2-BE47-A7726ABF5864}.Release|x64.Build.0 = Release|x64
		{4FB349F0-1D00-43F2-BE47-A7726ABF5864}.Release|x86.ActiveCfg = Release|Win32
		{4FB349F0-1D00-43F2-BE47-A7726ABF5864}.Release|x86.Build.0 = Release|Win32
	EndGlobalSection
	GlobalSection(SolutionProperties) = preSolution
		HideSolutionNode = FALSE
	EndGlobalSection
	GlobalSection(ExtensibilityGlobals) = postSolution
		SolutionGuid = {28202625-1C01-4301-9D3F-153620B90BE6}
	EndGlobalSection
EndGlobal
