
Microsoft Visual Studio Solution File, Format Version 12.00
# Visual Studio 15
VisualStudioVersion = 15.0.28307.489
MinimumVisualStudioVersion = 10.0.40219.1
Project("{8BC9CEB8-8B4A-11D0-8D11-00A0C91BC942}") = "02번", "02번\02번.vcxproj", "{6A82FCD0-0C96-483B-8645-064DF9C36EF0}"
EndProject
Project("{8BC9CEB8-8B4A-11D0-8D11-00A0C91BC942}") = "03번", "03번\03번.vcxproj", "{B7B4230F-AF34-49ED-9E7C-265F2AC298F0}"
EndProject
Project("{8BC9CEB8-8B4A-11D0-8D11-00A0C91BC942}") = "04번", "04번\04번.vcxproj", "{725FE959-0BB5-43D0-BBD3-57238E1FFED2}"
EndProject
Project("{8BC9CEB8-8B4A-11D0-8D11-00A0C91BC942}") = "05번", "05번\05번.vcxproj", "{9655E5EE-13AA-4816-86AA-96457B975C6E}"
EndProject
Project("{8BC9CEB8-8B4A-11D0-8D11-00A0C91BC942}") = "06번", "06번\06번.vcxproj", "{77292F5B-ED1A-4103-9670-259369AD5C9F}"
EndProject
Project("{8BC9CEB8-8B4A-11D0-8D11-00A0C91BC942}") = "문제3번", "문제3번\문제3번.vcxproj", "{BEB019C4-6530-4D29-BC2C-BC6F2F351BD8}"
EndProject
Project("{8BC9CEB8-8B4A-11D0-8D11-00A0C91BC942}") = "문제3번-2", "문제3번-2\문제3번-2.vcxproj", "{4C0E2DD9-EC65-4C58-9246-C4DE5AF40918}"
EndProject
Project("{8BC9CEB8-8B4A-11D0-8D11-00A0C91BC942}") = "문제6번", "문제6번\문제6번.vcxproj", "{57C278CB-4653-46E8-80CF-576F38C098A5}"
EndProject
Project("{8BC9CEB8-8B4A-11D0-8D11-00A0C91BC942}") = "문제6번-2", "문제6번-2\문제6번-2.vcxproj", "{A9A6C305-6F8E-4D38-8D08-1B81EFCC9550}"
EndProject
Global
	GlobalSection(SolutionConfigurationPlatforms) = preSolution
		Debug|x64 = Debug|x64
		Debug|x86 = Debug|x86
		Release|x64 = Release|x64
		Release|x86 = Release|x86
	EndGlobalSection
	GlobalSection(ProjectConfigurationPlatforms) = postSolution
		{6A82FCD0-0C96-483B-8645-064DF9C36EF0}.Debug|x64.ActiveCfg = Debug|x64
		{6A82FCD0-0C96-483B-8645-064DF9C36EF0}.Debug|x64.Build.0 = Debug|x64
		{6A82FCD0-0C96-483B-8645-064DF9C36EF0}.Debug|x86.ActiveCfg = Debug|Win32
		{6A82FCD0-0C96-483B-8645-064DF9C36EF0}.Debug|x86.Build.0 = Debug|Win32
		{6A82FCD0-0C96-483B-8645-064DF9C36EF0}.Release|x64.ActiveCfg = Release|x64
		{6A82FCD0-0C96-483B-8645-064DF9C36EF0}.Release|x64.Build.0 = Release|x64
		{6A82FCD0-0C96-483B-8645-064DF9C36EF0}.Release|x86.ActiveCfg = Release|Win32
		{6A82FCD0-0C96-483B-8645-064DF9C36EF0}.Release|x86.Build.0 = Release|Win32
		{B7B4230F-AF34-49ED-9E7C-265F2AC298F0}.Debug|x64.ActiveCfg = Debug|x64
		{B7B4230F-AF34-49ED-9E7C-265F2AC298F0}.Debug|x64.Build.0 = Debug|x64
		{B7B4230F-AF34-49ED-9E7C-265F2AC298F0}.Debug|x86.ActiveCfg = Debug|Win32
		{B7B4230F-AF34-49ED-9E7C-265F2AC298F0}.Debug|x86.Build.0 = Debug|Win32
		{B7B4230F-AF34-49ED-9E7C-265F2AC298F0}.Release|x64.ActiveCfg = Release|x64
		{B7B4230F-AF34-49ED-9E7C-265F2AC298F0}.Release|x64.Build.0 = Release|x64
		{B7B4230F-AF34-49ED-9E7C-265F2AC298F0}.Release|x86.ActiveCfg = Release|Win32
		{B7B4230F-AF34-49ED-9E7C-265F2AC298F0}.Release|x86.Build.0 = Release|Win32
		{725FE959-0BB5-43D0-BBD3-57238E1FFED2}.Debug|x64.ActiveCfg = Debug|x64
		{725FE959-0BB5-43D0-BBD3-57238E1FFED2}.Debug|x64.Build.0 = Debug|x64
		{725FE959-0BB5-43D0-BBD3-57238E1FFED2}.Debug|x86.ActiveCfg = Debug|Win32
		{725FE959-0BB5-43D0-BBD3-57238E1FFED2}.Debug|x86.Build.0 = Debug|Win32
		{725FE959-0BB5-43D0-BBD3-57238E1FFED2}.Release|x64.ActiveCfg = Release|x64
		{725FE959-0BB5-43D0-BBD3-57238E1FFED2}.Release|x64.Build.0 = Release|x64
		{725FE959-0BB5-43D0-BBD3-57238E1FFED2}.Release|x86.ActiveCfg = Release|Win32
		{725FE959-0BB5-43D0-BBD3-57238E1FFED2}.Release|x86.Build.0 = Release|Win32
		{9655E5EE-13AA-4816-86AA-96457B975C6E}.Debug|x64.ActiveCfg = Debug|x64
		{9655E5EE-13AA-4816-86AA-96457B975C6E}.Debug|x64.Build.0 = Debug|x64
		{9655E5EE-13AA-4816-86AA-96457B975C6E}.Debug|x86.ActiveCfg = Debug|Win32
		{9655E5EE-13AA-4816-86AA-96457B975C6E}.Debug|x86.Build.0 = Debug|Win32
		{9655E5EE-13AA-4816-86AA-96457B975C6E}.Release|x64.ActiveCfg = Release|x64
		{9655E5EE-13AA-4816-86AA-96457B975C6E}.Release|x64.Build.0 = Release|x64
		{9655E5EE-13AA-4816-86AA-96457B975C6E}.Release|x86.ActiveCfg = Release|Win32
		{9655E5EE-13AA-4816-86AA-96457B975C6E}.Release|x86.Build.0 = Release|Win32
		{77292F5B-ED1A-4103-9670-259369AD5C9F}.Debug|x64.ActiveCfg = Debug|x64
		{77292F5B-ED1A-4103-9670-259369AD5C9F}.Debug|x64.Build.0 = Debug|x64
		{77292F5B-ED1A-4103-9670-259369AD5C9F}.Debug|x86.ActiveCfg = Debug|Win32
		{77292F5B-ED1A-4103-9670-259369AD5C9F}.Debug|x86.Build.0 = Debug|Win32
		{77292F5B-ED1A-4103-9670-259369AD5C9F}.Release|x64.ActiveCfg = Release|x64
		{77292F5B-ED1A-4103-9670-259369AD5C9F}.Release|x64.Build.0 = Release|x64
		{77292F5B-ED1A-4103-9670-259369AD5C9F}.Release|x86.ActiveCfg = Release|Win32
		{77292F5B-ED1A-4103-9670-259369AD5C9F}.Release|x86.Build.0 = Release|Win32
		{BEB019C4-6530-4D29-BC2C-BC6F2F351BD8}.Debug|x64.ActiveCfg = Debug|x64
		{BEB019C4-6530-4D29-BC2C-BC6F2F351BD8}.Debug|x64.Build.0 = Debug|x64
		{BEB019C4-6530-4D29-BC2C-BC6F2F351BD8}.Debug|x86.ActiveCfg = Debug|Win32
		{BEB019C4-6530-4D29-BC2C-BC6F2F351BD8}.Debug|x86.Build.0 = Debug|Win32
		{BEB019C4-6530-4D29-BC2C-BC6F2F351BD8}.Release|x64.ActiveCfg = Release|x64
		{BEB019C4-6530-4D29-BC2C-BC6F2F351BD8}.Release|x64.Build.0 = Release|x64
		{BEB019C4-6530-4D29-BC2C-BC6F2F351BD8}.Release|x86.ActiveCfg = Release|Win32
		{BEB019C4-6530-4D29-BC2C-BC6F2F351BD8}.Release|x86.Build.0 = Release|Win32
		{4C0E2DD9-EC65-4C58-9246-C4DE5AF40918}.Debug|x64.ActiveCfg = Debug|x64
		{4C0E2DD9-EC65-4C58-9246-C4DE5AF40918}.Debug|x64.Build.0 = Debug|x64
		{4C0E2DD9-EC65-4C58-9246-C4DE5AF40918}.Debug|x86.ActiveCfg = Debug|Win32
		{4C0E2DD9-EC65-4C58-9246-C4DE5AF40918}.Debug|x86.Build.0 = Debug|Win32
		{4C0E2DD9-EC65-4C58-9246-C4DE5AF40918}.Release|x64.ActiveCfg = Release|x64
		{4C0E2DD9-EC65-4C58-9246-C4DE5AF40918}.Release|x64.Build.0 = Release|x64
		{4C0E2DD9-EC65-4C58-9246-C4DE5AF40918}.Release|x86.ActiveCfg = Release|Win32
		{4C0E2DD9-EC65-4C58-9246-C4DE5AF40918}.Release|x86.Build.0 = Release|Win32
		{57C278CB-4653-46E8-80CF-576F38C098A5}.Debug|x64.ActiveCfg = Debug|x64
		{57C278CB-4653-46E8-80CF-576F38C098A5}.Debug|x64.Build.0 = Debug|x64
		{57C278CB-4653-46E8-80CF-576F38C098A5}.Debug|x86.ActiveCfg = Debug|Win32
		{57C278CB-4653-46E8-80CF-576F38C098A5}.Debug|x86.Build.0 = Debug|Win32
		{57C278CB-4653-46E8-80CF-576F38C098A5}.Release|x64.ActiveCfg = Release|x64
		{57C278CB-4653-46E8-80CF-576F38C098A5}.Release|x64.Build.0 = Release|x64
		{57C278CB-4653-46E8-80CF-576F38C098A5}.Release|x86.ActiveCfg = Release|Win32
		{57C278CB-4653-46E8-80CF-576F38C098A5}.Release|x86.Build.0 = Release|Win32
		{A9A6C305-6F8E-4D38-8D08-1B81EFCC9550}.Debug|x64.ActiveCfg = Debug|x64
		{A9A6C305-6F8E-4D38-8D08-1B81EFCC9550}.Debug|x64.Build.0 = Debug|x64
		{A9A6C305-6F8E-4D38-8D08-1B81EFCC9550}.Debug|x86.ActiveCfg = Debug|Win32
		{A9A6C305-6F8E-4D38-8D08-1B81EFCC9550}.Debug|x86.Build.0 = Debug|Win32
		{A9A6C305-6F8E-4D38-8D08-1B81EFCC9550}.Release|x64.ActiveCfg = Release|x64
		{A9A6C305-6F8E-4D38-8D08-1B81EFCC9550}.Release|x64.Build.0 = Release|x64
		{A9A6C305-6F8E-4D38-8D08-1B81EFCC9550}.Release|x86.ActiveCfg = Release|Win32
		{A9A6C305-6F8E-4D38-8D08-1B81EFCC9550}.Release|x86.Build.0 = Release|Win32
	EndGlobalSection
	GlobalSection(SolutionProperties) = preSolution
		HideSolutionNode = FALSE
	EndGlobalSection
	GlobalSection(ExtensibilityGlobals) = postSolution
		SolutionGuid = {3F7CBAFF-DFF9-4A94-AE5D-23A94113239D}
	EndGlobalSection
EndGlobal
