
Microsoft Visual Studio Solution File, Format Version 12.00
# Visual Studio 15
VisualStudioVersion = 15.0.28307.489
MinimumVisualStudioVersion = 10.0.40219.1
Project("{8BC9CEB8-8B4A-11D0-8D11-00A0C91BC942}") = "과제 01번", "과제 01번\과제 01번.vcxproj", "{D567B25B-5625-44B8-B4F4-0B2CB33AE361}"
EndProject
Project("{8BC9CEB8-8B4A-11D0-8D11-00A0C91BC942}") = "과제 02번", "과제 02번\과제 02번.vcxproj", "{67CA6CBF-9F29-4E1C-977A-025375A2C7CB}"
EndProject
Project("{8BC9CEB8-8B4A-11D0-8D11-00A0C91BC942}") = "과제 03번", "과제 03번\과제 03번.vcxproj", "{1EDAC359-12AF-4BF7-BC88-14560956980A}"
EndProject
Project("{8BC9CEB8-8B4A-11D0-8D11-00A0C91BC942}") = "과제 04번", "과제 04번\과제 04번.vcxproj", "{AC614538-7735-4007-AB55-6D5D1242368C}"
EndProject
Project("{8BC9CEB8-8B4A-11D0-8D11-00A0C91BC942}") = "문제 05번", "문제 05번\문제 05번.vcxproj", "{5F055A07-C380-41AE-B5D4-D2DC44EAE642}"
EndProject
Project("{8BC9CEB8-8B4A-11D0-8D11-00A0C91BC942}") = "문제 05번-", "문제 05번-\문제 05번-.vcxproj", "{6B9EAE55-6843-47F7-8335-7A1600F118BC}"
EndProject
Project("{8BC9CEB8-8B4A-11D0-8D11-00A0C91BC942}") = "문제 06번", "문제 06번\문제 06번.vcxproj", "{1932F0F3-412F-4B79-B08C-CA962A3FC230}"
EndProject
Project("{8BC9CEB8-8B4A-11D0-8D11-00A0C91BC942}") = "문제 07번", "문제 07번\문제 07번.vcxproj", "{1C1CC4DC-FCEF-47B8-8B4C-2A3DBE96C20E}"
EndProject
Project("{8BC9CEB8-8B4A-11D0-8D11-00A0C91BC942}") = "문제 08번", "문제 08번\문제 08번.vcxproj", "{89DFC38C-4DAA-4C7E-890E-63FEF1886FE3}"
EndProject
Project("{8BC9CEB8-8B4A-11D0-8D11-00A0C91BC942}") = "문제 09번", "문제 09번\문제 09번.vcxproj", "{76C07772-8DF9-4791-9D24-0D1D46EA1D74}"
EndProject
Project("{8BC9CEB8-8B4A-11D0-8D11-00A0C91BC942}") = "문제 10번", "문제 10번\문제 10번.vcxproj", "{C8712758-5349-4FC7-ADEA-498532CED807}"
EndProject
Global
	GlobalSection(SolutionConfigurationPlatforms) = preSolution
		Debug|x64 = Debug|x64
		Debug|x86 = Debug|x86
		Release|x64 = Release|x64
		Release|x86 = Release|x86
	EndGlobalSection
	GlobalSection(ProjectConfigurationPlatforms) = postSolution
		{D567B25B-5625-44B8-B4F4-0B2CB33AE361}.Debug|x64.ActiveCfg = Debug|x64
		{D567B25B-5625-44B8-B4F4-0B2CB33AE361}.Debug|x64.Build.0 = Debug|x64
		{D567B25B-5625-44B8-B4F4-0B2CB33AE361}.Debug|x86.ActiveCfg = Debug|Win32
		{D567B25B-5625-44B8-B4F4-0B2CB33AE361}.Debug|x86.Build.0 = Debug|Win32
		{D567B25B-5625-44B8-B4F4-0B2CB33AE361}.Release|x64.ActiveCfg = Release|x64
		{D567B25B-5625-44B8-B4F4-0B2CB33AE361}.Release|x64.Build.0 = Release|x64
		{D567B25B-5625-44B8-B4F4-0B2CB33AE361}.Release|x86.ActiveCfg = Release|Win32
		{D567B25B-5625-44B8-B4F4-0B2CB33AE361}.Release|x86.Build.0 = Release|Win32
		{67CA6CBF-9F29-4E1C-977A-025375A2C7CB}.Debug|x64.ActiveCfg = Debug|x64
		{67CA6CBF-9F29-4E1C-977A-025375A2C7CB}.Debug|x64.Build.0 = Debug|x64
		{67CA6CBF-9F29-4E1C-977A-025375A2C7CB}.Debug|x86.ActiveCfg = Debug|Win32
		{67CA6CBF-9F29-4E1C-977A-025375A2C7CB}.Debug|x86.Build.0 = Debug|Win32
		{67CA6CBF-9F29-4E1C-977A-025375A2C7CB}.Release|x64.ActiveCfg = Release|x64
		{67CA6CBF-9F29-4E1C-977A-025375A2C7CB}.Release|x64.Build.0 = Release|x64
		{67CA6CBF-9F29-4E1C-977A-025375A2C7CB}.Release|x86.ActiveCfg = Release|Win32
		{67CA6CBF-9F29-4E1C-977A-025375A2C7CB}.Release|x86.Build.0 = Release|Win32
		{1EDAC359-12AF-4BF7-BC88-14560956980A}.Debug|x64.ActiveCfg = Debug|x64
		{1EDAC359-12AF-4BF7-BC88-14560956980A}.Debug|x64.Build.0 = Debug|x64
		{1EDAC359-12AF-4BF7-BC88-14560956980A}.Debug|x86.ActiveCfg = Debug|Win32
		{1EDAC359-12AF-4BF7-BC88-14560956980A}.Debug|x86.Build.0 = Debug|Win32
		{1EDAC359-12AF-4BF7-BC88-14560956980A}.Release|x64.ActiveCfg = Release|x64
		{1EDAC359-12AF-4BF7-BC88-14560956980A}.Release|x64.Build.0 = Release|x64
		{1EDAC359-12AF-4BF7-BC88-14560956980A}.Release|x86.ActiveCfg = Release|Win32
		{1EDAC359-12AF-4BF7-BC88-14560956980A}.Release|x86.Build.0 = Release|Win32
		{AC614538-7735-4007-AB55-6D5D1242368C}.Debug|x64.ActiveCfg = Debug|x64
		{AC614538-7735-4007-AB55-6D5D1242368C}.Debug|x64.Build.0 = Debug|x64
		{AC614538-7735-4007-AB55-6D5D1242368C}.Debug|x86.ActiveCfg = Debug|Win32
		{AC614538-7735-4007-AB55-6D5D1242368C}.Debug|x86.Build.0 = Debug|Win32
		{AC614538-7735-4007-AB55-6D5D1242368C}.Release|x64.ActiveCfg = Release|x64
		{AC614538-7735-4007-AB55-6D5D1242368C}.Release|x64.Build.0 = Release|x64
		{AC614538-7735-4007-AB55-6D5D1242368C}.Release|x86.ActiveCfg = Release|Win32
		{AC614538-7735-4007-AB55-6D5D1242368C}.Release|x86.Build.0 = Release|Win32
		{5F055A07-C380-41AE-B5D4-D2DC44EAE642}.Debug|x64.ActiveCfg = Debug|x64
		{5F055A07-C380-41AE-B5D4-D2DC44EAE642}.Debug|x64.Build.0 = Debug|x64
		{5F055A07-C380-41AE-B5D4-D2DC44EAE642}.Debug|x86.ActiveCfg = Debug|Win32
		{5F055A07-C380-41AE-B5D4-D2DC44EAE642}.Debug|x86.Build.0 = Debug|Win32
		{5F055A07-C380-41AE-B5D4-D2DC44EAE642}.Release|x64.ActiveCfg = Release|x64
		{5F055A07-C380-41AE-B5D4-D2DC44EAE642}.Release|x64.Build.0 = Release|x64
		{5F055A07-C380-41AE-B5D4-D2DC44EAE642}.Release|x86.ActiveCfg = Release|Win32
		{5F055A07-C380-41AE-B5D4-D2DC44EAE642}.Release|x86.Build.0 = Release|Win32
		{6B9EAE55-6843-47F7-8335-7A1600F118BC}.Debug|x64.ActiveCfg = Debug|x64
		{6B9EAE55-6843-47F7-8335-7A1600F118BC}.Debug|x64.Build.0 = Debug|x64
		{6B9EAE55-6843-47F7-8335-7A1600F118BC}.Debug|x86.ActiveCfg = Debug|Win32
		{6B9EAE55-6843-47F7-8335-7A1600F118BC}.Debug|x86.Build.0 = Debug|Win32
		{6B9EAE55-6843-47F7-8335-7A1600F118BC}.Release|x64.ActiveCfg = Release|x64
		{6B9EAE55-6843-47F7-8335-7A1600F118BC}.Release|x64.Build.0 = Release|x64
		{6B9EAE55-6843-47F7-8335-7A1600F118BC}.Release|x86.ActiveCfg = Release|Win32
		{6B9EAE55-6843-47F7-8335-7A1600F118BC}.Release|x86.Build.0 = Release|Win32
		{1932F0F3-412F-4B79-B08C-CA962A3FC230}.Debug|x64.ActiveCfg = Debug|x64
		{1932F0F3-412F-4B79-B08C-CA962A3FC230}.Debug|x64.Build.0 = Debug|x64
		{1932F0F3-412F-4B79-B08C-CA962A3FC230}.Debug|x86.ActiveCfg = Debug|Win32
		{1932F0F3-412F-4B79-B08C-CA962A3FC230}.Debug|x86.Build.0 = Debug|Win32
		{1932F0F3-412F-4B79-B08C-CA962A3FC230}.Release|x64.ActiveCfg = Release|x64
		{1932F0F3-412F-4B79-B08C-CA962A3FC230}.Release|x64.Build.0 = Release|x64
		{1932F0F3-412F-4B79-B08C-CA962A3FC230}.Release|x86.ActiveCfg = Release|Win32
		{1932F0F3-412F-4B79-B08C-CA962A3FC230}.Release|x86.Build.0 = Release|Win32
		{1C1CC4DC-FCEF-47B8-8B4C-2A3DBE96C20E}.Debug|x64.ActiveCfg = Debug|x64
		{1C1CC4DC-FCEF-47B8-8B4C-2A3DBE96C20E}.Debug|x64.Build.0 = Debug|x64
		{1C1CC4DC-FCEF-47B8-8B4C-2A3DBE96C20E}.Debug|x86.ActiveCfg = Debug|Win32
		{1C1CC4DC-FCEF-47B8-8B4C-2A3DBE96C20E}.Debug|x86.Build.0 = Debug|Win32
		{1C1CC4DC-FCEF-47B8-8B4C-2A3DBE96C20E}.Release|x64.ActiveCfg = Release|x64
		{1C1CC4DC-FCEF-47B8-8B4C-2A3DBE96C20E}.Release|x64.Build.0 = Release|x64
		{1C1CC4DC-FCEF-47B8-8B4C-2A3DBE96C20E}.Release|x86.ActiveCfg = Release|Win32
		{1C1CC4DC-FCEF-47B8-8B4C-2A3DBE96C20E}.Release|x86.Build.0 = Release|Win32
		{89DFC38C-4DAA-4C7E-890E-63FEF1886FE3}.Debug|x64.ActiveCfg = Debug|x64
		{89DFC38C-4DAA-4C7E-890E-63FEF1886FE3}.Debug|x64.Build.0 = Debug|x64
		{89DFC38C-4DAA-4C7E-890E-63FEF1886FE3}.Debug|x86.ActiveCfg = Debug|Win32
		{89DFC38C-4DAA-4C7E-890E-63FEF1886FE3}.Debug|x86.Build.0 = Debug|Win32
		{89DFC38C-4DAA-4C7E-890E-63FEF1886FE3}.Release|x64.ActiveCfg = Release|x64
		{89DFC38C-4DAA-4C7E-890E-63FEF1886FE3}.Release|x64.Build.0 = Release|x64
		{89DFC38C-4DAA-4C7E-890E-63FEF1886FE3}.Release|x86.ActiveCfg = Release|Win32
		{89DFC38C-4DAA-4C7E-890E-63FEF1886FE3}.Release|x86.Build.0 = Release|Win32
		{76C07772-8DF9-4791-9D24-0D1D46EA1D74}.Debug|x64.ActiveCfg = Debug|x64
		{76C07772-8DF9-4791-9D24-0D1D46EA1D74}.Debug|x64.Build.0 = Debug|x64
		{76C07772-8DF9-4791-9D24-0D1D46EA1D74}.Debug|x86.ActiveCfg = Debug|Win32
		{76C07772-8DF9-4791-9D24-0D1D46EA1D74}.Debug|x86.Build.0 = Debug|Win32
		{76C07772-8DF9-4791-9D24-0D1D46EA1D74}.Release|x64.ActiveCfg = Release|x64
		{76C07772-8DF9-4791-9D24-0D1D46EA1D74}.Release|x64.Build.0 = Release|x64
		{76C07772-8DF9-4791-9D24-0D1D46EA1D74}.Release|x86.ActiveCfg = Release|Win32
		{76C07772-8DF9-4791-9D24-0D1D46EA1D74}.Release|x86.Build.0 = Release|Win32
		{C8712758-5349-4FC7-ADEA-498532CED807}.Debug|x64.ActiveCfg = Debug|x64
		{C8712758-5349-4FC7-ADEA-498532CED807}.Debug|x64.Build.0 = Debug|x64
		{C8712758-5349-4FC7-ADEA-498532CED807}.Debug|x86.ActiveCfg = Debug|Win32
		{C8712758-5349-4FC7-ADEA-498532CED807}.Debug|x86.Build.0 = Debug|Win32
		{C8712758-5349-4FC7-ADEA-498532CED807}.Release|x64.ActiveCfg = Release|x64
		{C8712758-5349-4FC7-ADEA-498532CED807}.Release|x64.Build.0 = Release|x64
		{C8712758-5349-4FC7-ADEA-498532CED807}.Release|x86.ActiveCfg = Release|Win32
		{C8712758-5349-4FC7-ADEA-498532CED807}.Release|x86.Build.0 = Release|Win32
	EndGlobalSection
	GlobalSection(SolutionProperties) = preSolution
		HideSolutionNode = FALSE
	EndGlobalSection
	GlobalSection(ExtensibilityGlobals) = postSolution
		SolutionGuid = {8826F1B9-87B2-4141-958F-EA15C59AC39A}
	EndGlobalSection
EndGlobal
