
Microsoft Visual Studio Solution File, Format Version 12.00
# Visual Studio 15
VisualStudioVersion = 15.0.28307.489
MinimumVisualStudioVersion = 10.0.40219.1
Project("{8BC9CEB8-8B4A-11D0-8D11-00A0C91BC942}") = "01번", "01번\01번.vcxproj", "{993A0C7A-80D3-446C-8A3A-CF895E8B1D48}"
EndProject
Project("{8BC9CEB8-8B4A-11D0-8D11-00A0C91BC942}") = "02번", "02번\02번.vcxproj", "{5FAB0B8E-E2E8-48A6-9157-42E3C06F6037}"
EndProject
Project("{8BC9CEB8-8B4A-11D0-8D11-00A0C91BC942}") = "03번.c", "03번.c\03번.c.vcxproj", "{76A3BED3-CCDF-4554-BB66-7720199FB1CE}"
EndProject
Project("{8BC9CEB8-8B4A-11D0-8D11-00A0C91BC942}") = "04번", "04번\04번.vcxproj", "{E95917F0-6AD4-4F61-990B-5DCEF13A3EA6}"
EndProject
Project("{8BC9CEB8-8B4A-11D0-8D11-00A0C91BC942}") = "05번", "05번\05번.vcxproj", "{4B461186-32CD-49A0-93E6-3CAAEA7D0FE1}"
EndProject
Project("{8BC9CEB8-8B4A-11D0-8D11-00A0C91BC942}") = "06번", "06번\06번.vcxproj", "{ACE82F98-7CA1-4598-AF6F-ED43298DC099}"
EndProject
Project("{8BC9CEB8-8B4A-11D0-8D11-00A0C91BC942}") = "07번", "07번\07번.vcxproj", "{6F8FF681-75C5-4085-ADC7-8205BB23B2D1}"
EndProject
Project("{8BC9CEB8-8B4A-11D0-8D11-00A0C91BC942}") = "08번", "08번\08번.vcxproj", "{D45894BB-1439-4F51-841A-6E8EFE85021F}"
EndProject
Project("{8BC9CEB8-8B4A-11D0-8D11-00A0C91BC942}") = "09번", "09번\09번.vcxproj", "{57EEE62E-39A9-4DE9-9A88-015880A021DA}"
EndProject
Project("{8BC9CEB8-8B4A-11D0-8D11-00A0C91BC942}") = "10번", "10번\10번.vcxproj", "{11F784CF-36BC-484D-9F0C-85D0060695E4}"
EndProject
Project("{8BC9CEB8-8B4A-11D0-8D11-00A0C91BC942}") = "11번", "11번\11번.vcxproj", "{8E554E3D-4A23-4F48-AE92-7B7EE18D3F4E}"
EndProject
Project("{8BC9CEB8-8B4A-11D0-8D11-00A0C91BC942}") = "12번", "12번\12번.vcxproj", "{5A675CE7-6543-4819-8210-D74BAC1C2C78}"
EndProject
Global
	GlobalSection(SolutionConfigurationPlatforms) = preSolution
		Debug|x64 = Debug|x64
		Debug|x86 = Debug|x86
		Release|x64 = Release|x64
		Release|x86 = Release|x86
	EndGlobalSection
	GlobalSection(ProjectConfigurationPlatforms) = postSolution
		{993A0C7A-80D3-446C-8A3A-CF895E8B1D48}.Debug|x64.ActiveCfg = Debug|x64
		{993A0C7A-80D3-446C-8A3A-CF895E8B1D48}.Debug|x64.Build.0 = Debug|x64
		{993A0C7A-80D3-446C-8A3A-CF895E8B1D48}.Debug|x86.ActiveCfg = Debug|Win32
		{993A0C7A-80D3-446C-8A3A-CF895E8B1D48}.Debug|x86.Build.0 = Debug|Win32
		{993A0C7A-80D3-446C-8A3A-CF895E8B1D48}.Release|x64.ActiveCfg = Release|x64
		{993A0C7A-80D3-446C-8A3A-CF895E8B1D48}.Release|x64.Build.0 = Release|x64
		{993A0C7A-80D3-446C-8A3A-CF895E8B1D48}.Release|x86.ActiveCfg = Release|Win32
		{993A0C7A-80D3-446C-8A3A-CF895E8B1D48}.Release|x86.Build.0 = Release|Win32
		{5FAB0B8E-E2E8-48A6-9157-42E3C06F6037}.Debug|x64.ActiveCfg = Debug|x64
		{5FAB0B8E-E2E8-48A6-9157-42E3C06F6037}.Debug|x64.Build.0 = Debug|x64
		{5FAB0B8E-E2E8-48A6-9157-42E3C06F6037}.Debug|x86.ActiveCfg = Debug|Win32
		{5FAB0B8E-E2E8-48A6-9157-42E3C06F6037}.Debug|x86.Build.0 = Debug|Win32
		{5FAB0B8E-E2E8-48A6-9157-42E3C06F6037}.Release|x64.ActiveCfg = Release|x64
		{5FAB0B8E-E2E8-48A6-9157-42E3C06F6037}.Release|x64.Build.0 = Release|x64
		{5FAB0B8E-E2E8-48A6-9157-42E3C06F6037}.Release|x86.ActiveCfg = Release|Win32
		{5FAB0B8E-E2E8-48A6-9157-42E3C06F6037}.Release|x86.Build.0 = Release|Win32
		{76A3BED3-CCDF-4554-BB66-7720199FB1CE}.Debug|x64.ActiveCfg = Debug|x64
		{76A3BED3-CCDF-4554-BB66-7720199FB1CE}.Debug|x64.Build.0 = Debug|x64
		{76A3BED3-CCDF-4554-BB66-7720199FB1CE}.Debug|x86.ActiveCfg = Debug|Win32
		{76A3BED3-CCDF-4554-BB66-7720199FB1CE}.Debug|x86.Build.0 = Debug|Win32
		{76A3BED3-CCDF-4554-BB66-7720199FB1CE}.Release|x64.ActiveCfg = Release|x64
		{76A3BED3-CCDF-4554-BB66-7720199FB1CE}.Release|x64.Build.0 = Release|x64
		{76A3BED3-CCDF-4554-BB66-7720199FB1CE}.Release|x86.ActiveCfg = Release|Win32
		{76A3BED3-CCDF-4554-BB66-7720199FB1CE}.Release|x86.Build.0 = Release|Win32
		{E95917F0-6AD4-4F61-990B-5DCEF13A3EA6}.Debug|x64.ActiveCfg = Debug|x64
		{E95917F0-6AD4-4F61-990B-5DCEF13A3EA6}.Debug|x64.Build.0 = Debug|x64
		{E95917F0-6AD4-4F61-990B-5DCEF13A3EA6}.Debug|x86.ActiveCfg = Debug|Win32
		{E95917F0-6AD4-4F61-990B-5DCEF13A3EA6}.Debug|x86.Build.0 = Debug|Win32
		{E95917F0-6AD4-4F61-990B-5DCEF13A3EA6}.Release|x64.ActiveCfg = Release|x64
		{E95917F0-6AD4-4F61-990B-5DCEF13A3EA6}.Release|x64.Build.0 = Release|x64
		{E95917F0-6AD4-4F61-990B-5DCEF13A3EA6}.Release|x86.ActiveCfg = Release|Win32
		{E95917F0-6AD4-4F61-990B-5DCEF13A3EA6}.Release|x86.Build.0 = Release|Win32
		{4B461186-32CD-49A0-93E6-3CAAEA7D0FE1}.Debug|x64.ActiveCfg = Debug|x64
		{4B461186-32CD-49A0-93E6-3CAAEA7D0FE1}.Debug|x64.Build.0 = Debug|x64
		{4B461186-32CD-49A0-93E6-3CAAEA7D0FE1}.Debug|x86.ActiveCfg = Debug|Win32
		{4B461186-32CD-49A0-93E6-3CAAEA7D0FE1}.Debug|x86.Build.0 = Debug|Win32
		{4B461186-32CD-49A0-93E6-3CAAEA7D0FE1}.Release|x64.ActiveCfg = Release|x64
		{4B461186-32CD-49A0-93E6-3CAAEA7D0FE1}.Release|x64.Build.0 = Release|x64
		{4B461186-32CD-49A0-93E6-3CAAEA7D0FE1}.Release|x86.ActiveCfg = Release|Win32
		{4B461186-32CD-49A0-93E6-3CAAEA7D0FE1}.Release|x86.Build.0 = Release|Win32
		{ACE82F98-7CA1-4598-AF6F-ED43298DC099}.Debug|x64.ActiveCfg = Debug|x64
		{ACE82F98-7CA1-4598-AF6F-ED43298DC099}.Debug|x64.Build.0 = Debug|x64
		{ACE82F98-7CA1-4598-AF6F-ED43298DC099}.Debug|x86.ActiveCfg = Debug|Win32
		{ACE82F98-7CA1-4598-AF6F-ED43298DC099}.Debug|x86.Build.0 = Debug|Win32
		{ACE82F98-7CA1-4598-AF6F-ED43298DC099}.Release|x64.ActiveCfg = Release|x64
		{ACE82F98-7CA1-4598-AF6F-ED43298DC099}.Release|x64.Build.0 = Release|x64
		{ACE82F98-7CA1-4598-AF6F-ED43298DC099}.Release|x86.ActiveCfg = Release|Win32
		{ACE82F98-7CA1-4598-AF6F-ED43298DC099}.Release|x86.Build.0 = Release|Win32
		{6F8FF681-75C5-4085-ADC7-8205BB23B2D1}.Debug|x64.ActiveCfg = Debug|x64
		{6F8FF681-75C5-4085-ADC7-8205BB23B2D1}.Debug|x64.Build.0 = Debug|x64
		{6F8FF681-75C5-4085-ADC7-8205BB23B2D1}.Debug|x86.ActiveCfg = Debug|Win32
		{6F8FF681-75C5-4085-ADC7-8205BB23B2D1}.Debug|x86.Build.0 = Debug|Win32
		{6F8FF681-75C5-4085-ADC7-8205BB23B2D1}.Release|x64.ActiveCfg = Release|x64
		{6F8FF681-75C5-4085-ADC7-8205BB23B2D1}.Release|x64.Build.0 = Release|x64
		{6F8FF681-75C5-4085-ADC7-8205BB23B2D1}.Release|x86.ActiveCfg = Release|Win32
		{6F8FF681-75C5-4085-ADC7-8205BB23B2D1}.Release|x86.Build.0 = Release|Win32
		{D45894BB-1439-4F51-841A-6E8EFE85021F}.Debug|x64.ActiveCfg = Debug|x64
		{D45894BB-1439-4F51-841A-6E8EFE85021F}.Debug|x64.Build.0 = Debug|x64
		{D45894BB-1439-4F51-841A-6E8EFE85021F}.Debug|x86.ActiveCfg = Debug|Win32
		{D45894BB-1439-4F51-841A-6E8EFE85021F}.Debug|x86.Build.0 = Debug|Win32
		{D45894BB-1439-4F51-841A-6E8EFE85021F}.Release|x64.ActiveCfg = Release|x64
		{D45894BB-1439-4F51-841A-6E8EFE85021F}.Release|x64.Build.0 = Release|x64
		{D45894BB-1439-4F51-841A-6E8EFE85021F}.Release|x86.ActiveCfg = Release|Win32
		{D45894BB-1439-4F51-841A-6E8EFE85021F}.Release|x86.Build.0 = Release|Win32
		{57EEE62E-39A9-4DE9-9A88-015880A021DA}.Debug|x64.ActiveCfg = Debug|x64
		{57EEE62E-39A9-4DE9-9A88-015880A021DA}.Debug|x64.Build.0 = Debug|x64
		{57EEE62E-39A9-4DE9-9A88-015880A021DA}.Debug|x86.ActiveCfg = Debug|Win32
		{57EEE62E-39A9-4DE9-9A88-015880A021DA}.Debug|x86.Build.0 = Debug|Win32
		{57EEE62E-39A9-4DE9-9A88-015880A021DA}.Release|x64.ActiveCfg = Release|x64
		{57EEE62E-39A9-4DE9-9A88-015880A021DA}.Release|x64.Build.0 = Release|x64
		{57EEE62E-39A9-4DE9-9A88-015880A021DA}.Release|x86.ActiveCfg = Release|Win32
		{57EEE62E-39A9-4DE9-9A88-015880A021DA}.Release|x86.Build.0 = Release|Win32
		{11F784CF-36BC-484D-9F0C-85D0060695E4}.Debug|x64.ActiveCfg = Debug|x64
		{11F784CF-36BC-484D-9F0C-85D0060695E4}.Debug|x64.Build.0 = Debug|x64
		{11F784CF-36BC-484D-9F0C-85D0060695E4}.Debug|x86.ActiveCfg = Debug|Win32
		{11F784CF-36BC-484D-9F0C-85D0060695E4}.Debug|x86.Build.0 = Debug|Win32
		{11F784CF-36BC-484D-9F0C-85D0060695E4}.Release|x64.ActiveCfg = Release|x64
		{11F784CF-36BC-484D-9F0C-85D0060695E4}.Release|x64.Build.0 = Release|x64
		{11F784CF-36BC-484D-9F0C-85D0060695E4}.Release|x86.ActiveCfg = Release|Win32
		{11F784CF-36BC-484D-9F0C-85D0060695E4}.Release|x86.Build.0 = Release|Win32
		{8E554E3D-4A23-4F48-AE92-7B7EE18D3F4E}.Debug|x64.ActiveCfg = Debug|x64
		{8E554E3D-4A23-4F48-AE92-7B7EE18D3F4E}.Debug|x64.Build.0 = Debug|x64
		{8E554E3D-4A23-4F48-AE92-7B7EE18D3F4E}.Debug|x86.ActiveCfg = Debug|Win32
		{8E554E3D-4A23-4F48-AE92-7B7EE18D3F4E}.Debug|x86.Build.0 = Debug|Win32
		{8E554E3D-4A23-4F48-AE92-7B7EE18D3F4E}.Release|x64.ActiveCfg = Release|x64
		{8E554E3D-4A23-4F48-AE92-7B7EE18D3F4E}.Release|x64.Build.0 = Release|x64
		{8E554E3D-4A23-4F48-AE92-7B7EE18D3F4E}.Release|x86.ActiveCfg = Release|Win32
		{8E554E3D-4A23-4F48-AE92-7B7EE18D3F4E}.Release|x86.Build.0 = Release|Win32
		{5A675CE7-6543-4819-8210-D74BAC1C2C78}.Debug|x64.ActiveCfg = Debug|x64
		{5A675CE7-6543-4819-8210-D74BAC1C2C78}.Debug|x64.Build.0 = Debug|x64
		{5A675CE7-6543-4819-8210-D74BAC1C2C78}.Debug|x86.ActiveCfg = Debug|Win32
		{5A675CE7-6543-4819-8210-D74BAC1C2C78}.Debug|x86.Build.0 = Debug|Win32
		{5A675CE7-6543-4819-8210-D74BAC1C2C78}.Release|x64.ActiveCfg = Release|x64
		{5A675CE7-6543-4819-8210-D74BAC1C2C78}.Release|x64.Build.0 = Release|x64
		{5A675CE7-6543-4819-8210-D74BAC1C2C78}.Release|x86.ActiveCfg = Release|Win32
		{5A675CE7-6543-4819-8210-D74BAC1C2C78}.Release|x86.Build.0 = Release|Win32
	EndGlobalSection
	GlobalSection(SolutionProperties) = preSolution
		HideSolutionNode = FALSE
	EndGlobalSection
	GlobalSection(ExtensibilityGlobals) = postSolution
		SolutionGuid = {132C11D5-0C6C-41A8-AF7F-6C85258ED946}
	EndGlobalSection
EndGlobal
