
Microsoft Visual Studio Solution File, Format Version 12.00
# Visual Studio 15
VisualStudioVersion = 15.0.28307.489
MinimumVisualStudioVersion = 10.0.40219.1
Project("{8BC9CEB8-8B4A-11D0-8D11-00A0C91BC942}") = "01번", "01번\01번.vcxproj", "{074FD8F9-3147-4E2B-8DF6-9889BB82ACB2}"
EndProject
Project("{8BC9CEB8-8B4A-11D0-8D11-00A0C91BC942}") = "02번", "02번\02번.vcxproj", "{DDF4DA06-F5B7-4068-8E3E-53FCF6C52B62}"
EndProject
Project("{8BC9CEB8-8B4A-11D0-8D11-00A0C91BC942}") = "03번", "03번\03번.vcxproj", "{54EC01A7-1D3E-45D9-89F3-D53BF66AF2F3}"
EndProject
Project("{8BC9CEB8-8B4A-11D0-8D11-00A0C91BC942}") = "04번", "04번\04번.vcxproj", "{19C582FA-413F-4889-B84D-1E73376CB138}"
EndProject
Project("{8BC9CEB8-8B4A-11D0-8D11-00A0C91BC942}") = "05번.c", "05번.c\05번.c.vcxproj", "{3894767C-99BD-4672-A0B4-CE9D3083CD67}"
EndProject
Project("{8BC9CEB8-8B4A-11D0-8D11-00A0C91BC942}") = "06번", "06번\06번.vcxproj", "{728F4ED5-D2EA-40CB-8F36-8E161E593895}"
EndProject
Project("{8BC9CEB8-8B4A-11D0-8D11-00A0C91BC942}") = "07번", "07번\07번.vcxproj", "{C77B0F15-FC5C-4913-9E39-15899130A0DC}"
EndProject
Project("{8BC9CEB8-8B4A-11D0-8D11-00A0C91BC942}") = "08번", "08번\08번.vcxproj", "{3DB297DF-70E0-4909-9567-FC3258A4F74D}"
EndProject
Project("{8BC9CEB8-8B4A-11D0-8D11-00A0C91BC942}") = "09번", "09번\09번.vcxproj", "{B2444A1D-2A2B-4A9A-9C9E-BBAE889D7858}"
EndProject
Project("{8BC9CEB8-8B4A-11D0-8D11-00A0C91BC942}") = "10번", "10번\10번.vcxproj", "{60DF5EE1-70B0-44A1-9DF2-880F490B7180}"
EndProject
Project("{8BC9CEB8-8B4A-11D0-8D11-00A0C91BC942}") = "11번", "11번\11번.vcxproj", "{2F85AC9B-4D76-4A3E-BF6E-D873469152FD}"
EndProject
Project("{8BC9CEB8-8B4A-11D0-8D11-00A0C91BC942}") = "12번", "12번\12번.vcxproj", "{2917583C-C964-446B-819D-0F5E2A5D7667}"
EndProject
Project("{8BC9CEB8-8B4A-11D0-8D11-00A0C91BC942}") = "13번", "13번\13번.vcxproj", "{D260B39D-042F-4B2B-BE47-E9D172F1F6A4}"
EndProject
Project("{8BC9CEB8-8B4A-11D0-8D11-00A0C91BC942}") = "14번", "14번\14번.vcxproj", "{38BA6607-7A61-47C0-8857-AD4AE9856F99}"
EndProject
Global
	GlobalSection(SolutionConfigurationPlatforms) = preSolution
		Debug|x64 = Debug|x64
		Debug|x86 = Debug|x86
		Release|x64 = Release|x64
		Release|x86 = Release|x86
	EndGlobalSection
	GlobalSection(ProjectConfigurationPlatforms) = postSolution
		{074FD8F9-3147-4E2B-8DF6-9889BB82ACB2}.Debug|x64.ActiveCfg = Debug|x64
		{074FD8F9-3147-4E2B-8DF6-9889BB82ACB2}.Debug|x64.Build.0 = Debug|x64
		{074FD8F9-3147-4E2B-8DF6-9889BB82ACB2}.Debug|x86.ActiveCfg = Debug|Win32
		{074FD8F9-3147-4E2B-8DF6-9889BB82ACB2}.Debug|x86.Build.0 = Debug|Win32
		{074FD8F9-3147-4E2B-8DF6-9889BB82ACB2}.Release|x64.ActiveCfg = Release|x64
		{074FD8F9-3147-4E2B-8DF6-9889BB82ACB2}.Release|x64.Build.0 = Release|x64
		{074FD8F9-3147-4E2B-8DF6-9889BB82ACB2}.Release|x86.ActiveCfg = Release|Win32
		{074FD8F9-3147-4E2B-8DF6-9889BB82ACB2}.Release|x86.Build.0 = Release|Win32
		{DDF4DA06-F5B7-4068-8E3E-53FCF6C52B62}.Debug|x64.ActiveCfg = Debug|x64
		{DDF4DA06-F5B7-4068-8E3E-53FCF6C52B62}.Debug|x64.Build.0 = Debug|x64
		{DDF4DA06-F5B7-4068-8E3E-53FCF6C52B62}.Debug|x86.ActiveCfg = Debug|Win32
		{DDF4DA06-F5B7-4068-8E3E-53FCF6C52B62}.Debug|x86.Build.0 = Debug|Win32
		{DDF4DA06-F5B7-4068-8E3E-53FCF6C52B62}.Release|x64.ActiveCfg = Release|x64
		{DDF4DA06-F5B7-4068-8E3E-53FCF6C52B62}.Release|x64.Build.0 = Release|x64
		{DDF4DA06-F5B7-4068-8E3E-53FCF6C52B62}.Release|x86.ActiveCfg = Release|Win32
		{DDF4DA06-F5B7-4068-8E3E-53FCF6C52B62}.Release|x86.Build.0 = Release|Win32
		{54EC01A7-1D3E-45D9-89F3-D53BF66AF2F3}.Debug|x64.ActiveCfg = Debug|x64
		{54EC01A7-1D3E-45D9-89F3-D53BF66AF2F3}.Debug|x64.Build.0 = Debug|x64
		{54EC01A7-1D3E-45D9-89F3-D53BF66AF2F3}.Debug|x86.ActiveCfg = Debug|Win32
		{54EC01A7-1D3E-45D9-89F3-D53BF66AF2F3}.Debug|x86.Build.0 = Debug|Win32
		{54EC01A7-1D3E-45D9-89F3-D53BF66AF2F3}.Release|x64.ActiveCfg = Release|x64
		{54EC01A7-1D3E-45D9-89F3-D53BF66AF2F3}.Release|x64.Build.0 = Release|x64
		{54EC01A7-1D3E-45D9-89F3-D53BF66AF2F3}.Release|x86.ActiveCfg = Release|Win32
		{54EC01A7-1D3E-45D9-89F3-D53BF66AF2F3}.Release|x86.Build.0 = Release|Win32
		{19C582FA-413F-4889-B84D-1E73376CB138}.Debug|x64.ActiveCfg = Debug|x64
		{19C582FA-413F-4889-B84D-1E73376CB138}.Debug|x64.Build.0 = Debug|x64
		{19C582FA-413F-4889-B84D-1E73376CB138}.Debug|x86.ActiveCfg = Debug|Win32
		{19C582FA-413F-4889-B84D-1E73376CB138}.Debug|x86.Build.0 = Debug|Win32
		{19C582FA-413F-4889-B84D-1E73376CB138}.Release|x64.ActiveCfg = Release|x64
		{19C582FA-413F-4889-B84D-1E73376CB138}.Release|x64.Build.0 = Release|x64
		{19C582FA-413F-4889-B84D-1E73376CB138}.Release|x86.ActiveCfg = Release|Win32
		{19C582FA-413F-4889-B84D-1E73376CB138}.Release|x86.Build.0 = Release|Win32
		{3894767C-99BD-4672-A0B4-CE9D3083CD67}.Debug|x64.ActiveCfg = Debug|x64
		{3894767C-99BD-4672-A0B4-CE9D3083CD67}.Debug|x64.Build.0 = Debug|x64
		{3894767C-99BD-4672-A0B4-CE9D3083CD67}.Debug|x86.ActiveCfg = Debug|Win32
		{3894767C-99BD-4672-A0B4-CE9D3083CD67}.Debug|x86.Build.0 = Debug|Win32
		{3894767C-99BD-4672-A0B4-CE9D3083CD67}.Release|x64.ActiveCfg = Release|x64
		{3894767C-99BD-4672-A0B4-CE9D3083CD67}.Release|x64.Build.0 = Release|x64
		{3894767C-99BD-4672-A0B4-CE9D3083CD67}.Release|x86.ActiveCfg = Release|Win32
		{3894767C-99BD-4672-A0B4-CE9D3083CD67}.Release|x86.Build.0 = Release|Win32
		{728F4ED5-D2EA-40CB-8F36-8E161E593895}.Debug|x64.ActiveCfg = Debug|x64
		{728F4ED5-D2EA-40CB-8F36-8E161E593895}.Debug|x64.Build.0 = Debug|x64
		{728F4ED5-D2EA-40CB-8F36-8E161E593895}.Debug|x86.ActiveCfg = Debug|Win32
		{728F4ED5-D2EA-40CB-8F36-8E161E593895}.Debug|x86.Build.0 = Debug|Win32
		{728F4ED5-D2EA-40CB-8F36-8E161E593895}.Release|x64.ActiveCfg = Release|x64
		{728F4ED5-D2EA-40CB-8F36-8E161E593895}.Release|x64.Build.0 = Release|x64
		{728F4ED5-D2EA-40CB-8F36-8E161E593895}.Release|x86.ActiveCfg = Release|Win32
		{728F4ED5-D2EA-40CB-8F36-8E161E593895}.Release|x86.Build.0 = Release|Win32
		{C77B0F15-FC5C-4913-9E39-15899130A0DC}.Debug|x64.ActiveCfg = Debug|x64
		{C77B0F15-FC5C-4913-9E39-15899130A0DC}.Debug|x64.Build.0 = Debug|x64
		{C77B0F15-FC5C-4913-9E39-15899130A0DC}.Debug|x86.ActiveCfg = Debug|Win32
		{C77B0F15-FC5C-4913-9E39-15899130A0DC}.Debug|x86.Build.0 = Debug|Win32
		{C77B0F15-FC5C-4913-9E39-15899130A0DC}.Release|x64.ActiveCfg = Release|x64
		{C77B0F15-FC5C-4913-9E39-15899130A0DC}.Release|x64.Build.0 = Release|x64
		{C77B0F15-FC5C-4913-9E39-15899130A0DC}.Release|x86.ActiveCfg = Release|Win32
		{C77B0F15-FC5C-4913-9E39-15899130A0DC}.Release|x86.Build.0 = Release|Win32
		{3DB297DF-70E0-4909-9567-FC3258A4F74D}.Debug|x64.ActiveCfg = Debug|x64
		{3DB297DF-70E0-4909-9567-FC3258A4F74D}.Debug|x64.Build.0 = Debug|x64
		{3DB297DF-70E0-4909-9567-FC3258A4F74D}.Debug|x86.ActiveCfg = Debug|Win32
		{3DB297DF-70E0-4909-9567-FC3258A4F74D}.Debug|x86.Build.0 = Debug|Win32
		{3DB297DF-70E0-4909-9567-FC3258A4F74D}.Release|x64.ActiveCfg = Release|x64
		{3DB297DF-70E0-4909-9567-FC3258A4F74D}.Release|x64.Build.0 = Release|x64
		{3DB297DF-70E0-4909-9567-FC3258A4F74D}.Release|x86.ActiveCfg = Release|Win32
		{3DB297DF-70E0-4909-9567-FC3258A4F74D}.Release|x86.Build.0 = Release|Win32
		{B2444A1D-2A2B-4A9A-9C9E-BBAE889D7858}.Debug|x64.ActiveCfg = Debug|x64
		{B2444A1D-2A2B-4A9A-9C9E-BBAE889D7858}.Debug|x64.Build.0 = Debug|x64
		{B2444A1D-2A2B-4A9A-9C9E-BBAE889D7858}.Debug|x86.ActiveCfg = Debug|Win32
		{B2444A1D-2A2B-4A9A-9C9E-BBAE889D7858}.Debug|x86.Build.0 = Debug|Win32
		{B2444A1D-2A2B-4A9A-9C9E-BBAE889D7858}.Release|x64.ActiveCfg = Release|x64
		{B2444A1D-2A2B-4A9A-9C9E-BBAE889D7858}.Release|x64.Build.0 = Release|x64
		{B2444A1D-2A2B-4A9A-9C9E-BBAE889D7858}.Release|x86.ActiveCfg = Release|Win32
		{B2444A1D-2A2B-4A9A-9C9E-BBAE889D7858}.Release|x86.Build.0 = Release|Win32
		{60DF5EE1-70B0-44A1-9DF2-880F490B7180}.Debug|x64.ActiveCfg = Debug|x64
		{60DF5EE1-70B0-44A1-9DF2-880F490B7180}.Debug|x64.Build.0 = Debug|x64
		{60DF5EE1-70B0-44A1-9DF2-880F490B7180}.Debug|x86.ActiveCfg = Debug|Win32
		{60DF5EE1-70B0-44A1-9DF2-880F490B7180}.Debug|x86.Build.0 = Debug|Win32
		{60DF5EE1-70B0-44A1-9DF2-880F490B7180}.Release|x64.ActiveCfg = Release|x64
		{60DF5EE1-70B0-44A1-9DF2-880F490B7180}.Release|x64.Build.0 = Release|x64
		{60DF5EE1-70B0-44A1-9DF2-880F490B7180}.Release|x86.ActiveCfg = Release|Win32
		{60DF5EE1-70B0-44A1-9DF2-880F490B7180}.Release|x86.Build.0 = Release|Win32
		{2F85AC9B-4D76-4A3E-BF6E-D873469152FD}.Debug|x64.ActiveCfg = Debug|x64
		{2F85AC9B-4D76-4A3E-BF6E-D873469152FD}.Debug|x64.Build.0 = Debug|x64
		{2F85AC9B-4D76-4A3E-BF6E-D873469152FD}.Debug|x86.ActiveCfg = Debug|Win32
		{2F85AC9B-4D76-4A3E-BF6E-D873469152FD}.Debug|x86.Build.0 = Debug|Win32
		{2F85AC9B-4D76-4A3E-BF6E-D873469152FD}.Release|x64.ActiveCfg = Release|x64
		{2F85AC9B-4D76-4A3E-BF6E-D873469152FD}.Release|x64.Build.0 = Release|x64
		{2F85AC9B-4D76-4A3E-BF6E-D873469152FD}.Release|x86.ActiveCfg = Release|Win32
		{2F85AC9B-4D76-4A3E-BF6E-D873469152FD}.Release|x86.Build.0 = Release|Win32
		{2917583C-C964-446B-819D-0F5E2A5D7667}.Debug|x64.ActiveCfg = Debug|x64
		{2917583C-C964-446B-819D-0F5E2A5D7667}.Debug|x64.Build.0 = Debug|x64
		{2917583C-C964-446B-819D-0F5E2A5D7667}.Debug|x86.ActiveCfg = Debug|Win32
		{2917583C-C964-446B-819D-0F5E2A5D7667}.Debug|x86.Build.0 = Debug|Win32
		{2917583C-C964-446B-819D-0F5E2A5D7667}.Release|x64.ActiveCfg = Release|x64
		{2917583C-C964-446B-819D-0F5E2A5D7667}.Release|x64.Build.0 = Release|x64
		{2917583C-C964-446B-819D-0F5E2A5D7667}.Release|x86.ActiveCfg = Release|Win32
		{2917583C-C964-446B-819D-0F5E2A5D7667}.Release|x86.Build.0 = Release|Win32
		{D260B39D-042F-4B2B-BE47-E9D172F1F6A4}.Debug|x64.ActiveCfg = Debug|x64
		{D260B39D-042F-4B2B-BE47-E9D172F1F6A4}.Debug|x64.Build.0 = Debug|x64
		{D260B39D-042F-4B2B-BE47-E9D172F1F6A4}.Debug|x86.ActiveCfg = Debug|Win32
		{D260B39D-042F-4B2B-BE47-E9D172F1F6A4}.Debug|x86.Build.0 = Debug|Win32
		{D260B39D-042F-4B2B-BE47-E9D172F1F6A4}.Release|x64.ActiveCfg = Release|x64
		{D260B39D-042F-4B2B-BE47-E9D172F1F6A4}.Release|x64.Build.0 = Release|x64
		{D260B39D-042F-4B2B-BE47-E9D172F1F6A4}.Release|x86.ActiveCfg = Release|Win32
		{D260B39D-042F-4B2B-BE47-E9D172F1F6A4}.Release|x86.Build.0 = Release|Win32
		{38BA6607-7A61-47C0-8857-AD4AE9856F99}.Debug|x64.ActiveCfg = Debug|x64
		{38BA6607-7A61-47C0-8857-AD4AE9856F99}.Debug|x64.Build.0 = Debug|x64
		{38BA6607-7A61-47C0-8857-AD4AE9856F99}.Debug|x86.ActiveCfg = Debug|Win32
		{38BA6607-7A61-47C0-8857-AD4AE9856F99}.Debug|x86.Build.0 = Debug|Win32
		{38BA6607-7A61-47C0-8857-AD4AE9856F99}.Release|x64.ActiveCfg = Release|x64
		{38BA6607-7A61-47C0-8857-AD4AE9856F99}.Release|x64.Build.0 = Release|x64
		{38BA6607-7A61-47C0-8857-AD4AE9856F99}.Release|x86.ActiveCfg = Release|Win32
		{38BA6607-7A61-47C0-8857-AD4AE9856F99}.Release|x86.Build.0 = Release|Win32
	EndGlobalSection
	GlobalSection(SolutionProperties) = preSolution
		HideSolutionNode = FALSE
	EndGlobalSection
	GlobalSection(ExtensibilityGlobals) = postSolution
		SolutionGuid = {4F9D460B-74CC-40BB-97BC-48A40BB74A85}
	EndGlobalSection
EndGlobal
