
Microsoft Visual Studio Solution File, Format Version 12.00
# Visual Studio 15
VisualStudioVersion = 15.0.28307.489
MinimumVisualStudioVersion = 10.0.40219.1
Project("{8BC9CEB8-8B4A-11D0-8D11-00A0C91BC942}") = "01번", "01번\01번.vcxproj", "{1746C23A-D7E7-42CF-9C5E-E217E35C4D19}"
EndProject
Project("{8BC9CEB8-8B4A-11D0-8D11-00A0C91BC942}") = "02번", "02번\02번.vcxproj", "{257CF8FA-586B-4AAF-8BD0-28BA4300A1F2}"
EndProject
Project("{8BC9CEB8-8B4A-11D0-8D11-00A0C91BC942}") = "03번", "03번\03번.vcxproj", "{2CD62793-CFD5-4E7E-9A49-18F721C969C9}"
EndProject
Project("{8BC9CEB8-8B4A-11D0-8D11-00A0C91BC942}") = "04번", "04번\04번.vcxproj", "{838CF134-559E-4AD1-BC12-7386B04557EF}"
EndProject
Project("{8BC9CEB8-8B4A-11D0-8D11-00A0C91BC942}") = "05번", "05번\05번.vcxproj", "{31443D69-8504-4455-9CDE-94F8D69E6681}"
EndProject
Project("{8BC9CEB8-8B4A-11D0-8D11-00A0C91BC942}") = "06번", "06번\06번.vcxproj", "{A0313FB1-52C4-43FB-ABF9-60E9B4824FE6}"
EndProject
Project("{8BC9CEB8-8B4A-11D0-8D11-00A0C91BC942}") = "07번", "07번\07번.vcxproj", "{7B8425F3-D006-405B-B7F1-5494395025C9}"
EndProject
Project("{8BC9CEB8-8B4A-11D0-8D11-00A0C91BC942}") = "08번", "08번\08번.vcxproj", "{9515DF42-DA61-4E7B-B5D8-FE9A45D4DDE0}"
EndProject
Project("{8BC9CEB8-8B4A-11D0-8D11-00A0C91BC942}") = "09번", "09번\09번.vcxproj", "{EA21E73F-1951-4BC0-85C4-C925C0EF863A}"
EndProject
Project("{8BC9CEB8-8B4A-11D0-8D11-00A0C91BC942}") = "10번", "10번\10번.vcxproj", "{7F0B1081-96F6-42A7-89E9-47A447BF299B}"
EndProject
Project("{8BC9CEB8-8B4A-11D0-8D11-00A0C91BC942}") = "11번", "11번\11번.vcxproj", "{0E65363C-51C1-4ACD-9659-C832FB7DE135}"
EndProject
Project("{8BC9CEB8-8B4A-11D0-8D11-00A0C91BC942}") = "12번", "12번\12번.vcxproj", "{2EC1D4AD-A9AF-4A75-887F-0E82E3FE0389}"
EndProject
Project("{8BC9CEB8-8B4A-11D0-8D11-00A0C91BC942}") = "13번", "13번\13번.vcxproj", "{260B7DF4-1EE3-4133-8106-EC57A3E72732}"
EndProject
Project("{8BC9CEB8-8B4A-11D0-8D11-00A0C91BC942}") = "14번", "14번\14번.vcxproj", "{71A85F06-B1E5-4006-9ED8-7950CAF2F526}"
EndProject
Global
	GlobalSection(SolutionConfigurationPlatforms) = preSolution
		Debug|x64 = Debug|x64
		Debug|x86 = Debug|x86
		Release|x64 = Release|x64
		Release|x86 = Release|x86
	EndGlobalSection
	GlobalSection(ProjectConfigurationPlatforms) = postSolution
		{1746C23A-D7E7-42CF-9C5E-E217E35C4D19}.Debug|x64.ActiveCfg = Debug|x64
		{1746C23A-D7E7-42CF-9C5E-E217E35C4D19}.Debug|x64.Build.0 = Debug|x64
		{1746C23A-D7E7-42CF-9C5E-E217E35C4D19}.Debug|x86.ActiveCfg = Debug|Win32
		{1746C23A-D7E7-42CF-9C5E-E217E35C4D19}.Debug|x86.Build.0 = Debug|Win32
		{1746C23A-D7E7-42CF-9C5E-E217E35C4D19}.Release|x64.ActiveCfg = Release|x64
		{1746C23A-D7E7-42CF-9C5E-E217E35C4D19}.Release|x64.Build.0 = Release|x64
		{1746C23A-D7E7-42CF-9C5E-E217E35C4D19}.Release|x86.ActiveCfg = Release|Win32
		{1746C23A-D7E7-42CF-9C5E-E217E35C4D19}.Release|x86.Build.0 = Release|Win32
		{257CF8FA-586B-4AAF-8BD0-28BA4300A1F2}.Debug|x64.ActiveCfg = Debug|x64
		{257CF8FA-586B-4AAF-8BD0-28BA4300A1F2}.Debug|x64.Build.0 = Debug|x64
		{257CF8FA-586B-4AAF-8BD0-28BA4300A1F2}.Debug|x86.ActiveCfg = Debug|Win32
		{257CF8FA-586B-4AAF-8BD0-28BA4300A1F2}.Debug|x86.Build.0 = Debug|Win32
		{257CF8FA-586B-4AAF-8BD0-28BA4300A1F2}.Release|x64.ActiveCfg = Release|x64
		{257CF8FA-586B-4AAF-8BD0-28BA4300A1F2}.Release|x64.Build.0 = Release|x64
		{257CF8FA-586B-4AAF-8BD0-28BA4300A1F2}.Release|x86.ActiveCfg = Release|Win32
		{257CF8FA-586B-4AAF-8BD0-28BA4300A1F2}.Release|x86.Build.0 = Release|Win32
		{2CD62793-CFD5-4E7E-9A49-18F721C969C9}.Debug|x64.ActiveCfg = Debug|x64
		{2CD62793-CFD5-4E7E-9A49-18F721C969C9}.Debug|x64.Build.0 = Debug|x64
		{2CD62793-CFD5-4E7E-9A49-18F721C969C9}.Debug|x86.ActiveCfg = Debug|Win32
		{2CD62793-CFD5-4E7E-9A49-18F721C969C9}.Debug|x86.Build.0 = Debug|Win32
		{2CD62793-CFD5-4E7E-9A49-18F721C969C9}.Release|x64.ActiveCfg = Release|x64
		{2CD62793-CFD5-4E7E-9A49-18F721C969C9}.Release|x64.Build.0 = Release|x64
		{2CD62793-CFD5-4E7E-9A49-18F721C969C9}.Release|x86.ActiveCfg = Release|Win32
		{2CD62793-CFD5-4E7E-9A49-18F721C969C9}.Release|x86.Build.0 = Release|Win32
		{838CF134-559E-4AD1-BC12-7386B04557EF}.Debug|x64.ActiveCfg = Debug|x64
		{838CF134-559E-4AD1-BC12-7386B04557EF}.Debug|x64.Build.0 = Debug|x64
		{838CF134-559E-4AD1-BC12-7386B04557EF}.Debug|x86.ActiveCfg = Debug|Win32
		{838CF134-559E-4AD1-BC12-7386B04557EF}.Debug|x86.Build.0 = Debug|Win32
		{838CF134-559E-4AD1-BC12-7386B04557EF}.Release|x64.ActiveCfg = Release|x64
		{838CF134-559E-4AD1-BC12-7386B04557EF}.Release|x64.Build.0 = Release|x64
		{838CF134-559E-4AD1-BC12-7386B04557EF}.Release|x86.ActiveCfg = Release|Win32
		{838CF134-559E-4AD1-BC12-7386B04557EF}.Release|x86.Build.0 = Release|Win32
		{31443D69-8504-4455-9CDE-94F8D69E6681}.Debug|x64.ActiveCfg = Debug|x64
		{31443D69-8504-4455-9CDE-94F8D69E6681}.Debug|x64.Build.0 = Debug|x64
		{31443D69-8504-4455-9CDE-94F8D69E6681}.Debug|x86.ActiveCfg = Debug|Win32
		{31443D69-8504-4455-9CDE-94F8D69E6681}.Debug|x86.Build.0 = Debug|Win32
		{31443D69-8504-4455-9CDE-94F8D69E6681}.Release|x64.ActiveCfg = Release|x64
		{31443D69-8504-4455-9CDE-94F8D69E6681}.Release|x64.Build.0 = Release|x64
		{31443D69-8504-4455-9CDE-94F8D69E6681}.Release|x86.ActiveCfg = Release|Win32
		{31443D69-8504-4455-9CDE-94F8D69E6681}.Release|x86.Build.0 = Release|Win32
		{A0313FB1-52C4-43FB-ABF9-60E9B4824FE6}.Debug|x64.ActiveCfg = Debug|x64
		{A0313FB1-52C4-43FB-ABF9-60E9B4824FE6}.Debug|x64.Build.0 = Debug|x64
		{A0313FB1-52C4-43FB-ABF9-60E9B4824FE6}.Debug|x86.ActiveCfg = Debug|Win32
		{A0313FB1-52C4-43FB-ABF9-60E9B4824FE6}.Debug|x86.Build.0 = Debug|Win32
		{A0313FB1-52C4-43FB-ABF9-60E9B4824FE6}.Release|x64.ActiveCfg = Release|x64
		{A0313FB1-52C4-43FB-ABF9-60E9B4824FE6}.Release|x64.Build.0 = Release|x64
		{A0313FB1-52C4-43FB-ABF9-60E9B4824FE6}.Release|x86.ActiveCfg = Release|Win32
		{A0313FB1-52C4-43FB-ABF9-60E9B4824FE6}.Release|x86.Build.0 = Release|Win32
		{7B8425F3-D006-405B-B7F1-5494395025C9}.Debug|x64.ActiveCfg = Debug|x64
		{7B8425F3-D006-405B-B7F1-5494395025C9}.Debug|x64.Build.0 = Debug|x64
		{7B8425F3-D006-405B-B7F1-5494395025C9}.Debug|x86.ActiveCfg = Debug|Win32
		{7B8425F3-D006-405B-B7F1-5494395025C9}.Debug|x86.Build.0 = Debug|Win32
		{7B8425F3-D006-405B-B7F1-5494395025C9}.Release|x64.ActiveCfg = Release|x64
		{7B8425F3-D006-405B-B7F1-5494395025C9}.Release|x64.Build.0 = Release|x64
		{7B8425F3-D006-405B-B7F1-5494395025C9}.Release|x86.ActiveCfg = Release|Win32
		{7B8425F3-D006-405B-B7F1-5494395025C9}.Release|x86.Build.0 = Release|Win32
		{9515DF42-DA61-4E7B-B5D8-FE9A45D4DDE0}.Debug|x64.ActiveCfg = Debug|x64
		{9515DF42-DA61-4E7B-B5D8-FE9A45D4DDE0}.Debug|x64.Build.0 = Debug|x64
		{9515DF42-DA61-4E7B-B5D8-FE9A45D4DDE0}.Debug|x86.ActiveCfg = Debug|Win32
		{9515DF42-DA61-4E7B-B5D8-FE9A45D4DDE0}.Debug|x86.Build.0 = Debug|Win32
		{9515DF42-DA61-4E7B-B5D8-FE9A45D4DDE0}.Release|x64.ActiveCfg = Release|x64
		{9515DF42-DA61-4E7B-B5D8-FE9A45D4DDE0}.Release|x64.Build.0 = Release|x64
		{9515DF42-DA61-4E7B-B5D8-FE9A45D4DDE0}.Release|x86.ActiveCfg = Release|Win32
		{9515DF42-DA61-4E7B-B5D8-FE9A45D4DDE0}.Release|x86.Build.0 = Release|Win32
		{EA21E73F-1951-4BC0-85C4-C925C0EF863A}.Debug|x64.ActiveCfg = Debug|x64
		{EA21E73F-1951-4BC0-85C4-C925C0EF863A}.Debug|x64.Build.0 = Debug|x64
		{EA21E73F-1951-4BC0-85C4-C925C0EF863A}.Debug|x86.ActiveCfg = Debug|Win32
		{EA21E73F-1951-4BC0-85C4-C925C0EF863A}.Debug|x86.Build.0 = Debug|Win32
		{EA21E73F-1951-4BC0-85C4-C925C0EF863A}.Release|x64.ActiveCfg = Release|x64
		{EA21E73F-1951-4BC0-85C4-C925C0EF863A}.Release|x64.Build.0 = Release|x64
		{EA21E73F-1951-4BC0-85C4-C925C0EF863A}.Release|x86.ActiveCfg = Release|Win32
		{EA21E73F-1951-4BC0-85C4-C925C0EF863A}.Release|x86.Build.0 = Release|Win32
		{7F0B1081-96F6-42A7-89E9-47A447BF299B}.Debug|x64.ActiveCfg = Debug|x64
		{7F0B1081-96F6-42A7-89E9-47A447BF299B}.Debug|x64.Build.0 = Debug|x64
		{7F0B1081-96F6-42A7-89E9-47A447BF299B}.Debug|x86.ActiveCfg = Debug|Win32
		{7F0B1081-96F6-42A7-89E9-47A447BF299B}.Debug|x86.Build.0 = Debug|Win32
		{7F0B1081-96F6-42A7-89E9-47A447BF299B}.Release|x64.ActiveCfg = Release|x64
		{7F0B1081-96F6-42A7-89E9-47A447BF299B}.Release|x64.Build.0 = Release|x64
		{7F0B1081-96F6-42A7-89E9-47A447BF299B}.Release|x86.ActiveCfg = Release|Win32
		{7F0B1081-96F6-42A7-89E9-47A447BF299B}.Release|x86.Build.0 = Release|Win32
		{0E65363C-51C1-4ACD-9659-C832FB7DE135}.Debug|x64.ActiveCfg = Debug|x64
		{0E65363C-51C1-4ACD-9659-C832FB7DE135}.Debug|x64.Build.0 = Debug|x64
		{0E65363C-51C1-4ACD-9659-C832FB7DE135}.Debug|x86.ActiveCfg = Debug|Win32
		{0E65363C-51C1-4ACD-9659-C832FB7DE135}.Debug|x86.Build.0 = Debug|Win32
		{0E65363C-51C1-4ACD-9659-C832FB7DE135}.Release|x64.ActiveCfg = Release|x64
		{0E65363C-51C1-4ACD-9659-C832FB7DE135}.Release|x64.Build.0 = Release|x64
		{0E65363C-51C1-4ACD-9659-C832FB7DE135}.Release|x86.ActiveCfg = Release|Win32
		{0E65363C-51C1-4ACD-9659-C832FB7DE135}.Release|x86.Build.0 = Release|Win32
		{2EC1D4AD-A9AF-4A75-887F-0E82E3FE0389}.Debug|x64.ActiveCfg = Debug|x64
		{2EC1D4AD-A9AF-4A75-887F-0E82E3FE0389}.Debug|x64.Build.0 = Debug|x64
		{2EC1D4AD-A9AF-4A75-887F-0E82E3FE0389}.Debug|x86.ActiveCfg = Debug|Win32
		{2EC1D4AD-A9AF-4A75-887F-0E82E3FE0389}.Debug|x86.Build.0 = Debug|Win32
		{2EC1D4AD-A9AF-4A75-887F-0E82E3FE0389}.Release|x64.ActiveCfg = Release|x64
		{2EC1D4AD-A9AF-4A75-887F-0E82E3FE0389}.Release|x64.Build.0 = Release|x64
		{2EC1D4AD-A9AF-4A75-887F-0E82E3FE0389}.Release|x86.ActiveCfg = Release|Win32
		{2EC1D4AD-A9AF-4A75-887F-0E82E3FE0389}.Release|x86.Build.0 = Release|Win32
		{260B7DF4-1EE3-4133-8106-EC57A3E72732}.Debug|x64.ActiveCfg = Debug|x64
		{260B7DF4-1EE3-4133-8106-EC57A3E72732}.Debug|x64.Build.0 = Debug|x64
		{260B7DF4-1EE3-4133-8106-EC57A3E72732}.Debug|x86.ActiveCfg = Debug|Win32
		{260B7DF4-1EE3-4133-8106-EC57A3E72732}.Debug|x86.Build.0 = Debug|Win32
		{260B7DF4-1EE3-4133-8106-EC57A3E72732}.Release|x64.ActiveCfg = Release|x64
		{260B7DF4-1EE3-4133-8106-EC57A3E72732}.Release|x64.Build.0 = Release|x64
		{260B7DF4-1EE3-4133-8106-EC57A3E72732}.Release|x86.ActiveCfg = Release|Win32
		{260B7DF4-1EE3-4133-8106-EC57A3E72732}.Release|x86.Build.0 = Release|Win32
		{71A85F06-B1E5-4006-9ED8-7950CAF2F526}.Debug|x64.ActiveCfg = Debug|x64
		{71A85F06-B1E5-4006-9ED8-7950CAF2F526}.Debug|x64.Build.0 = Debug|x64
		{71A85F06-B1E5-4006-9ED8-7950CAF2F526}.Debug|x86.ActiveCfg = Debug|Win32
		{71A85F06-B1E5-4006-9ED8-7950CAF2F526}.Debug|x86.Build.0 = Debug|Win32
		{71A85F06-B1E5-4006-9ED8-7950CAF2F526}.Release|x64.ActiveCfg = Release|x64
		{71A85F06-B1E5-4006-9ED8-7950CAF2F526}.Release|x64.Build.0 = Release|x64
		{71A85F06-B1E5-4006-9ED8-7950CAF2F526}.Release|x86.ActiveCfg = Release|Win32
		{71A85F06-B1E5-4006-9ED8-7950CAF2F526}.Release|x86.Build.0 = Release|Win32
	EndGlobalSection
	GlobalSection(SolutionProperties) = preSolution
		HideSolutionNode = FALSE
	EndGlobalSection
	GlobalSection(ExtensibilityGlobals) = postSolution
		SolutionGuid = {04EFA16D-D327-4E0A-934C-479909B29702}
	EndGlobalSection
EndGlobal
