
Microsoft Visual Studio Solution File, Format Version 12.00
# Visual Studio Version 16
VisualStudioVersion = 16.0.29306.81
MinimumVisualStudioVersion = 10.0.40219.1
Project("{8BC9CEB8-8B4A-11D0-8D11-00A0C91BC942}") = "01번", "01번\01번.vcxproj", "{85516C9D-35E4-43E1-B5FD-1211CA4515D4}"
EndProject
Project("{8BC9CEB8-8B4A-11D0-8D11-00A0C91BC942}") = "02번", "02번\02번.vcxproj", "{9ACB47CB-7CEC-4CBE-ACD1-FC47756A1638}"
EndProject
Project("{8BC9CEB8-8B4A-11D0-8D11-00A0C91BC942}") = "03번", "03번\03번.vcxproj", "{51B4FEC5-3F3D-4A1D-B895-08FE19DC58F0}"
EndProject
Project("{8BC9CEB8-8B4A-11D0-8D11-00A0C91BC942}") = "04번", "04번\04번.vcxproj", "{611C947C-599A-4A77-A51C-3F7B005FDF4C}"
EndProject
Project("{8BC9CEB8-8B4A-11D0-8D11-00A0C91BC942}") = "05번", "05번\05번.vcxproj", "{355EBD25-A95D-4319-BAEC-3F4CF1EF0979}"
EndProject
Project("{8BC9CEB8-8B4A-11D0-8D11-00A0C91BC942}") = "13번", "13번\13번.vcxproj", "{3D1C79EE-4725-416F-B3F3-1F04538BF8D0}"
EndProject
Project("{8BC9CEB8-8B4A-11D0-8D11-00A0C91BC942}") = "15번", "15번\15번.vcxproj", "{4058E202-6A60-40AB-8319-CA45397F5A3F}"
EndProject
Project("{8BC9CEB8-8B4A-11D0-8D11-00A0C91BC942}") = "18번", "18번\18번.vcxproj", "{D105B3FE-2482-438A-80ED-14464D7A2FB9}"
EndProject
Project("{8BC9CEB8-8B4A-11D0-8D11-00A0C91BC942}") = "추가문제", "추가문제\추가문제.vcxproj", "{E65CCFF0-345E-4B00-8283-0AFB9A79724B}"
EndProject
Global
	GlobalSection(SolutionConfigurationPlatforms) = preSolution
		Debug|x64 = Debug|x64
		Debug|x86 = Debug|x86
		Release|x64 = Release|x64
		Release|x86 = Release|x86
	EndGlobalSection
	GlobalSection(ProjectConfigurationPlatforms) = postSolution
		{85516C9D-35E4-43E1-B5FD-1211CA4515D4}.Debug|x64.ActiveCfg = Debug|x64
		{85516C9D-35E4-43E1-B5FD-1211CA4515D4}.Debug|x64.Build.0 = Debug|x64
		{85516C9D-35E4-43E1-B5FD-1211CA4515D4}.Debug|x86.ActiveCfg = Debug|Win32
		{85516C9D-35E4-43E1-B5FD-1211CA4515D4}.Debug|x86.Build.0 = Debug|Win32
		{85516C9D-35E4-43E1-B5FD-1211CA4515D4}.Release|x64.ActiveCfg = Release|x64
		{85516C9D-35E4-43E1-B5FD-1211CA4515D4}.Release|x64.Build.0 = Release|x64
		{85516C9D-35E4-43E1-B5FD-1211CA4515D4}.Release|x86.ActiveCfg = Release|Win32
		{85516C9D-35E4-43E1-B5FD-1211CA4515D4}.Release|x86.Build.0 = Release|Win32
		{9ACB47CB-7CEC-4CBE-ACD1-FC47756A1638}.Debug|x64.ActiveCfg = Debug|x64
		{9ACB47CB-7CEC-4CBE-ACD1-FC47756A1638}.Debug|x64.Build.0 = Debug|x64
		{9ACB47CB-7CEC-4CBE-ACD1-FC47756A1638}.Debug|x86.ActiveCfg = Debug|Win32
		{9ACB47CB-7CEC-4CBE-ACD1-FC47756A1638}.Debug|x86.Build.0 = Debug|Win32
		{9ACB47CB-7CEC-4CBE-ACD1-FC47756A1638}.Release|x64.ActiveCfg = Release|x64
		{9ACB47CB-7CEC-4CBE-ACD1-FC47756A1638}.Release|x64.Build.0 = Release|x64
		{9ACB47CB-7CEC-4CBE-ACD1-FC47756A1638}.Release|x86.ActiveCfg = Release|Win32
		{9ACB47CB-7CEC-4CBE-ACD1-FC47756A1638}.Release|x86.Build.0 = Release|Win32
		{51B4FEC5-3F3D-4A1D-B895-08FE19DC58F0}.Debug|x64.ActiveCfg = Debug|x64
		{51B4FEC5-3F3D-4A1D-B895-08FE19DC58F0}.Debug|x64.Build.0 = Debug|x64
		{51B4FEC5-3F3D-4A1D-B895-08FE19DC58F0}.Debug|x86.ActiveCfg = Debug|Win32
		{51B4FEC5-3F3D-4A1D-B895-08FE19DC58F0}.Debug|x86.Build.0 = Debug|Win32
		{51B4FEC5-3F3D-4A1D-B895-08FE19DC58F0}.Release|x64.ActiveCfg = Release|x64
		{51B4FEC5-3F3D-4A1D-B895-08FE19DC58F0}.Release|x64.Build.0 = Release|x64
		{51B4FEC5-3F3D-4A1D-B895-08FE19DC58F0}.Release|x86.ActiveCfg = Release|Win32
		{51B4FEC5-3F3D-4A1D-B895-08FE19DC58F0}.Release|x86.Build.0 = Release|Win32
		{611C947C-599A-4A77-A51C-3F7B005FDF4C}.Debug|x64.ActiveCfg = Debug|x64
		{611C947C-599A-4A77-A51C-3F7B005FDF4C}.Debug|x64.Build.0 = Debug|x64
		{611C947C-599A-4A77-A51C-3F7B005FDF4C}.Debug|x86.ActiveCfg = Debug|Win32
		{611C947C-599A-4A77-A51C-3F7B005FDF4C}.Debug|x86.Build.0 = Debug|Win32
		{611C947C-599A-4A77-A51C-3F7B005FDF4C}.Release|x64.ActiveCfg = Release|x64
		{611C947C-599A-4A77-A51C-3F7B005FDF4C}.Release|x64.Build.0 = Release|x64
		{611C947C-599A-4A77-A51C-3F7B005FDF4C}.Release|x86.ActiveCfg = Release|Win32
		{611C947C-599A-4A77-A51C-3F7B005FDF4C}.Release|x86.Build.0 = Release|Win32
		{355EBD25-A95D-4319-BAEC-3F4CF1EF0979}.Debug|x64.ActiveCfg = Debug|x64
		{355EBD25-A95D-4319-BAEC-3F4CF1EF0979}.Debug|x64.Build.0 = Debug|x64
		{355EBD25-A95D-4319-BAEC-3F4CF1EF0979}.Debug|x86.ActiveCfg = Debug|Win32
		{355EBD25-A95D-4319-BAEC-3F4CF1EF0979}.Debug|x86.Build.0 = Debug|Win32
		{355EBD25-A95D-4319-BAEC-3F4CF1EF0979}.Release|x64.ActiveCfg = Release|x64
		{355EBD25-A95D-4319-BAEC-3F4CF1EF0979}.Release|x64.Build.0 = Release|x64
		{355EBD25-A95D-4319-BAEC-3F4CF1EF0979}.Release|x86.ActiveCfg = Release|Win32
		{355EBD25-A95D-4319-BAEC-3F4CF1EF0979}.Release|x86.Build.0 = Release|Win32
		{3D1C79EE-4725-416F-B3F3-1F04538BF8D0}.Debug|x64.ActiveCfg = Debug|x64
		{3D1C79EE-4725-416F-B3F3-1F04538BF8D0}.Debug|x64.Build.0 = Debug|x64
		{3D1C79EE-4725-416F-B3F3-1F04538BF8D0}.Debug|x86.ActiveCfg = Debug|Win32
		{3D1C79EE-4725-416F-B3F3-1F04538BF8D0}.Debug|x86.Build.0 = Debug|Win32
		{3D1C79EE-4725-416F-B3F3-1F04538BF8D0}.Release|x64.ActiveCfg = Release|x64
		{3D1C79EE-4725-416F-B3F3-1F04538BF8D0}.Release|x64.Build.0 = Release|x64
		{3D1C79EE-4725-416F-B3F3-1F04538BF8D0}.Release|x86.ActiveCfg = Release|Win32
		{3D1C79EE-4725-416F-B3F3-1F04538BF8D0}.Release|x86.Build.0 = Release|Win32
		{4058E202-6A60-40AB-8319-CA45397F5A3F}.Debug|x64.ActiveCfg = Debug|x64
		{4058E202-6A60-40AB-8319-CA45397F5A3F}.Debug|x64.Build.0 = Debug|x64
		{4058E202-6A60-40AB-8319-CA45397F5A3F}.Debug|x86.ActiveCfg = Debug|Win32
		{4058E202-6A60-40AB-8319-CA45397F5A3F}.Debug|x86.Build.0 = Debug|Win32
		{4058E202-6A60-40AB-8319-CA45397F5A3F}.Release|x64.ActiveCfg = Release|x64
		{4058E202-6A60-40AB-8319-CA45397F5A3F}.Release|x64.Build.0 = Release|x64
		{4058E202-6A60-40AB-8319-CA45397F5A3F}.Release|x86.ActiveCfg = Release|Win32
		{4058E202-6A60-40AB-8319-CA45397F5A3F}.Release|x86.Build.0 = Release|Win32
		{D105B3FE-2482-438A-80ED-14464D7A2FB9}.Debug|x64.ActiveCfg = Debug|x64
		{D105B3FE-2482-438A-80ED-14464D7A2FB9}.Debug|x64.Build.0 = Debug|x64
		{D105B3FE-2482-438A-80ED-14464D7A2FB9}.Debug|x86.ActiveCfg = Debug|Win32
		{D105B3FE-2482-438A-80ED-14464D7A2FB9}.Debug|x86.Build.0 = Debug|Win32
		{D105B3FE-2482-438A-80ED-14464D7A2FB9}.Release|x64.ActiveCfg = Release|x64
		{D105B3FE-2482-438A-80ED-14464D7A2FB9}.Release|x64.Build.0 = Release|x64
		{D105B3FE-2482-438A-80ED-14464D7A2FB9}.Release|x86.ActiveCfg = Release|Win32
		{D105B3FE-2482-438A-80ED-14464D7A2FB9}.Release|x86.Build.0 = Release|Win32
		{E65CCFF0-345E-4B00-8283-0AFB9A79724B}.Debug|x64.ActiveCfg = Debug|x64
		{E65CCFF0-345E-4B00-8283-0AFB9A79724B}.Debug|x64.Build.0 = Debug|x64
		{E65CCFF0-345E-4B00-8283-0AFB9A79724B}.Debug|x86.ActiveCfg = Debug|Win32
		{E65CCFF0-345E-4B00-8283-0AFB9A79724B}.Debug|x86.Build.0 = Debug|Win32
		{E65CCFF0-345E-4B00-8283-0AFB9A79724B}.Release|x64.ActiveCfg = Release|x64
		{E65CCFF0-345E-4B00-8283-0AFB9A79724B}.Release|x64.Build.0 = Release|x64
		{E65CCFF0-345E-4B00-8283-0AFB9A79724B}.Release|x86.ActiveCfg = Release|Win32
		{E65CCFF0-345E-4B00-8283-0AFB9A79724B}.Release|x86.Build.0 = Release|Win32
	EndGlobalSection
	GlobalSection(SolutionProperties) = preSolution
		HideSolutionNode = FALSE
	EndGlobalSection
	GlobalSection(ExtensibilityGlobals) = postSolution
		SolutionGuid = {4D23A700-1E20-493A-BEAE-061819DFFCCD}
	EndGlobalSection
EndGlobal
