
Microsoft Visual Studio Solution File, Format Version 12.00
# Visual Studio Version 16
VisualStudioVersion = 16.0.29519.87
MinimumVisualStudioVersion = 10.0.40219.1
Project("{8BC9CEB8-8B4A-11D0-8D11-00A0C91BC942}") = "01", "..\01\01.vcxproj", "{EE3EB4AE-604E-4283-BA07-6FF485D990FE}"
EndProject
Project("{8BC9CEB8-8B4A-11D0-8D11-00A0C91BC942}") = "02", "02\02.vcxproj", "{2A670361-DA6C-4284-96DC-33DE96F1CC85}"
EndProject
Project("{8BC9CEB8-8B4A-11D0-8D11-00A0C91BC942}") = "03", "03\03.vcxproj", "{B076FC1A-A97C-4A26-9678-5CE592070063}"
EndProject
Project("{8BC9CEB8-8B4A-11D0-8D11-00A0C91BC942}") = "04", "04\04.vcxproj", "{D474CDC2-C3A1-4D9E-A4AD-B4CC8D336BE0}"
EndProject
Project("{8BC9CEB8-8B4A-11D0-8D11-00A0C91BC942}") = "05", "05\05.vcxproj", "{1FF69F3A-C8B3-4C44-A8C0-FBFC6897AE5B}"
EndProject
Project("{8BC9CEB8-8B4A-11D0-8D11-00A0C91BC942}") = "06", "06\06.vcxproj", "{D1AE4CD0-8834-4485-903A-C35ABDB93025}"
EndProject
Project("{8BC9CEB8-8B4A-11D0-8D11-00A0C91BC942}") = "07", "07\07.vcxproj", "{50EE29C8-91EB-4AFD-9886-F0B31E361F88}"
EndProject
Project("{8BC9CEB8-8B4A-11D0-8D11-00A0C91BC942}") = "08", "08\08.vcxproj", "{35EDFD38-AA97-4261-B8A5-9890758C3177}"
EndProject
Project("{8BC9CEB8-8B4A-11D0-8D11-00A0C91BC942}") = "09", "09\09.vcxproj", "{474D6EB9-1FB0-4BE1-BAA1-571EA37DB51B}"
EndProject
Project("{8BC9CEB8-8B4A-11D0-8D11-00A0C91BC942}") = "10", "10\10.vcxproj", "{CFC11A48-5F0B-4775-9BB7-82F7818FE6FF}"
EndProject
Project("{8BC9CEB8-8B4A-11D0-8D11-00A0C91BC942}") = "11", "11\11.vcxproj", "{3234EED9-33DA-4358-BF7A-FA723F70306F}"
EndProject
Project("{8BC9CEB8-8B4A-11D0-8D11-00A0C91BC942}") = "12", "12\12.vcxproj", "{3C0B7335-ABB4-463E-B01A-188B7444C518}"
EndProject
Project("{8BC9CEB8-8B4A-11D0-8D11-00A0C91BC942}") = "13", "13\13.vcxproj", "{736BC357-4867-4AD8-9BAA-552AAAD2EC7D}"
EndProject
Project("{8BC9CEB8-8B4A-11D0-8D11-00A0C91BC942}") = "14", "14\14.vcxproj", "{DBF891D3-9C89-467D-B7E1-44F5C4EDEDEB}"
EndProject
Project("{8BC9CEB8-8B4A-11D0-8D11-00A0C91BC942}") = "15", "15\15.vcxproj", "{6274DB1C-5F42-48A0-B6B8-0630CCD540AE}"
EndProject
Project("{8BC9CEB8-8B4A-11D0-8D11-00A0C91BC942}") = "16", "16\16.vcxproj", "{B3058311-4F03-4343-808E-C1D335F642F7}"
EndProject
Project("{8BC9CEB8-8B4A-11D0-8D11-00A0C91BC942}") = "17", "17\17.vcxproj", "{1D8ED7F2-6D5F-4335-A72A-E2494A2F6AAD}"
EndProject
Project("{8BC9CEB8-8B4A-11D0-8D11-00A0C91BC942}") = "18", "18\18.vcxproj", "{2AAFF9AB-3AAC-4213-8701-255210F7DF35}"
EndProject
Project("{8BC9CEB8-8B4A-11D0-8D11-00A0C91BC942}") = "q01", "q01\q01.vcxproj", "{D585AB61-11B7-4D7A-9C2A-232C0892DC23}"
EndProject
Project("{8BC9CEB8-8B4A-11D0-8D11-00A0C91BC942}") = "q02", "q02\q02.vcxproj", "{8137C873-C72B-4344-BDBC-DD427CAE4444}"
EndProject
Global
	GlobalSection(SolutionConfigurationPlatforms) = preSolution
		Debug|x64 = Debug|x64
		Debug|x86 = Debug|x86
		Release|x64 = Release|x64
		Release|x86 = Release|x86
	EndGlobalSection
	GlobalSection(ProjectConfigurationPlatforms) = postSolution
		{EE3EB4AE-604E-4283-BA07-6FF485D990FE}.Debug|x64.ActiveCfg = Debug|x64
		{EE3EB4AE-604E-4283-BA07-6FF485D990FE}.Debug|x64.Build.0 = Debug|x64
		{EE3EB4AE-604E-4283-BA07-6FF485D990FE}.Debug|x86.ActiveCfg = Debug|Win32
		{EE3EB4AE-604E-4283-BA07-6FF485D990FE}.Debug|x86.Build.0 = Debug|Win32
		{EE3EB4AE-604E-4283-BA07-6FF485D990FE}.Release|x64.ActiveCfg = Release|x64
		{EE3EB4AE-604E-4283-BA07-6FF485D990FE}.Release|x64.Build.0 = Release|x64
		{EE3EB4AE-604E-4283-BA07-6FF485D990FE}.Release|x86.ActiveCfg = Release|Win32
		{EE3EB4AE-604E-4283-BA07-6FF485D990FE}.Release|x86.Build.0 = Release|Win32
		{2A670361-DA6C-4284-96DC-33DE96F1CC85}.Debug|x64.ActiveCfg = Debug|x64
		{2A670361-DA6C-4284-96DC-33DE96F1CC85}.Debug|x64.Build.0 = Debug|x64
		{2A670361-DA6C-4284-96DC-33DE96F1CC85}.Debug|x86.ActiveCfg = Debug|Win32
		{2A670361-DA6C-4284-96DC-33DE96F1CC85}.Debug|x86.Build.0 = Debug|Win32
		{2A670361-DA6C-4284-96DC-33DE96F1CC85}.Release|x64.ActiveCfg = Release|x64
		{2A670361-DA6C-4284-96DC-33DE96F1CC85}.Release|x64.Build.0 = Release|x64
		{2A670361-DA6C-4284-96DC-33DE96F1CC85}.Release|x86.ActiveCfg = Release|Win32
		{2A670361-DA6C-4284-96DC-33DE96F1CC85}.Release|x86.Build.0 = Release|Win32
		{B076FC1A-A97C-4A26-9678-5CE592070063}.Debug|x64.ActiveCfg = Debug|x64
		{B076FC1A-A97C-4A26-9678-5CE592070063}.Debug|x64.Build.0 = Debug|x64
		{B076FC1A-A97C-4A26-9678-5CE592070063}.Debug|x86.ActiveCfg = Debug|Win32
		{B076FC1A-A97C-4A26-9678-5CE592070063}.Debug|x86.Build.0 = Debug|Win32
		{B076FC1A-A97C-4A26-9678-5CE592070063}.Release|x64.ActiveCfg = Release|x64
		{B076FC1A-A97C-4A26-9678-5CE592070063}.Release|x64.Build.0 = Release|x64
		{B076FC1A-A97C-4A26-9678-5CE592070063}.Release|x86.ActiveCfg = Release|Win32
		{B076FC1A-A97C-4A26-9678-5CE592070063}.Release|x86.Build.0 = Release|Win32
		{D474CDC2-C3A1-4D9E-A4AD-B4CC8D336BE0}.Debug|x64.ActiveCfg = Debug|x64
		{D474CDC2-C3A1-4D9E-A4AD-B4CC8D336BE0}.Debug|x64.Build.0 = Debug|x64
		{D474CDC2-C3A1-4D9E-A4AD-B4CC8D336BE0}.Debug|x86.ActiveCfg = Debug|Win32
		{D474CDC2-C3A1-4D9E-A4AD-B4CC8D336BE0}.Debug|x86.Build.0 = Debug|Win32
		{D474CDC2-C3A1-4D9E-A4AD-B4CC8D336BE0}.Release|x64.ActiveCfg = Release|x64
		{D474CDC2-C3A1-4D9E-A4AD-B4CC8D336BE0}.Release|x64.Build.0 = Release|x64
		{D474CDC2-C3A1-4D9E-A4AD-B4CC8D336BE0}.Release|x86.ActiveCfg = Release|Win32
		{D474CDC2-C3A1-4D9E-A4AD-B4CC8D336BE0}.Release|x86.Build.0 = Release|Win32
		{1FF69F3A-C8B3-4C44-A8C0-FBFC6897AE5B}.Debug|x64.ActiveCfg = Debug|x64
		{1FF69F3A-C8B3-4C44-A8C0-FBFC6897AE5B}.Debug|x64.Build.0 = Debug|x64
		{1FF69F3A-C8B3-4C44-A8C0-FBFC6897AE5B}.Debug|x86.ActiveCfg = Debug|Win32
		{1FF69F3A-C8B3-4C44-A8C0-FBFC6897AE5B}.Debug|x86.Build.0 = Debug|Win32
		{1FF69F3A-C8B3-4C44-A8C0-FBFC6897AE5B}.Release|x64.ActiveCfg = Release|x64
		{1FF69F3A-C8B3-4C44-A8C0-FBFC6897AE5B}.Release|x64.Build.0 = Release|x64
		{1FF69F3A-C8B3-4C44-A8C0-FBFC6897AE5B}.Release|x86.ActiveCfg = Release|Win32
		{1FF69F3A-C8B3-4C44-A8C0-FBFC6897AE5B}.Release|x86.Build.0 = Release|Win32
		{D1AE4CD0-8834-4485-903A-C35ABDB93025}.Debug|x64.ActiveCfg = Debug|x64
		{D1AE4CD0-8834-4485-903A-C35ABDB93025}.Debug|x64.Build.0 = Debug|x64
		{D1AE4CD0-8834-4485-903A-C35ABDB93025}.Debug|x86.ActiveCfg = Debug|Win32
		{D1AE4CD0-8834-4485-903A-C35ABDB93025}.Debug|x86.Build.0 = Debug|Win32
		{D1AE4CD0-8834-4485-903A-C35ABDB93025}.Release|x64.ActiveCfg = Release|x64
		{D1AE4CD0-8834-4485-903A-C35ABDB93025}.Release|x64.Build.0 = Release|x64
		{D1AE4CD0-8834-4485-903A-C35ABDB93025}.Release|x86.ActiveCfg = Release|Win32
		{D1AE4CD0-8834-4485-903A-C35ABDB93025}.Release|x86.Build.0 = Release|Win32
		{50EE29C8-91EB-4AFD-9886-F0B31E361F88}.Debug|x64.ActiveCfg = Debug|x64
		{50EE29C8-91EB-4AFD-9886-F0B31E361F88}.Debug|x64.Build.0 = Debug|x64
		{50EE29C8-91EB-4AFD-9886-F0B31E361F88}.Debug|x86.ActiveCfg = Debug|Win32
		{50EE29C8-91EB-4AFD-9886-F0B31E361F88}.Debug|x86.Build.0 = Debug|Win32
		{50EE29C8-91EB-4AFD-9886-F0B31E361F88}.Release|x64.ActiveCfg = Release|x64
		{50EE29C8-91EB-4AFD-9886-F0B31E361F88}.Release|x64.Build.0 = Release|x64
		{50EE29C8-91EB-4AFD-9886-F0B31E361F88}.Release|x86.ActiveCfg = Release|Win32
		{50EE29C8-91EB-4AFD-9886-F0B31E361F88}.Release|x86.Build.0 = Release|Win32
		{35EDFD38-AA97-4261-B8A5-9890758C3177}.Debug|x64.ActiveCfg = Debug|x64
		{35EDFD38-AA97-4261-B8A5-9890758C3177}.Debug|x64.Build.0 = Debug|x64
		{35EDFD38-AA97-4261-B8A5-9890758C3177}.Debug|x86.ActiveCfg = Debug|Win32
		{35EDFD38-AA97-4261-B8A5-9890758C3177}.Debug|x86.Build.0 = Debug|Win32
		{35EDFD38-AA97-4261-B8A5-9890758C3177}.Release|x64.ActiveCfg = Release|x64
		{35EDFD38-AA97-4261-B8A5-9890758C3177}.Release|x64.Build.0 = Release|x64
		{35EDFD38-AA97-4261-B8A5-9890758C3177}.Release|x86.ActiveCfg = Release|Win32
		{35EDFD38-AA97-4261-B8A5-9890758C3177}.Release|x86.Build.0 = Release|Win32
		{474D6EB9-1FB0-4BE1-BAA1-571EA37DB51B}.Debug|x64.ActiveCfg = Debug|x64
		{474D6EB9-1FB0-4BE1-BAA1-571EA37DB51B}.Debug|x64.Build.0 = Debug|x64
		{474D6EB9-1FB0-4BE1-BAA1-571EA37DB51B}.Debug|x86.ActiveCfg = Debug|Win32
		{474D6EB9-1FB0-4BE1-BAA1-571EA37DB51B}.Debug|x86.Build.0 = Debug|Win32
		{474D6EB9-1FB0-4BE1-BAA1-571EA37DB51B}.Release|x64.ActiveCfg = Release|x64
		{474D6EB9-1FB0-4BE1-BAA1-571EA37DB51B}.Release|x64.Build.0 = Release|x64
		{474D6EB9-1FB0-4BE1-BAA1-571EA37DB51B}.Release|x86.ActiveCfg = Release|Win32
		{474D6EB9-1FB0-4BE1-BAA1-571EA37DB51B}.Release|x86.Build.0 = Release|Win32
		{CFC11A48-5F0B-4775-9BB7-82F7818FE6FF}.Debug|x64.ActiveCfg = Debug|x64
		{CFC11A48-5F0B-4775-9BB7-82F7818FE6FF}.Debug|x64.Build.0 = Debug|x64
		{CFC11A48-5F0B-4775-9BB7-82F7818FE6FF}.Debug|x86.ActiveCfg = Debug|Win32
		{CFC11A48-5F0B-4775-9BB7-82F7818FE6FF}.Debug|x86.Build.0 = Debug|Win32
		{CFC11A48-5F0B-4775-9BB7-82F7818FE6FF}.Release|x64.ActiveCfg = Release|x64
		{CFC11A48-5F0B-4775-9BB7-82F7818FE6FF}.Release|x64.Build.0 = Release|x64
		{CFC11A48-5F0B-4775-9BB7-82F7818FE6FF}.Release|x86.ActiveCfg = Release|Win32
		{CFC11A48-5F0B-4775-9BB7-82F7818FE6FF}.Release|x86.Build.0 = Release|Win32
		{3234EED9-33DA-4358-BF7A-FA723F70306F}.Debug|x64.ActiveCfg = Debug|x64
		{3234EED9-33DA-4358-BF7A-FA723F70306F}.Debug|x64.Build.0 = Debug|x64
		{3234EED9-33DA-4358-BF7A-FA723F70306F}.Debug|x86.ActiveCfg = Debug|Win32
		{3234EED9-33DA-4358-BF7A-FA723F70306F}.Debug|x86.Build.0 = Debug|Win32
		{3234EED9-33DA-4358-BF7A-FA723F70306F}.Release|x64.ActiveCfg = Release|x64
		{3234EED9-33DA-4358-BF7A-FA723F70306F}.Release|x64.Build.0 = Release|x64
		{3234EED9-33DA-4358-BF7A-FA723F70306F}.Release|x86.ActiveCfg = Release|Win32
		{3234EED9-33DA-4358-BF7A-FA723F70306F}.Release|x86.Build.0 = Release|Win32
		{3C0B7335-ABB4-463E-B01A-188B7444C518}.Debug|x64.ActiveCfg = Debug|x64
		{3C0B7335-ABB4-463E-B01A-188B7444C518}.Debug|x64.Build.0 = Debug|x64
		{3C0B7335-ABB4-463E-B01A-188B7444C518}.Debug|x86.ActiveCfg = Debug|Win32
		{3C0B7335-ABB4-463E-B01A-188B7444C518}.Debug|x86.Build.0 = Debug|Win32
		{3C0B7335-ABB4-463E-B01A-188B7444C518}.Release|x64.ActiveCfg = Release|x64
		{3C0B7335-ABB4-463E-B01A-188B7444C518}.Release|x64.Build.0 = Release|x64
		{3C0B7335-ABB4-463E-B01A-188B7444C518}.Release|x86.ActiveCfg = Release|Win32
		{3C0B7335-ABB4-463E-B01A-188B7444C518}.Release|x86.Build.0 = Release|Win32
		{736BC357-4867-4AD8-9BAA-552AAAD2EC7D}.Debug|x64.ActiveCfg = Debug|x64
		{736BC357-4867-4AD8-9BAA-552AAAD2EC7D}.Debug|x64.Build.0 = Debug|x64
		{736BC357-4867-4AD8-9BAA-552AAAD2EC7D}.Debug|x86.ActiveCfg = Debug|Win32
		{736BC357-4867-4AD8-9BAA-552AAAD2EC7D}.Debug|x86.Build.0 = Debug|Win32
		{736BC357-4867-4AD8-9BAA-552AAAD2EC7D}.Release|x64.ActiveCfg = Release|x64
		{736BC357-4867-4AD8-9BAA-552AAAD2EC7D}.Release|x64.Build.0 = Release|x64
		{736BC357-4867-4AD8-9BAA-552AAAD2EC7D}.Release|x86.ActiveCfg = Release|Win32
		{736BC357-4867-4AD8-9BAA-552AAAD2EC7D}.Release|x86.Build.0 = Release|Win32
		{DBF891D3-9C89-467D-B7E1-44F5C4EDEDEB}.Debug|x64.ActiveCfg = Debug|x64
		{DBF891D3-9C89-467D-B7E1-44F5C4EDEDEB}.Debug|x64.Build.0 = Debug|x64
		{DBF891D3-9C89-467D-B7E1-44F5C4EDEDEB}.Debug|x86.ActiveCfg = Debug|Win32
		{DBF891D3-9C89-467D-B7E1-44F5C4EDEDEB}.Debug|x86.Build.0 = Debug|Win32
		{DBF891D3-9C89-467D-B7E1-44F5C4EDEDEB}.Release|x64.ActiveCfg = Release|x64
		{DBF891D3-9C89-467D-B7E1-44F5C4EDEDEB}.Release|x64.Build.0 = Release|x64
		{DBF891D3-9C89-467D-B7E1-44F5C4EDEDEB}.Release|x86.ActiveCfg = Release|Win32
		{DBF891D3-9C89-467D-B7E1-44F5C4EDEDEB}.Release|x86.Build.0 = Release|Win32
		{6274DB1C-5F42-48A0-B6B8-0630CCD540AE}.Debug|x64.ActiveCfg = Debug|x64
		{6274DB1C-5F42-48A0-B6B8-0630CCD540AE}.Debug|x64.Build.0 = Debug|x64
		{6274DB1C-5F42-48A0-B6B8-0630CCD540AE}.Debug|x86.ActiveCfg = Debug|Win32
		{6274DB1C-5F42-48A0-B6B8-0630CCD540AE}.Debug|x86.Build.0 = Debug|Win32
		{6274DB1C-5F42-48A0-B6B8-0630CCD540AE}.Release|x64.ActiveCfg = Release|x64
		{6274DB1C-5F42-48A0-B6B8-0630CCD540AE}.Release|x64.Build.0 = Release|x64
		{6274DB1C-5F42-48A0-B6B8-0630CCD540AE}.Release|x86.ActiveCfg = Release|Win32
		{6274DB1C-5F42-48A0-B6B8-0630CCD540AE}.Release|x86.Build.0 = Release|Win32
		{B3058311-4F03-4343-808E-C1D335F642F7}.Debug|x64.ActiveCfg = Debug|x64
		{B3058311-4F03-4343-808E-C1D335F642F7}.Debug|x64.Build.0 = Debug|x64
		{B3058311-4F03-4343-808E-C1D335F642F7}.Debug|x86.ActiveCfg = Debug|Win32
		{B3058311-4F03-4343-808E-C1D335F642F7}.Debug|x86.Build.0 = Debug|Win32
		{B3058311-4F03-4343-808E-C1D335F642F7}.Release|x64.ActiveCfg = Release|x64
		{B3058311-4F03-4343-808E-C1D335F642F7}.Release|x64.Build.0 = Release|x64
		{B3058311-4F03-4343-808E-C1D335F642F7}.Release|x86.ActiveCfg = Release|Win32
		{B3058311-4F03-4343-808E-C1D335F642F7}.Release|x86.Build.0 = Release|Win32
		{1D8ED7F2-6D5F-4335-A72A-E2494A2F6AAD}.Debug|x64.ActiveCfg = Debug|x64
		{1D8ED7F2-6D5F-4335-A72A-E2494A2F6AAD}.Debug|x64.Build.0 = Debug|x64
		{1D8ED7F2-6D5F-4335-A72A-E2494A2F6AAD}.Debug|x86.ActiveCfg = Debug|Win32
		{1D8ED7F2-6D5F-4335-A72A-E2494A2F6AAD}.Debug|x86.Build.0 = Debug|Win32
		{1D8ED7F2-6D5F-4335-A72A-E2494A2F6AAD}.Release|x64.ActiveCfg = Release|x64
		{1D8ED7F2-6D5F-4335-A72A-E2494A2F6AAD}.Release|x64.Build.0 = Release|x64
		{1D8ED7F2-6D5F-4335-A72A-E2494A2F6AAD}.Release|x86.ActiveCfg = Release|Win32
		{1D8ED7F2-6D5F-4335-A72A-E2494A2F6AAD}.Release|x86.Build.0 = Release|Win32
		{2AAFF9AB-3AAC-4213-8701-255210F7DF35}.Debug|x64.ActiveCfg = Debug|x64
		{2AAFF9AB-3AAC-4213-8701-255210F7DF35}.Debug|x64.Build.0 = Debug|x64
		{2AAFF9AB-3AAC-4213-8701-255210F7DF35}.Debug|x86.ActiveCfg = Debug|Win32
		{2AAFF9AB-3AAC-4213-8701-255210F7DF35}.Debug|x86.Build.0 = Debug|Win32
		{2AAFF9AB-3AAC-4213-8701-255210F7DF35}.Release|x64.ActiveCfg = Release|x64
		{2AAFF9AB-3AAC-4213-8701-255210F7DF35}.Release|x64.Build.0 = Release|x64
		{2AAFF9AB-3AAC-4213-8701-255210F7DF35}.Release|x86.ActiveCfg = Release|Win32
		{2AAFF9AB-3AAC-4213-8701-255210F7DF35}.Release|x86.Build.0 = Release|Win32
		{D585AB61-11B7-4D7A-9C2A-232C0892DC23}.Debug|x64.ActiveCfg = Debug|x64
		{D585AB61-11B7-4D7A-9C2A-232C0892DC23}.Debug|x64.Build.0 = Debug|x64
		{D585AB61-11B7-4D7A-9C2A-232C0892DC23}.Debug|x86.ActiveCfg = Debug|Win32
		{D585AB61-11B7-4D7A-9C2A-232C0892DC23}.Debug|x86.Build.0 = Debug|Win32
		{D585AB61-11B7-4D7A-9C2A-232C0892DC23}.Release|x64.ActiveCfg = Release|x64
		{D585AB61-11B7-4D7A-9C2A-232C0892DC23}.Release|x64.Build.0 = Release|x64
		{D585AB61-11B7-4D7A-9C2A-232C0892DC23}.Release|x86.ActiveCfg = Release|Win32
		{D585AB61-11B7-4D7A-9C2A-232C0892DC23}.Release|x86.Build.0 = Release|Win32
		{8137C873-C72B-4344-BDBC-DD427CAE4444}.Debug|x64.ActiveCfg = Debug|x64
		{8137C873-C72B-4344-BDBC-DD427CAE4444}.Debug|x64.Build.0 = Debug|x64
		{8137C873-C72B-4344-BDBC-DD427CAE4444}.Debug|x86.ActiveCfg = Debug|Win32
		{8137C873-C72B-4344-BDBC-DD427CAE4444}.Debug|x86.Build.0 = Debug|Win32
		{8137C873-C72B-4344-BDBC-DD427CAE4444}.Release|x64.ActiveCfg = Release|x64
		{8137C873-C72B-4344-BDBC-DD427CAE4444}.Release|x64.Build.0 = Release|x64
		{8137C873-C72B-4344-BDBC-DD427CAE4444}.Release|x86.ActiveCfg = Release|Win32
		{8137C873-C72B-4344-BDBC-DD427CAE4444}.Release|x86.Build.0 = Release|Win32
	EndGlobalSection
	GlobalSection(SolutionProperties) = preSolution
		HideSolutionNode = FALSE
	EndGlobalSection
	GlobalSection(ExtensibilityGlobals) = postSolution
		SolutionGuid = {8E5189AE-67F5-46BF-9707-147F191629A0}
	EndGlobalSection
EndGlobal
