
Microsoft Visual Studio Solution File, Format Version 12.00
# Visual Studio 15
VisualStudioVersion = 15.0.28307.489
MinimumVisualStudioVersion = 10.0.40219.1
Project("{8BC9CEB8-8B4A-11D0-8D11-00A0C91BC942}") = "01번", "01번\01번.vcxproj", "{522734ED-50E7-4D94-BCF5-6F4C5AB46128}"
EndProject
Project("{8BC9CEB8-8B4A-11D0-8D11-00A0C91BC942}") = "02번", "02번\02번.vcxproj", "{AC22334D-1C9E-4242-8C60-8058826B125B}"
EndProject
Project("{8BC9CEB8-8B4A-11D0-8D11-00A0C91BC942}") = "03번", "03번\03번.vcxproj", "{07F1CB07-EDDB-4D69-87D6-D4BD7CC3A355}"
EndProject
Project("{8BC9CEB8-8B4A-11D0-8D11-00A0C91BC942}") = "04번", "04번\04번.vcxproj", "{EDAA4073-4820-4BAF-8BE7-B1F48CAB8E02}"
EndProject
Project("{8BC9CEB8-8B4A-11D0-8D11-00A0C91BC942}") = "05번", "05번\05번.vcxproj", "{6DA5B498-7289-4558-9636-F59FF713EC8C}"
EndProject
Project("{8BC9CEB8-8B4A-11D0-8D11-00A0C91BC942}") = "06번", "06번\06번.vcxproj", "{137B6A9A-3C16-48F7-83AD-EAC989332C29}"
EndProject
Project("{8BC9CEB8-8B4A-11D0-8D11-00A0C91BC942}") = "07번", "07번\07번.vcxproj", "{F5638C71-4907-4566-8F39-50E14CE5E5F1}"
EndProject
Project("{8BC9CEB8-8B4A-11D0-8D11-00A0C91BC942}") = "08번", "08번\08번.vcxproj", "{D948A92D-F243-43DF-AE1A-251A09E58746}"
EndProject
Project("{8BC9CEB8-8B4A-11D0-8D11-00A0C91BC942}") = "09번", "09번\09번.vcxproj", "{25FBFB7A-809E-423B-8770-F762F9126097}"
EndProject
Project("{8BC9CEB8-8B4A-11D0-8D11-00A0C91BC942}") = "10번", "10번\10번.vcxproj", "{AEEB39F2-8C4D-40CE-9D19-9CEE39C5B934}"
EndProject
Project("{8BC9CEB8-8B4A-11D0-8D11-00A0C91BC942}") = "11번", "11번\11번.vcxproj", "{06E13210-BD1A-49E7-8ADA-57EEE38281AB}"
EndProject
Project("{8BC9CEB8-8B4A-11D0-8D11-00A0C91BC942}") = "12번", "12번\12번.vcxproj", "{B74BEEE5-F95A-48E0-827B-76D079E10E37}"
EndProject
Project("{8BC9CEB8-8B4A-11D0-8D11-00A0C91BC942}") = "13번", "13번\13번.vcxproj", "{FBABB827-4921-45DA-A19A-B27B600FD4D1}"
EndProject
Project("{8BC9CEB8-8B4A-11D0-8D11-00A0C91BC942}") = "14번", "14번\14번.vcxproj", "{FB7D8967-2837-4FB0-9FED-D8CB875E0C4F}"
EndProject
Global
	GlobalSection(SolutionConfigurationPlatforms) = preSolution
		Debug|x64 = Debug|x64
		Debug|x86 = Debug|x86
		Release|x64 = Release|x64
		Release|x86 = Release|x86
	EndGlobalSection
	GlobalSection(ProjectConfigurationPlatforms) = postSolution
		{522734ED-50E7-4D94-BCF5-6F4C5AB46128}.Debug|x64.ActiveCfg = Debug|x64
		{522734ED-50E7-4D94-BCF5-6F4C5AB46128}.Debug|x64.Build.0 = Debug|x64
		{522734ED-50E7-4D94-BCF5-6F4C5AB46128}.Debug|x86.ActiveCfg = Debug|Win32
		{522734ED-50E7-4D94-BCF5-6F4C5AB46128}.Debug|x86.Build.0 = Debug|Win32
		{522734ED-50E7-4D94-BCF5-6F4C5AB46128}.Release|x64.ActiveCfg = Release|x64
		{522734ED-50E7-4D94-BCF5-6F4C5AB46128}.Release|x64.Build.0 = Release|x64
		{522734ED-50E7-4D94-BCF5-6F4C5AB46128}.Release|x86.ActiveCfg = Release|Win32
		{522734ED-50E7-4D94-BCF5-6F4C5AB46128}.Release|x86.Build.0 = Release|Win32
		{AC22334D-1C9E-4242-8C60-8058826B125B}.Debug|x64.ActiveCfg = Debug|x64
		{AC22334D-1C9E-4242-8C60-8058826B125B}.Debug|x64.Build.0 = Debug|x64
		{AC22334D-1C9E-4242-8C60-8058826B125B}.Debug|x86.ActiveCfg = Debug|Win32
		{AC22334D-1C9E-4242-8C60-8058826B125B}.Debug|x86.Build.0 = Debug|Win32
		{AC22334D-1C9E-4242-8C60-8058826B125B}.Release|x64.ActiveCfg = Release|x64
		{AC22334D-1C9E-4242-8C60-8058826B125B}.Release|x64.Build.0 = Release|x64
		{AC22334D-1C9E-4242-8C60-8058826B125B}.Release|x86.ActiveCfg = Release|Win32
		{AC22334D-1C9E-4242-8C60-8058826B125B}.Release|x86.Build.0 = Release|Win32
		{07F1CB07-EDDB-4D69-87D6-D4BD7CC3A355}.Debug|x64.ActiveCfg = Debug|x64
		{07F1CB07-EDDB-4D69-87D6-D4BD7CC3A355}.Debug|x64.Build.0 = Debug|x64
		{07F1CB07-EDDB-4D69-87D6-D4BD7CC3A355}.Debug|x86.ActiveCfg = Debug|Win32
		{07F1CB07-EDDB-4D69-87D6-D4BD7CC3A355}.Debug|x86.Build.0 = Debug|Win32
		{07F1CB07-EDDB-4D69-87D6-D4BD7CC3A355}.Release|x64.ActiveCfg = Release|x64
		{07F1CB07-EDDB-4D69-87D6-D4BD7CC3A355}.Release|x64.Build.0 = Release|x64
		{07F1CB07-EDDB-4D69-87D6-D4BD7CC3A355}.Release|x86.ActiveCfg = Release|Win32
		{07F1CB07-EDDB-4D69-87D6-D4BD7CC3A355}.Release|x86.Build.0 = Release|Win32
		{EDAA4073-4820-4BAF-8BE7-B1F48CAB8E02}.Debug|x64.ActiveCfg = Debug|x64
		{EDAA4073-4820-4BAF-8BE7-B1F48CAB8E02}.Debug|x64.Build.0 = Debug|x64
		{EDAA4073-4820-4BAF-8BE7-B1F48CAB8E02}.Debug|x86.ActiveCfg = Debug|Win32
		{EDAA4073-4820-4BAF-8BE7-B1F48CAB8E02}.Debug|x86.Build.0 = Debug|Win32
		{EDAA4073-4820-4BAF-8BE7-B1F48CAB8E02}.Release|x64.ActiveCfg = Release|x64
		{EDAA4073-4820-4BAF-8BE7-B1F48CAB8E02}.Release|x64.Build.0 = Release|x64
		{EDAA4073-4820-4BAF-8BE7-B1F48CAB8E02}.Release|x86.ActiveCfg = Release|Win32
		{EDAA4073-4820-4BAF-8BE7-B1F48CAB8E02}.Release|x86.Build.0 = Release|Win32
		{6DA5B498-7289-4558-9636-F59FF713EC8C}.Debug|x64.ActiveCfg = Debug|x64
		{6DA5B498-7289-4558-9636-F59FF713EC8C}.Debug|x64.Build.0 = Debug|x64
		{6DA5B498-7289-4558-9636-F59FF713EC8C}.Debug|x86.ActiveCfg = Debug|Win32
		{6DA5B498-7289-4558-9636-F59FF713EC8C}.Debug|x86.Build.0 = Debug|Win32
		{6DA5B498-7289-4558-9636-F59FF713EC8C}.Release|x64.ActiveCfg = Release|x64
		{6DA5B498-7289-4558-9636-F59FF713EC8C}.Release|x64.Build.0 = Release|x64
		{6DA5B498-7289-4558-9636-F59FF713EC8C}.Release|x86.ActiveCfg = Release|Win32
		{6DA5B498-7289-4558-9636-F59FF713EC8C}.Release|x86.Build.0 = Release|Win32
		{137B6A9A-3C16-48F7-83AD-EAC989332C29}.Debug|x64.ActiveCfg = Debug|x64
		{137B6A9A-3C16-48F7-83AD-EAC989332C29}.Debug|x64.Build.0 = Debug|x64
		{137B6A9A-3C16-48F7-83AD-EAC989332C29}.Debug|x86.ActiveCfg = Debug|Win32
		{137B6A9A-3C16-48F7-83AD-EAC989332C29}.Debug|x86.Build.0 = Debug|Win32
		{137B6A9A-3C16-48F7-83AD-EAC989332C29}.Release|x64.ActiveCfg = Release|x64
		{137B6A9A-3C16-48F7-83AD-EAC989332C29}.Release|x64.Build.0 = Release|x64
		{137B6A9A-3C16-48F7-83AD-EAC989332C29}.Release|x86.ActiveCfg = Release|Win32
		{137B6A9A-3C16-48F7-83AD-EAC989332C29}.Release|x86.Build.0 = Release|Win32
		{F5638C71-4907-4566-8F39-50E14CE5E5F1}.Debug|x64.ActiveCfg = Debug|x64
		{F5638C71-4907-4566-8F39-50E14CE5E5F1}.Debug|x64.Build.0 = Debug|x64
		{F5638C71-4907-4566-8F39-50E14CE5E5F1}.Debug|x86.ActiveCfg = Debug|Win32
		{F5638C71-4907-4566-8F39-50E14CE5E5F1}.Debug|x86.Build.0 = Debug|Win32
		{F5638C71-4907-4566-8F39-50E14CE5E5F1}.Release|x64.ActiveCfg = Release|x64
		{F5638C71-4907-4566-8F39-50E14CE5E5F1}.Release|x64.Build.0 = Release|x64
		{F5638C71-4907-4566-8F39-50E14CE5E5F1}.Release|x86.ActiveCfg = Release|Win32
		{F5638C71-4907-4566-8F39-50E14CE5E5F1}.Release|x86.Build.0 = Release|Win32
		{D948A92D-F243-43DF-AE1A-251A09E58746}.Debug|x64.ActiveCfg = Debug|x64
		{D948A92D-F243-43DF-AE1A-251A09E58746}.Debug|x64.Build.0 = Debug|x64
		{D948A92D-F243-43DF-AE1A-251A09E58746}.Debug|x86.ActiveCfg = Debug|Win32
		{D948A92D-F243-43DF-AE1A-251A09E58746}.Debug|x86.Build.0 = Debug|Win32
		{D948A92D-F243-43DF-AE1A-251A09E58746}.Release|x64.ActiveCfg = Release|x64
		{D948A92D-F243-43DF-AE1A-251A09E58746}.Release|x64.Build.0 = Release|x64
		{D948A92D-F243-43DF-AE1A-251A09E58746}.Release|x86.ActiveCfg = Release|Win32
		{D948A92D-F243-43DF-AE1A-251A09E58746}.Release|x86.Build.0 = Release|Win32
		{25FBFB7A-809E-423B-8770-F762F9126097}.Debug|x64.ActiveCfg = Debug|x64
		{25FBFB7A-809E-423B-8770-F762F9126097}.Debug|x64.Build.0 = Debug|x64
		{25FBFB7A-809E-423B-8770-F762F9126097}.Debug|x86.ActiveCfg = Debug|Win32
		{25FBFB7A-809E-423B-8770-F762F9126097}.Debug|x86.Build.0 = Debug|Win32
		{25FBFB7A-809E-423B-8770-F762F9126097}.Release|x64.ActiveCfg = Release|x64
		{25FBFB7A-809E-423B-8770-F762F9126097}.Release|x64.Build.0 = Release|x64
		{25FBFB7A-809E-423B-8770-F762F9126097}.Release|x86.ActiveCfg = Release|Win32
		{25FBFB7A-809E-423B-8770-F762F9126097}.Release|x86.Build.0 = Release|Win32
		{AEEB39F2-8C4D-40CE-9D19-9CEE39C5B934}.Debug|x64.ActiveCfg = Debug|x64
		{AEEB39F2-8C4D-40CE-9D19-9CEE39C5B934}.Debug|x64.Build.0 = Debug|x64
		{AEEB39F2-8C4D-40CE-9D19-9CEE39C5B934}.Debug|x86.ActiveCfg = Debug|Win32
		{AEEB39F2-8C4D-40CE-9D19-9CEE39C5B934}.Debug|x86.Build.0 = Debug|Win32
		{AEEB39F2-8C4D-40CE-9D19-9CEE39C5B934}.Release|x64.ActiveCfg = Release|x64
		{AEEB39F2-8C4D-40CE-9D19-9CEE39C5B934}.Release|x64.Build.0 = Release|x64
		{AEEB39F2-8C4D-40CE-9D19-9CEE39C5B934}.Release|x86.ActiveCfg = Release|Win32
		{AEEB39F2-8C4D-40CE-9D19-9CEE39C5B934}.Release|x86.Build.0 = Release|Win32
		{06E13210-BD1A-49E7-8ADA-57EEE38281AB}.Debug|x64.ActiveCfg = Debug|x64
		{06E13210-BD1A-49E7-8ADA-57EEE38281AB}.Debug|x64.Build.0 = Debug|x64
		{06E13210-BD1A-49E7-8ADA-57EEE38281AB}.Debug|x86.ActiveCfg = Debug|Win32
		{06E13210-BD1A-49E7-8ADA-57EEE38281AB}.Debug|x86.Build.0 = Debug|Win32
		{06E13210-BD1A-49E7-8ADA-57EEE38281AB}.Release|x64.ActiveCfg = Release|x64
		{06E13210-BD1A-49E7-8ADA-57EEE38281AB}.Release|x64.Build.0 = Release|x64
		{06E13210-BD1A-49E7-8ADA-57EEE38281AB}.Release|x86.ActiveCfg = Release|Win32
		{06E13210-BD1A-49E7-8ADA-57EEE38281AB}.Release|x86.Build.0 = Release|Win32
		{B74BEEE5-F95A-48E0-827B-76D079E10E37}.Debug|x64.ActiveCfg = Debug|x64
		{B74BEEE5-F95A-48E0-827B-76D079E10E37}.Debug|x64.Build.0 = Debug|x64
		{B74BEEE5-F95A-48E0-827B-76D079E10E37}.Debug|x86.ActiveCfg = Debug|Win32
		{B74BEEE5-F95A-48E0-827B-76D079E10E37}.Debug|x86.Build.0 = Debug|Win32
		{B74BEEE5-F95A-48E0-827B-76D079E10E37}.Release|x64.ActiveCfg = Release|x64
		{B74BEEE5-F95A-48E0-827B-76D079E10E37}.Release|x64.Build.0 = Release|x64
		{B74BEEE5-F95A-48E0-827B-76D079E10E37}.Release|x86.ActiveCfg = Release|Win32
		{B74BEEE5-F95A-48E0-827B-76D079E10E37}.Release|x86.Build.0 = Release|Win32
		{FBABB827-4921-45DA-A19A-B27B600FD4D1}.Debug|x64.ActiveCfg = Debug|x64
		{FBABB827-4921-45DA-A19A-B27B600FD4D1}.Debug|x64.Build.0 = Debug|x64
		{FBABB827-4921-45DA-A19A-B27B600FD4D1}.Debug|x86.ActiveCfg = Debug|Win32
		{FBABB827-4921-45DA-A19A-B27B600FD4D1}.Debug|x86.Build.0 = Debug|Win32
		{FBABB827-4921-45DA-A19A-B27B600FD4D1}.Release|x64.ActiveCfg = Release|x64
		{FBABB827-4921-45DA-A19A-B27B600FD4D1}.Release|x64.Build.0 = Release|x64
		{FBABB827-4921-45DA-A19A-B27B600FD4D1}.Release|x86.ActiveCfg = Release|Win32
		{FBABB827-4921-45DA-A19A-B27B600FD4D1}.Release|x86.Build.0 = Release|Win32
		{FB7D8967-2837-4FB0-9FED-D8CB875E0C4F}.Debug|x64.ActiveCfg = Debug|x64
		{FB7D8967-2837-4FB0-9FED-D8CB875E0C4F}.Debug|x64.Build.0 = Debug|x64
		{FB7D8967-2837-4FB0-9FED-D8CB875E0C4F}.Debug|x86.ActiveCfg = Debug|Win32
		{FB7D8967-2837-4FB0-9FED-D8CB875E0C4F}.Debug|x86.Build.0 = Debug|Win32
		{FB7D8967-2837-4FB0-9FED-D8CB875E0C4F}.Release|x64.ActiveCfg = Release|x64
		{FB7D8967-2837-4FB0-9FED-D8CB875E0C4F}.Release|x64.Build.0 = Release|x64
		{FB7D8967-2837-4FB0-9FED-D8CB875E0C4F}.Release|x86.ActiveCfg = Release|Win32
		{FB7D8967-2837-4FB0-9FED-D8CB875E0C4F}.Release|x86.Build.0 = Release|Win32
	EndGlobalSection
	GlobalSection(SolutionProperties) = preSolution
		HideSolutionNode = FALSE
	EndGlobalSection
	GlobalSection(ExtensibilityGlobals) = postSolution
		SolutionGuid = {86306290-626F-498C-BD57-7BC934B0AF11}
	EndGlobalSection
EndGlobal
