
Microsoft Visual Studio Solution File, Format Version 12.00
# Visual Studio Version 16
VisualStudioVersion = 16.0.30413.136
MinimumVisualStudioVersion = 10.0.40219.1
Project("{FAE04EC0-301F-11D3-BF4B-00C04F79EFBC}") = "8.7-1", "..\8.7-1\8.7-1.csproj", "{862304B1-FF5B-44B2-8623-43203A07F6DC}"
EndProject
Project("{FAE04EC0-301F-11D3-BF4B-00C04F79EFBC}") = "8.7-2", "..\8.7-2\8.7-2.csproj", "{EF021DAB-FB26-4BB3-8C80-0F9D75A5F814}"
EndProject
Project("{FAE04EC0-301F-11D3-BF4B-00C04F79EFBC}") = "8.7-3", "..\8.7-3\8.7-3.csproj", "{E031D452-4AFD-46C6-8712-5432A9B8D435}"
EndProject
Project("{FAE04EC0-301F-11D3-BF4B-00C04F79EFBC}") = "8.7-4", "..\8.7-4\8.7-4.csproj", "{CD70BE31-27E6-4B2C-8100-A6C5A6ED2B39}"
EndProject
Global
	GlobalSection(SolutionConfigurationPlatforms) = preSolution
		Debug|Any CPU = Debug|Any CPU
		Release|Any CPU = Release|Any CPU
	EndGlobalSection
	GlobalSection(ProjectConfigurationPlatforms) = postSolution
		{862304B1-FF5B-44B2-8623-43203A07F6DC}.Debug|Any CPU.ActiveCfg = Debug|Any CPU
		{862304B1-FF5B-44B2-8623-43203A07F6DC}.Debug|Any CPU.Build.0 = Debug|Any CPU
		{862304B1-FF5B-44B2-8623-43203A07F6DC}.Release|Any CPU.ActiveCfg = Release|Any CPU
		{862304B1-FF5B-44B2-8623-43203A07F6DC}.Release|Any CPU.Build.0 = Release|Any CPU
		{EF021DAB-FB26-4BB3-8C80-0F9D75A5F814}.Debug|Any CPU.ActiveCfg = Debug|Any CPU
		{EF021DAB-FB26-4BB3-8C80-0F9D75A5F814}.Debug|Any CPU.Build.0 = Debug|Any CPU
		{EF021DAB-FB26-4BB3-8C80-0F9D75A5F814}.Release|Any CPU.ActiveCfg = Release|Any CPU
		{EF021DAB-FB26-4BB3-8C80-0F9D75A5F814}.Release|Any CPU.Build.0 = Release|Any CPU
		{E031D452-4AFD-46C6-8712-5432A9B8D435}.Debug|Any CPU.ActiveCfg = Debug|Any CPU
		{E031D452-4AFD-46C6-8712-5432A9B8D435}.Debug|Any CPU.Build.0 = Debug|Any CPU
		{E031D452-4AFD-46C6-8712-5432A9B8D435}.Release|Any CPU.ActiveCfg = Release|Any CPU
		{E031D452-4AFD-46C6-8712-5432A9B8D435}.Release|Any CPU.Build.0 = Release|Any CPU
		{CD70BE31-27E6-4B2C-8100-A6C5A6ED2B39}.Debug|Any CPU.ActiveCfg = Debug|Any CPU
		{CD70BE31-27E6-4B2C-8100-A6C5A6ED2B39}.Debug|Any CPU.Build.0 = Debug|Any CPU
		{CD70BE31-27E6-4B2C-8100-A6C5A6ED2B39}.Release|Any CPU.ActiveCfg = Release|Any CPU
		{CD70BE31-27E6-4B2C-8100-A6C5A6ED2B39}.Release|Any CPU.Build.0 = Release|Any CPU
	EndGlobalSection
	GlobalSection(SolutionProperties) = preSolution
		HideSolutionNode = FALSE
	EndGlobalSection
	GlobalSection(ExtensibilityGlobals) = postSolution
		SolutionGuid = {983E02B1-E7EB-4A71-B0F8-515F3A15B99D}
	EndGlobalSection
EndGlobal
