
Microsoft Visual Studio Solution File, Format Version 12.00
# Visual Studio Version 16
VisualStudioVersion = 16.0.29403.142
MinimumVisualStudioVersion = 10.0.40219.1
Project("{8BC9CEB8-8B4A-11D0-8D11-00A0C91BC942}") = "01", "01\01.vcxproj", "{7B785BF5-92C7-4750-997C-0CD950620595}"
EndProject
Project("{8BC9CEB8-8B4A-11D0-8D11-00A0C91BC942}") = "02", "02\02.vcxproj", "{EB7AAF9A-23BE-465D-A8E5-901C72A27C63}"
EndProject
Project("{8BC9CEB8-8B4A-11D0-8D11-00A0C91BC942}") = "03", "03\03.vcxproj", "{3E7B24F1-052E-4BE1-9A7C-5E172C6B6A1C}"
EndProject
Project("{8BC9CEB8-8B4A-11D0-8D11-00A0C91BC942}") = "04", "04\04.vcxproj", "{6CA26E84-D3F8-42A9-BB36-894BBE2BCED0}"
EndProject
Project("{8BC9CEB8-8B4A-11D0-8D11-00A0C91BC942}") = "05", "05\05.vcxproj", "{0E1A6B84-3A5C-43B9-83FE-9A25AEE815E0}"
EndProject
Project("{8BC9CEB8-8B4A-11D0-8D11-00A0C91BC942}") = "06", "06\06.vcxproj", "{47B6CB1F-7135-43C6-9275-84A57F696AEB}"
EndProject
Project("{8BC9CEB8-8B4A-11D0-8D11-00A0C91BC942}") = "07", "07\07.vcxproj", "{A4E0DB37-5357-483B-A427-99E621D9B17C}"
EndProject
Project("{8BC9CEB8-8B4A-11D0-8D11-00A0C91BC942}") = "08", "08\08.vcxproj", "{46FBECD8-13F9-4E30-AC18-4470F6F4F721}"
EndProject
Project("{8BC9CEB8-8B4A-11D0-8D11-00A0C91BC942}") = "09", "09\09.vcxproj", "{A73D878E-06C2-40A7-8BD0-75E5AA418C18}"
EndProject
Global
	GlobalSection(SolutionConfigurationPlatforms) = preSolution
		Debug|x64 = Debug|x64
		Debug|x86 = Debug|x86
		Release|x64 = Release|x64
		Release|x86 = Release|x86
	EndGlobalSection
	GlobalSection(ProjectConfigurationPlatforms) = postSolution
		{7B785BF5-92C7-4750-997C-0CD950620595}.Debug|x64.ActiveCfg = Debug|x64
		{7B785BF5-92C7-4750-997C-0CD950620595}.Debug|x64.Build.0 = Debug|x64
		{7B785BF5-92C7-4750-997C-0CD950620595}.Debug|x86.ActiveCfg = Debug|Win32
		{7B785BF5-92C7-4750-997C-0CD950620595}.Debug|x86.Build.0 = Debug|Win32
		{7B785BF5-92C7-4750-997C-0CD950620595}.Release|x64.ActiveCfg = Release|x64
		{7B785BF5-92C7-4750-997C-0CD950620595}.Release|x64.Build.0 = Release|x64
		{7B785BF5-92C7-4750-997C-0CD950620595}.Release|x86.ActiveCfg = Release|Win32
		{7B785BF5-92C7-4750-997C-0CD950620595}.Release|x86.Build.0 = Release|Win32
		{EB7AAF9A-23BE-465D-A8E5-901C72A27C63}.Debug|x64.ActiveCfg = Debug|x64
		{EB7AAF9A-23BE-465D-A8E5-901C72A27C63}.Debug|x64.Build.0 = Debug|x64
		{EB7AAF9A-23BE-465D-A8E5-901C72A27C63}.Debug|x86.ActiveCfg = Debug|Win32
		{EB7AAF9A-23BE-465D-A8E5-901C72A27C63}.Debug|x86.Build.0 = Debug|Win32
		{EB7AAF9A-23BE-465D-A8E5-901C72A27C63}.Release|x64.ActiveCfg = Release|x64
		{EB7AAF9A-23BE-465D-A8E5-901C72A27C63}.Release|x64.Build.0 = Release|x64
		{EB7AAF9A-23BE-465D-A8E5-901C72A27C63}.Release|x86.ActiveCfg = Release|Win32
		{EB7AAF9A-23BE-465D-A8E5-901C72A27C63}.Release|x86.Build.0 = Release|Win32
		{3E7B24F1-052E-4BE1-9A7C-5E172C6B6A1C}.Debug|x64.ActiveCfg = Debug|x64
		{3E7B24F1-052E-4BE1-9A7C-5E172C6B6A1C}.Debug|x64.Build.0 = Debug|x64
		{3E7B24F1-052E-4BE1-9A7C-5E172C6B6A1C}.Debug|x86.ActiveCfg = Debug|Win32
		{3E7B24F1-052E-4BE1-9A7C-5E172C6B6A1C}.Debug|x86.Build.0 = Debug|Win32
		{3E7B24F1-052E-4BE1-9A7C-5E172C6B6A1C}.Release|x64.ActiveCfg = Release|x64
		{3E7B24F1-052E-4BE1-9A7C-5E172C6B6A1C}.Release|x64.Build.0 = Release|x64
		{3E7B24F1-052E-4BE1-9A7C-5E172C6B6A1C}.Release|x86.ActiveCfg = Release|Win32
		{3E7B24F1-052E-4BE1-9A7C-5E172C6B6A1C}.Release|x86.Build.0 = Release|Win32
		{6CA26E84-D3F8-42A9-BB36-894BBE2BCED0}.Debug|x64.ActiveCfg = Debug|x64
		{6CA26E84-D3F8-42A9-BB36-894BBE2BCED0}.Debug|x64.Build.0 = Debug|x64
		{6CA26E84-D3F8-42A9-BB36-894BBE2BCED0}.Debug|x86.ActiveCfg = Debug|Win32
		{6CA26E84-D3F8-42A9-BB36-894BBE2BCED0}.Debug|x86.Build.0 = Debug|Win32
		{6CA26E84-D3F8-42A9-BB36-894BBE2BCED0}.Release|x64.ActiveCfg = Release|x64
		{6CA26E84-D3F8-42A9-BB36-894BBE2BCED0}.Release|x64.Build.0 = Release|x64
		{6CA26E84-D3F8-42A9-BB36-894BBE2BCED0}.Release|x86.ActiveCfg = Release|Win32
		{6CA26E84-D3F8-42A9-BB36-894BBE2BCED0}.Release|x86.Build.0 = Release|Win32
		{0E1A6B84-3A5C-43B9-83FE-9A25AEE815E0}.Debug|x64.ActiveCfg = Debug|x64
		{0E1A6B84-3A5C-43B9-83FE-9A25AEE815E0}.Debug|x64.Build.0 = Debug|x64
		{0E1A6B84-3A5C-43B9-83FE-9A25AEE815E0}.Debug|x86.ActiveCfg = Debug|Win32
		{0E1A6B84-3A5C-43B9-83FE-9A25AEE815E0}.Debug|x86.Build.0 = Debug|Win32
		{0E1A6B84-3A5C-43B9-83FE-9A25AEE815E0}.Release|x64.ActiveCfg = Release|x64
		{0E1A6B84-3A5C-43B9-83FE-9A25AEE815E0}.Release|x64.Build.0 = Release|x64
		{0E1A6B84-3A5C-43B9-83FE-9A25AEE815E0}.Release|x86.ActiveCfg = Release|Win32
		{0E1A6B84-3A5C-43B9-83FE-9A25AEE815E0}.Release|x86.Build.0 = Release|Win32
		{47B6CB1F-7135-43C6-9275-84A57F696AEB}.Debug|x64.ActiveCfg = Debug|x64
		{47B6CB1F-7135-43C6-9275-84A57F696AEB}.Debug|x64.Build.0 = Debug|x64
		{47B6CB1F-7135-43C6-9275-84A57F696AEB}.Debug|x86.ActiveCfg = Debug|Win32
		{47B6CB1F-7135-43C6-9275-84A57F696AEB}.Debug|x86.Build.0 = Debug|Win32
		{47B6CB1F-7135-43C6-9275-84A57F696AEB}.Release|x64.ActiveCfg = Release|x64
		{47B6CB1F-7135-43C6-9275-84A57F696AEB}.Release|x64.Build.0 = Release|x64
		{47B6CB1F-7135-43C6-9275-84A57F696AEB}.Release|x86.ActiveCfg = Release|Win32
		{47B6CB1F-7135-43C6-9275-84A57F696AEB}.Release|x86.Build.0 = Release|Win32
		{A4E0DB37-5357-483B-A427-99E621D9B17C}.Debug|x64.ActiveCfg = Debug|x64
		{A4E0DB37-5357-483B-A427-99E621D9B17C}.Debug|x64.Build.0 = Debug|x64
		{A4E0DB37-5357-483B-A427-99E621D9B17C}.Debug|x86.ActiveCfg = Debug|Win32
		{A4E0DB37-5357-483B-A427-99E621D9B17C}.Debug|x86.Build.0 = Debug|Win32
		{A4E0DB37-5357-483B-A427-99E621D9B17C}.Release|x64.ActiveCfg = Release|x64
		{A4E0DB37-5357-483B-A427-99E621D9B17C}.Release|x64.Build.0 = Release|x64
		{A4E0DB37-5357-483B-A427-99E621D9B17C}.Release|x86.ActiveCfg = Release|Win32
		{A4E0DB37-5357-483B-A427-99E621D9B17C}.Release|x86.Build.0 = Release|Win32
		{46FBECD8-13F9-4E30-AC18-4470F6F4F721}.Debug|x64.ActiveCfg = Debug|x64
		{46FBECD8-13F9-4E30-AC18-4470F6F4F721}.Debug|x64.Build.0 = Debug|x64
		{46FBECD8-13F9-4E30-AC18-4470F6F4F721}.Debug|x86.ActiveCfg = Debug|Win32
		{46FBECD8-13F9-4E30-AC18-4470F6F4F721}.Debug|x86.Build.0 = Debug|Win32
		{46FBECD8-13F9-4E30-AC18-4470F6F4F721}.Release|x64.ActiveCfg = Release|x64
		{46FBECD8-13F9-4E30-AC18-4470F6F4F721}.Release|x64.Build.0 = Release|x64
		{46FBECD8-13F9-4E30-AC18-4470F6F4F721}.Release|x86.ActiveCfg = Release|Win32
		{46FBECD8-13F9-4E30-AC18-4470F6F4F721}.Release|x86.Build.0 = Release|Win32
		{A73D878E-06C2-40A7-8BD0-75E5AA418C18}.Debug|x64.ActiveCfg = Debug|x64
		{A73D878E-06C2-40A7-8BD0-75E5AA418C18}.Debug|x64.Build.0 = Debug|x64
		{A73D878E-06C2-40A7-8BD0-75E5AA418C18}.Debug|x86.ActiveCfg = Debug|Win32
		{A73D878E-06C2-40A7-8BD0-75E5AA418C18}.Debug|x86.Build.0 = Debug|Win32
		{A73D878E-06C2-40A7-8BD0-75E5AA418C18}.Release|x64.ActiveCfg = Release|x64
		{A73D878E-06C2-40A7-8BD0-75E5AA418C18}.Release|x64.Build.0 = Release|x64
		{A73D878E-06C2-40A7-8BD0-75E5AA418C18}.Release|x86.ActiveCfg = Release|Win32
		{A73D878E-06C2-40A7-8BD0-75E5AA418C18}.Release|x86.Build.0 = Release|Win32
	EndGlobalSection
	GlobalSection(SolutionProperties) = preSolution
		HideSolutionNode = FALSE
	EndGlobalSection
	GlobalSection(ExtensibilityGlobals) = postSolution
		SolutionGuid = {3190E8D7-CF21-48AC-BA34-31365497A717}
	EndGlobalSection
EndGlobal
