
Microsoft Visual Studio Solution File, Format Version 12.00
# Visual Studio Version 16
VisualStudioVersion = 16.0.30413.136
MinimumVisualStudioVersion = 10.0.40219.1
Project("{FAE04EC0-301F-11D3-BF4B-00C04F79EFBC}") = "01", "01.csproj", "{ADB33A44-0CF0-4E66-9DDD-546D12D72C0E}"
EndProject
Project("{FAE04EC0-301F-11D3-BF4B-00C04F79EFBC}") = "02", "..\02\02.csproj", "{AF893FF0-5F62-494C-AEEE-80AB39D01AA8}"
EndProject
Project("{FAE04EC0-301F-11D3-BF4B-00C04F79EFBC}") = "03", "..\03\03.csproj", "{487EA866-22C0-4CAA-BA2C-420D64104849}"
EndProject
Project("{FAE04EC0-301F-11D3-BF4B-00C04F79EFBC}") = "03-1", "..\03-1\03-1.csproj", "{2D5B0824-D49F-4FF3-9CDC-2EAF243E53F4}"
EndProject
Project("{FAE04EC0-301F-11D3-BF4B-00C04F79EFBC}") = "04", "..\04\04.csproj", "{8969DF9D-1438-4F73-A7A3-453782EBE18C}"
EndProject
Project("{FAE04EC0-301F-11D3-BF4B-00C04F79EFBC}") = "04-1", "..\04-1\04-1.csproj", "{B1617B48-EB34-407B-8969-DB23327F9079}"
EndProject
Project("{FAE04EC0-301F-11D3-BF4B-00C04F79EFBC}") = "05", "..\05\05.csproj", "{191145CB-6AE9-4B7B-9CE7-4C43B0CA087C}"
EndProject
Project("{FAE04EC0-301F-11D3-BF4B-00C04F79EFBC}") = "05-1", "..\05-1\05-1.csproj", "{A6D5012D-D243-4B5D-BA05-9C1D0902D591}"
EndProject
Global
	GlobalSection(SolutionConfigurationPlatforms) = preSolution
		Debug|Any CPU = Debug|Any CPU
		Release|Any CPU = Release|Any CPU
	EndGlobalSection
	GlobalSection(ProjectConfigurationPlatforms) = postSolution
		{ADB33A44-0CF0-4E66-9DDD-546D12D72C0E}.Debug|Any CPU.ActiveCfg = Debug|Any CPU
		{ADB33A44-0CF0-4E66-9DDD-546D12D72C0E}.Debug|Any CPU.Build.0 = Debug|Any CPU
		{ADB33A44-0CF0-4E66-9DDD-546D12D72C0E}.Release|Any CPU.ActiveCfg = Release|Any CPU
		{ADB33A44-0CF0-4E66-9DDD-546D12D72C0E}.Release|Any CPU.Build.0 = Release|Any CPU
		{AF893FF0-5F62-494C-AEEE-80AB39D01AA8}.Debug|Any CPU.ActiveCfg = Debug|Any CPU
		{AF893FF0-5F62-494C-AEEE-80AB39D01AA8}.Debug|Any CPU.Build.0 = Debug|Any CPU
		{AF893FF0-5F62-494C-AEEE-80AB39D01AA8}.Release|Any CPU.ActiveCfg = Release|Any CPU
		{AF893FF0-5F62-494C-AEEE-80AB39D01AA8}.Release|Any CPU.Build.0 = Release|Any CPU
		{487EA866-22C0-4CAA-BA2C-420D64104849}.Debug|Any CPU.ActiveCfg = Debug|Any CPU
		{487EA866-22C0-4CAA-BA2C-420D64104849}.Debug|Any CPU.Build.0 = Debug|Any CPU
		{487EA866-22C0-4CAA-BA2C-420D64104849}.Release|Any CPU.ActiveCfg = Release|Any CPU
		{487EA866-22C0-4CAA-BA2C-420D64104849}.Release|Any CPU.Build.0 = Release|Any CPU
		{2D5B0824-D49F-4FF3-9CDC-2EAF243E53F4}.Debug|Any CPU.ActiveCfg = Debug|Any CPU
		{2D5B0824-D49F-4FF3-9CDC-2EAF243E53F4}.Debug|Any CPU.Build.0 = Debug|Any CPU
		{2D5B0824-D49F-4FF3-9CDC-2EAF243E53F4}.Release|Any CPU.ActiveCfg = Release|Any CPU
		{2D5B0824-D49F-4FF3-9CDC-2EAF243E53F4}.Release|Any CPU.Build.0 = Release|Any CPU
		{8969DF9D-1438-4F73-A7A3-453782EBE18C}.Debug|Any CPU.ActiveCfg = Debug|Any CPU
		{8969DF9D-1438-4F73-A7A3-453782EBE18C}.Debug|Any CPU.Build.0 = Debug|Any CPU
		{8969DF9D-1438-4F73-A7A3-453782EBE18C}.Release|Any CPU.ActiveCfg = Release|Any CPU
		{8969DF9D-1438-4F73-A7A3-453782EBE18C}.Release|Any CPU.Build.0 = Release|Any CPU
		{B1617B48-EB34-407B-8969-DB23327F9079}.Debug|Any CPU.ActiveCfg = Debug|Any CPU
		{B1617B48-EB34-407B-8969-DB23327F9079}.Debug|Any CPU.Build.0 = Debug|Any CPU
		{B1617B48-EB34-407B-8969-DB23327F9079}.Release|Any CPU.ActiveCfg = Release|Any CPU
		{B1617B48-EB34-407B-8969-DB23327F9079}.Release|Any CPU.Build.0 = Release|Any CPU
		{191145CB-6AE9-4B7B-9CE7-4C43B0CA087C}.Debug|Any CPU.ActiveCfg = Debug|Any CPU
		{191145CB-6AE9-4B7B-9CE7-4C43B0CA087C}.Debug|Any CPU.Build.0 = Debug|Any CPU
		{191145CB-6AE9-4B7B-9CE7-4C43B0CA087C}.Release|Any CPU.ActiveCfg = Release|Any CPU
		{191145CB-6AE9-4B7B-9CE7-4C43B0CA087C}.Release|Any CPU.Build.0 = Release|Any CPU
		{A6D5012D-D243-4B5D-BA05-9C1D0902D591}.Debug|Any CPU.ActiveCfg = Debug|Any CPU
		{A6D5012D-D243-4B5D-BA05-9C1D0902D591}.Debug|Any CPU.Build.0 = Debug|Any CPU
		{A6D5012D-D243-4B5D-BA05-9C1D0902D591}.Release|Any CPU.ActiveCfg = Release|Any CPU
		{A6D5012D-D243-4B5D-BA05-9C1D0902D591}.Release|Any CPU.Build.0 = Release|Any CPU
	EndGlobalSection
	GlobalSection(SolutionProperties) = preSolution
		HideSolutionNode = FALSE
	EndGlobalSection
	GlobalSection(ExtensibilityGlobals) = postSolution
		SolutionGuid = {608B9269-365A-4E63-8476-C0A1D9020936}
	EndGlobalSection
EndGlobal
