
Microsoft Visual Studio Solution File, Format Version 12.00
# Visual Studio 15
VisualStudioVersion = 15.0.28307.489
MinimumVisualStudioVersion = 10.0.40219.1
Project("{8BC9CEB8-8B4A-11D0-8D11-00A0C91BC942}") = "가위바위보", "가위바위보.vcxproj", "{D6FD2803-991C-42BE-B064-FBBC8E42D917}"
EndProject
Global
	GlobalSection(SolutionConfigurationPlatforms) = preSolution
		Debug|x64 = Debug|x64
		Debug|x86 = Debug|x86
		Release|x64 = Release|x64
		Release|x86 = Release|x86
	EndGlobalSection
	GlobalSection(ProjectConfigurationPlatforms) = postSolution
		{D6FD2803-991C-42BE-B064-FBBC8E42D917}.Debug|x64.ActiveCfg = Debug|x64
		{D6FD2803-991C-42BE-B064-FBBC8E42D917}.Debug|x64.Build.0 = Debug|x64
		{D6FD2803-991C-42BE-B064-FBBC8E42D917}.Debug|x86.ActiveCfg = Debug|Win32
		{D6FD2803-991C-42BE-B064-FBBC8E42D917}.Debug|x86.Build.0 = Debug|Win32
		{D6FD2803-991C-42BE-B064-FBBC8E42D917}.Release|x64.ActiveCfg = Release|x64
		{D6FD2803-991C-42BE-B064-FBBC8E42D917}.Release|x64.Build.0 = Release|x64
		{D6FD2803-991C-42BE-B064-FBBC8E42D917}.Release|x86.ActiveCfg = Release|Win32
		{D6FD2803-991C-42BE-B064-FBBC8E42D917}.Release|x86.Build.0 = Release|Win32
	EndGlobalSection
	GlobalSection(SolutionProperties) = preSolution
		HideSolutionNode = FALSE
	EndGlobalSection
	GlobalSection(ExtensibilityGlobals) = postSolution
		SolutionGuid = {3AAEBC46-46D4-4974-9B10-F4A0314EB543}
	EndGlobalSection
EndGlobal
